// !$*UTF8*$!
{
	archiveVersion = 1;
	classes = {
	};
	objectVersion = 46;
	objects = {

/* Begin PBXBuildFile section */
		04248DD6201927C700688ED0 /* TimePicker.swift in Sources */ = {isa = PBXBuildFile; fileRef = 04248DD5201927C700688ED0 /* TimePicker.swift */; };
		043ACD8B20104F52002C74DD /* DatePicker.swift in Sources */ = {isa = PBXBuildFile; fileRef = 043ACD8A20104F52002C74DD /* DatePicker.swift */; };
		0417585720098EE0007D2C31 /* LinkedList.swift in Sources */ = {isa = PBXBuildFile; fileRef = 0417585620098EE0007D2C31 /* LinkedList.swift */; };
		060119DE1DC24126000FC1E2 /* ListPicker.swift in Sources */ = {isa = PBXBuildFile; fileRef = 060119DD1DC24126000FC1E2 /* ListPicker.swift */; };
		060395451F342ADE006D6E66 /* language-codes.plist in Resources */ = {isa = PBXBuildFile; fileRef = 060395431F342ADE006D6E66 /* language-codes.plist */; };
		060395461F342ADE006D6E66 /* iso3166_1_2_to_iso3166_1_3.plist in Resources */ = {isa = PBXBuildFile; fileRef = 060395441F342ADE006D6E66 /* iso3166_1_2_to_iso3166_1_3.plist */; };
		0609147D1DE61B530049B7AB /* SQLite.framework in Frameworks */ = {isa = PBXBuildFile; fileRef = 0609147B1DE61B530049B7AB /* SQLite.framework */; };
		0609147E1DE61B530049B7AB /* Toast_Swift.framework in Frameworks */ = {isa = PBXBuildFile; fileRef = 0609147C1DE61B530049B7AB /* Toast_Swift.framework */; };
		060A83D51E004E1E00C6B7D9 /* JsonUtil.swift in Sources */ = {isa = PBXBuildFile; fileRef = 060A83D41E004E1E00C6B7D9 /* JsonUtil.swift */; };
		06159D8C1DEFE20A00593D30 /* TextBoxBase.swift in Sources */ = {isa = PBXBuildFile; fileRef = 06159D8B1DEFE20A00593D30 /* TextBoxBase.swift */; };
		06159D8E1DEFF0C600593D30 /* PasswordTextBox.swift in Sources */ = {isa = PBXBuildFile; fileRef = 06159D8D1DEFF0C600593D30 /* PasswordTextBox.swift */; };
		0618A28D1D8CF4EE0013A191 /* AIComponentKit.framework in Frameworks */ = {isa = PBXBuildFile; fileRef = 0618A2841D8CF4EE0013A191 /* AIComponentKit.framework */; };
		0618A2921D8CF4EE0013A191 /* AIComponentKitTests.swift in Sources */ = {isa = PBXBuildFile; fileRef = 0618A2911D8CF4EE0013A191 /* AIComponentKitTests.swift */; };
		0618A2941D8CF4EE0013A191 /* AIComponentKit.h in Headers */ = {isa = PBXBuildFile; fileRef = 0618A2861D8CF4EE0013A191 /* AIComponentKit.h */; settings = {ATTRIBUTES = (Public, ); }; };
		0618D2751F34DC3400A127A2 /* ListView.swift in Sources */ = {isa = PBXBuildFile; fileRef = 0618D2741F34DC3400A127A2 /* ListView.swift */; };
		062300A81DCE409D0035E4A4 /* BluetoothClient.swift in Sources */ = {isa = PBXBuildFile; fileRef = 062300A71DCE409D0035E4A4 /* BluetoothClient.swift */; };
		062300AA1DCE40D40035E4A4 /* BluetoothConnectionBase.swift in Sources */ = {isa = PBXBuildFile; fileRef = 062300A91DCE40D40035E4A4 /* BluetoothConnectionBase.swift */; };
		062832961DBE9591009605D5 /* LinearLayout.swift in Sources */ = {isa = PBXBuildFile; fileRef = 062832951DBE9591009605D5 /* LinearLayout.swift */; };
		062832981DBE95A7009605D5 /* Layout.swift in Sources */ = {isa = PBXBuildFile; fileRef = 062832971DBE95A7009605D5 /* Layout.swift */; };
		0644F6C01F37CAD800642E4D /* Player.swift in Sources */ = {isa = PBXBuildFile; fileRef = 0644F6BF1F37CAD800642E4D /* Player.swift */; };
		0644F6C21F37D20700642E4D /* LifecycleDelegate.swift in Sources */ = {isa = PBXBuildFile; fileRef = 0644F6C11F37D20700642E4D /* LifecycleDelegate.swift */; };
		0644F7031F38EDF200642E4D /* LinearView.swift in Sources */ = {isa = PBXBuildFile; fileRef = 0644F7021F38EDF200642E4D /* LinearView.swift */; };
		06473B851F327E5400A9A29B /* TextToSpeech.swift in Sources */ = {isa = PBXBuildFile; fileRef = 06473B841F327E5400A9A29B /* TextToSpeech.swift */; };
		0650B1EF1DAB09B200A7846C /* YailRuntimeError.swift in Sources */ = {isa = PBXBuildFile; fileRef = 0650B1EE1DAB09B200A7846C /* YailRuntimeError.swift */; };
		0650F5181F1F1B7A00D4E6FA /* HMAC.swift in Sources */ = {isa = PBXBuildFile; fileRef = 0650F5171F1F1B7A00D4E6FA /* HMAC.swift */; };
		0653CBD81F9719920052065A /* RuntimeTests.swift in Sources */ = {isa = PBXBuildFile; fileRef = 0653CBD71F9719920052065A /* RuntimeTests.swift */; };
		0653CBDA1F971BA70052065A /* TestFailure.swift in Sources */ = {isa = PBXBuildFile; fileRef = 0653CBD91F971BA70052065A /* TestFailure.swift */; };
		067D1B171D9B398E00A6190E /* RetValManager.h in Headers */ = {isa = PBXBuildFile; fileRef = 067D1B151D9B398E00A6190E /* RetValManager.h */; settings = {ATTRIBUTES = (Public, ); }; };
		067D1B181D9B398E00A6190E /* RetValManager.m in Sources */ = {isa = PBXBuildFile; fileRef = 067D1B161D9B398E00A6190E /* RetValManager.m */; };
		067D1B221D9B9DFE00A6190E /* BarcodeScanner.swift in Sources */ = {isa = PBXBuildFile; fileRef = 06EC0A1D1D959CD4001CD8DC /* BarcodeScanner.swift */; };
		0680ED591E012A2100732883 /* TableArrangement.swift in Sources */ = {isa = PBXBuildFile; fileRef = 0680ED581E012A2100732883 /* TableArrangement.swift */; };
		0685B5B32003C931005153ED /* ThemeEnum.swift in Sources */ = {isa = PBXBuildFile; fileRef = 0685B5B22003C931005153ED /* ThemeEnum.swift */; };
		068AA8191DE61D8E0011CC74 /* Application.swift in Sources */ = {isa = PBXBuildFile; fileRef = 068AA8181DE61D8E0011CC74 /* Application.swift */; };
		068AA81B1DE61FE20011CC74 /* ApplicationFactory.swift in Sources */ = {isa = PBXBuildFile; fileRef = 068AA81A1DE61FE20011CC74 /* ApplicationFactory.swift */; };
		068E0E9E1DC243B30086FFDA /* Picker.swift in Sources */ = {isa = PBXBuildFile; fileRef = 068E0E9D1DC243B30086FFDA /* Picker.swift */; };
		068E0EAF1DC251090086FFDA /* ActivityStarter.swift in Sources */ = {isa = PBXBuildFile; fileRef = 068E0EAE1DC251090086FFDA /* ActivityStarter.swift */; };
		068E0EB11DC251240086FFDA /* Clock.swift in Sources */ = {isa = PBXBuildFile; fileRef = 068E0EB01DC251240086FFDA /* Clock.swift */; };
		068E0EB31DC251890086FFDA /* PhoneCall.swift in Sources */ = {isa = PBXBuildFile; fileRef = 068E0EB21DC251890086FFDA /* PhoneCall.swift */; };
		068E0EB51DC251A20086FFDA /* Sharing.swift in Sources */ = {isa = PBXBuildFile; fileRef = 068E0EB41DC251A20086FFDA /* Sharing.swift */; };
		068E0EB71DC251BA0086FFDA /* Slider.swift in Sources */ = {isa = PBXBuildFile; fileRef = 068E0EB61DC251BA0086FFDA /* Slider.swift */; };
		068E0EB91DC251E90086FFDA /* Texting.swift in Sources */ = {isa = PBXBuildFile; fileRef = 068E0EB81DC251E90086FFDA /* Texting.swift */; };
		06AC1CC81DB4559800A59EB3 /* AIComponentKitTests.m in Sources */ = {isa = PBXBuildFile; fileRef = 06AC1CC71DB4559800A59EB3 /* AIComponentKitTests.m */; };
		06AEDC581E04C12900371E72 /* FormatUtil.swift in Sources */ = {isa = PBXBuildFile; fileRef = 06AEDC571E04C12900371E72 /* FormatUtil.swift */; };
		06B215FA1DB950F6000B3366 /* HorizontalArrangement.swift in Sources */ = {isa = PBXBuildFile; fileRef = 06B215F91DB950F6000B3366 /* HorizontalArrangement.swift */; };
		06B215FC1DB95109000B3366 /* VerticalArrangement.swift in Sources */ = {isa = PBXBuildFile; fileRef = 06B215FB1DB95109000B3366 /* VerticalArrangement.swift */; };
		06B215FE1DB95116000B3366 /* Web.swift in Sources */ = {isa = PBXBuildFile; fileRef = 06B215FD1DB95116000B3366 /* Web.swift */; };
		06B216001DB95122000B3366 /* TinyDB.swift in Sources */ = {isa = PBXBuildFile; fileRef = 06B215FF1DB95122000B3366 /* TinyDB.swift */; };
		06B216021DB95134000B3366 /* TextBox.swift in Sources */ = {isa = PBXBuildFile; fileRef = 06B216011DB95134000B3366 /* TextBox.swift */; };
		06B216041DB95146000B3366 /* Notifier.swift in Sources */ = {isa = PBXBuildFile; fileRef = 06B216031DB95146000B3366 /* Notifier.swift */; };
		06B216061DB95155000B3366 /* Image.swift in Sources */ = {isa = PBXBuildFile; fileRef = 06B216051DB95155000B3366 /* Image.swift */; };
		06B216081DB954A5000B3366 /* ColorUtil.swift in Sources */ = {isa = PBXBuildFile; fileRef = 06B216071DB954A5000B3366 /* ColorUtil.swift */; };
		06B216201DBDACBF000B3366 /* runtime.scm in Resources */ = {isa = PBXBuildFile; fileRef = 06B2161E1DBDA4B4000B3366 /* runtime.scm */; };
		06B3747F1DC06F6B003888CB /* GCDWebServer.framework in Frameworks */ = {isa = PBXBuildFile; fileRef = 06B3747B1DC06F6B003888CB /* GCDWebServer.framework */; };
		06B374801DC06F6B003888CB /* Pods_AIComponentKit.framework in Frameworks */ = {isa = PBXBuildFile; fileRef = 06B3747C1DC06F6B003888CB /* Pods_AIComponentKit.framework */; };
		06B374811DC06F6B003888CB /* SchemeKit.framework in Frameworks */ = {isa = PBXBuildFile; fileRef = 06B3747D1DC06F6B003888CB /* SchemeKit.framework */; };
		06B374821DC06F6B003888CB /* ZXingObjC.framework in Frameworks */ = {isa = PBXBuildFile; fileRef = 06B3747E1DC06F6B003888CB /* ZXingObjC.framework */; };
		06B5872C1DC02B190092C9DD /* AssetManager.swift in Sources */ = {isa = PBXBuildFile; fileRef = 06B5872B1DC02B190092C9DD /* AssetManager.swift */; };
		06C94A391D99D10400341AAE /* EventDispatcher.swift in Sources */ = {isa = PBXBuildFile; fileRef = 06C94A381D99D10400341AAE /* EventDispatcher.swift */; };
		06D151901DC45E9700FC981E /* ErrorMessages.swift in Sources */ = {isa = PBXBuildFile; fileRef = 06D1518F1DC45E9700FC981E /* ErrorMessages.swift */; };
		06D1519B1DC4736800FC981E /* NSString_SHA1.h in Headers */ = {isa = PBXBuildFile; fileRef = 06D151991DC4736800FC981E /* NSString_SHA1.h */; settings = {ATTRIBUTES = (Public, ); }; };
		06D1519C1DC4736900FC981E /* NSString_SHA1.m in Sources */ = {isa = PBXBuildFile; fileRef = 06D1519A1DC4736800FC981E /* NSString_SHA1.m */; };
		06D1519E1DC4F49C00FC981E /* AppManager.swift in Sources */ = {isa = PBXBuildFile; fileRef = 06D1519D1DC4F49C00FC981E /* AppManager.swift */; };
		06D151E81DC4FE2A00FC981E /* ElementsUtil.swift in Sources */ = {isa = PBXBuildFile; fileRef = 06D151E71DC4FE2A00FC981E /* ElementsUtil.swift */; };
		06D151EA1DC6ED5200FC981E /* HVArrangement.swift in Sources */ = {isa = PBXBuildFile; fileRef = 06D151E91DC6ED5200FC981E /* HVArrangement.swift */; };
		06D998EE1F53CDDB00A13A0E /* ContactPicker.swift in Sources */ = {isa = PBXBuildFile; fileRef = 06D998ED1F53CDDB00A13A0E /* ContactPicker.swift */; };
		06DA9F4F1D8CFB4B00389B04 /* VisibleComponent.swift in Sources */ = {isa = PBXBuildFile; fileRef = 06DA9F4E1D8CFB4B00389B04 /* VisibleComponent.swift */; };
		06DA9F501D8CFBA200389B04 /* Form.swift in Sources */ = {isa = PBXBuildFile; fileRef = 0618A26E1D8CE3750013A191 /* Form.swift */; };
		06DA9F511D8CFBA200389B04 /* Component.swift in Sources */ = {isa = PBXBuildFile; fileRef = 0618A2701D8CE50A0013A191 /* Component.swift */; };
		06DA9F521D8CFBA200389B04 /* HandlesEventDispatching.swift in Sources */ = {isa = PBXBuildFile; fileRef = 0618A2721D8CE5760013A191 /* HandlesEventDispatching.swift */; };
		06DA9F531D8CFBA200389B04 /* ComponentContainer.swift in Sources */ = {isa = PBXBuildFile; fileRef = 0618A2741D8CE81B0013A191 /* ComponentContainer.swift */; };
		06DA9F541D8CFBA200389B04 /* ComponentConstants.swift in Sources */ = {isa = PBXBuildFile; fileRef = 0618A2761D8CE9C20013A191 /* ComponentConstants.swift */; };
		06DA9F551D8CFBA200389B04 /* ViewComponent.swift in Sources */ = {isa = PBXBuildFile; fileRef = 0618A2781D8CEB640013A191 /* ViewComponent.swift */; };
		06DA9F561D8CFBAB00389B04 /* AIComponentKit-Bridging-Header.h in Headers */ = {isa = PBXBuildFile; fileRef = 0618A26D1D8CE3750013A191 /* AIComponentKit-Bridging-Header.h */; settings = {ATTRIBUTES = (Public, ); }; };
		06DA9F5E1D8D0CAA00389B04 /* AppInvHTTPD.h in Headers */ = {isa = PBXBuildFile; fileRef = 06DA9F5C1D8D0CAA00389B04 /* AppInvHTTPD.h */; settings = {ATTRIBUTES = (Public, ); }; };
		06DA9F5F1D8D0CAA00389B04 /* AppInvHTTPD.m in Sources */ = {isa = PBXBuildFile; fileRef = 06DA9F5D1D8D0CAA00389B04 /* AppInvHTTPD.m */; };
		06DA9F611D8D0DFC00389B04 /* ReplForm.swift in Sources */ = {isa = PBXBuildFile; fileRef = 06DA9F601D8D0DFC00389B04 /* ReplForm.swift */; };
		06E59EA41D92C68900C42804 /* PhoneStatus.swift in Sources */ = {isa = PBXBuildFile; fileRef = 06E59EA31D92C68900C42804 /* PhoneStatus.swift */; };
		06E59EA61D92C6C300C42804 /* NonvisibleComponent.swift in Sources */ = {isa = PBXBuildFile; fileRef = 06E59EA51D92C6C300C42804 /* NonvisibleComponent.swift */; };
		06E59EA91D92C7E800C42804 /* NetworkUtils.h in Headers */ = {isa = PBXBuildFile; fileRef = 06E59EA71D92C7E800C42804 /* NetworkUtils.h */; settings = {ATTRIBUTES = (Public, ); }; };
		06E59EAA1D92C7E800C42804 /* NetworkUtils.m in Sources */ = {isa = PBXBuildFile; fileRef = 06E59EA81D92C7E800C42804 /* NetworkUtils.m */; };
		06E59EAF1D92D14F00C42804 /* Sound.swift in Sources */ = {isa = PBXBuildFile; fileRef = 06E59EAE1D92D14F00C42804 /* Sound.swift */; };
		06E59EB11D92D16100C42804 /* Button.swift in Sources */ = {isa = PBXBuildFile; fileRef = 06E59EB01D92D16100C42804 /* Button.swift */; };
		06E59EB31D92D19600C42804 /* Label.swift in Sources */ = {isa = PBXBuildFile; fileRef = 06E59EB21D92D19600C42804 /* Label.swift */; };
		06E59EB51D93345E00C42804 /* ButtonBase.swift in Sources */ = {isa = PBXBuildFile; fileRef = 06E59EB41D93345E00C42804 /* ButtonBase.swift */; };
		06EAAC791DCE291500889C6D /* AccelerometerSensor.swift in Sources */ = {isa = PBXBuildFile; fileRef = 06EAAC781DCE291500889C6D /* AccelerometerSensor.swift */; };
		082778F720112FE300ACC99A /* ImagePicker.swift in Sources */ = {isa = PBXBuildFile; fileRef = 082778F620112FE300ACC99A /* ImagePicker.swift */; };
		CB9660851F69BC8C009746C3 /* TinyWebDB.swift in Sources */ = {isa = PBXBuildFile; fileRef = CB9660841F69BC8C009746C3 /* TinyWebDB.swift */; };
		CBC7868620113A3C005363A3 /* CircularBuffer.swift in Sources */ = {isa = PBXBuildFile; fileRef = CBC7868520113A3C005363A3 /* CircularBuffer.swift */; };
		DE033B4320179A9300544E5F /* PermissionHandler.swift in Sources */ = {isa = PBXBuildFile; fileRef = DE033B4220179A9300544E5F /* PermissionHandler.swift */; };
		DE5CBD281FE36C8B00F5EDDE /* webviewer.js in Resources */ = {isa = PBXBuildFile; fileRef = DE5CBD271FE36C8B00F5EDDE /* webviewer.js */; };
		DE67C49D1FCE5A8A004F0D35 /* WebViewer.swift in Sources */ = {isa = PBXBuildFile; fileRef = DE67C49C1FCE5A8A004F0D35 /* WebViewer.swift */; };
		DE91AB931F93FF8F00AB742A /* PhoneNumberPicker.swift in Sources */ = {isa = PBXBuildFile; fileRef = DE91AB921F93FF8F00AB742A /* PhoneNumberPicker.swift */; };
		DED066B21FE0846F009C8165 /* webview-error.html in Resources */ = {isa = PBXBuildFile; fileRef = DED066B11FE0846F009C8165 /* webview-error.html */; };
		DEDA5AE8201247FA00C5287E /* YandexTranslate.swift in Sources */ = {isa = PBXBuildFile; fileRef = DEDA5AE7201247FA00C5287E /* YandexTranslate.swift */; };
		DEDBEC461FB288C800B6848E /* Spinner.swift in Sources */ = {isa = PBXBuildFile; fileRef = DEDBEC451FB288C800B6848E /* Spinner.swift */; };
		DEE8A98D1FAF9E59000C7E6B /* EmailPicker.swift in Sources */ = {isa = PBXBuildFile; fileRef = DEE8A98C1FAF9E59000C7E6B /* EmailPicker.swift */; };
		CB96609C1F95489F009746C3 /* LocationSensor.swift in Sources */ = {isa = PBXBuildFile; fileRef = CB96609B1F95489F009746C3 /* LocationSensor.swift */; };
		F1822B232186EC6A486D9F46 /* Pods_AIComponentKitTests.framework in Frameworks */ = {isa = PBXBuildFile; fileRef = ED8A4FBFD484F830C6914CBE /* Pods_AIComponentKitTests.framework */; };
/* End PBXBuildFile section */

/* Begin PBXContainerItemProxy section */
		0618A28E1D8CF4EE0013A191 /* PBXContainerItemProxy */ = {
			isa = PBXContainerItemProxy;
			containerPortal = 06EF8CE01D8CE2F6009FB227 /* Project object */;
			proxyType = 1;
			remoteGlobalIDString = 0618A2831D8CF4EE0013A191;
			remoteInfo = AIComponentKit;
		};
/* End PBXContainerItemProxy section */

/* Begin PBXFileReference section */
		04248DD5201927C700688ED0 /* TimePicker.swift */ = {isa = PBXFileReference; lastKnownFileType = sourcecode.swift; path = TimePicker.swift; sourceTree = "<group>"; };
		043ACD8A20104F52002C74DD /* DatePicker.swift */ = {isa = PBXFileReference; lastKnownFileType = sourcecode.swift; path = DatePicker.swift; sourceTree = "<group>"; };
		0417585620098EE0007D2C31 /* LinkedList.swift */ = {isa = PBXFileReference; lastKnownFileType = sourcecode.swift; path = LinkedList.swift; sourceTree = "<group>"; };
		060119DD1DC24126000FC1E2 /* ListPicker.swift */ = {isa = PBXFileReference; fileEncoding = 4; lastKnownFileType = sourcecode.swift; path = ListPicker.swift; sourceTree = "<group>"; };
		060395431F342ADE006D6E66 /* language-codes.plist */ = {isa = PBXFileReference; fileEncoding = 4; lastKnownFileType = text.plist.xml; path = "language-codes.plist"; sourceTree = "<group>"; };
		060395441F342ADE006D6E66 /* iso3166_1_2_to_iso3166_1_3.plist */ = {isa = PBXFileReference; fileEncoding = 4; lastKnownFileType = text.plist.xml; path = iso3166_1_2_to_iso3166_1_3.plist; sourceTree = "<group>"; };
		0609147B1DE61B530049B7AB /* SQLite.framework */ = {isa = PBXFileReference; lastKnownFileType = wrapper.framework; name = SQLite.framework; path = "build/Debug-iphoneos/SQLite.swift/SQLite.framework"; sourceTree = "<group>"; };
		0609147C1DE61B530049B7AB /* Toast_Swift.framework */ = {isa = PBXFileReference; lastKnownFileType = wrapper.framework; name = Toast_Swift.framework; path = "build/Debug-iphoneos/Toast-Swift/Toast_Swift.framework"; sourceTree = "<group>"; };
		060A83D41E004E1E00C6B7D9 /* JsonUtil.swift */ = {isa = PBXFileReference; fileEncoding = 4; lastKnownFileType = sourcecode.swift; path = JsonUtil.swift; sourceTree = "<group>"; };
		06159D8B1DEFE20A00593D30 /* TextBoxBase.swift */ = {isa = PBXFileReference; fileEncoding = 4; lastKnownFileType = sourcecode.swift; path = TextBoxBase.swift; sourceTree = "<group>"; };
		06159D8D1DEFF0C600593D30 /* PasswordTextBox.swift */ = {isa = PBXFileReference; fileEncoding = 4; lastKnownFileType = sourcecode.swift; path = PasswordTextBox.swift; sourceTree = "<group>"; };
		0618A26D1D8CE3750013A191 /* AIComponentKit-Bridging-Header.h */ = {isa = PBXFileReference; lastKnownFileType = sourcecode.c.h; path = "AIComponentKit-Bridging-Header.h"; sourceTree = "<group>"; };
		0618A26E1D8CE3750013A191 /* Form.swift */ = {isa = PBXFileReference; fileEncoding = 4; lastKnownFileType = sourcecode.swift; path = Form.swift; sourceTree = "<group>"; };
		0618A2701D8CE50A0013A191 /* Component.swift */ = {isa = PBXFileReference; fileEncoding = 4; lastKnownFileType = sourcecode.swift; path = Component.swift; sourceTree = "<group>"; };
		0618A2721D8CE5760013A191 /* HandlesEventDispatching.swift */ = {isa = PBXFileReference; fileEncoding = 4; lastKnownFileType = sourcecode.swift; path = HandlesEventDispatching.swift; sourceTree = "<group>"; };
		0618A2741D8CE81B0013A191 /* ComponentContainer.swift */ = {isa = PBXFileReference; fileEncoding = 4; lastKnownFileType = sourcecode.swift; path = ComponentContainer.swift; sourceTree = "<group>"; };
		0618A2761D8CE9C20013A191 /* ComponentConstants.swift */ = {isa = PBXFileReference; fileEncoding = 4; lastKnownFileType = sourcecode.swift; path = ComponentConstants.swift; sourceTree = "<group>"; };
		0618A2781D8CEB640013A191 /* ViewComponent.swift */ = {isa = PBXFileReference; fileEncoding = 4; lastKnownFileType = sourcecode.swift; path = ViewComponent.swift; sourceTree = "<group>"; };
		0618A2841D8CF4EE0013A191 /* AIComponentKit.framework */ = {isa = PBXFileReference; explicitFileType = wrapper.framework; includeInIndex = 0; path = AIComponentKit.framework; sourceTree = BUILT_PRODUCTS_DIR; };
		0618A2861D8CF4EE0013A191 /* AIComponentKit.h */ = {isa = PBXFileReference; lastKnownFileType = sourcecode.c.h; path = AIComponentKit.h; sourceTree = "<group>"; };
		0618A2871D8CF4EE0013A191 /* Info.plist */ = {isa = PBXFileReference; lastKnownFileType = text.plist.xml; path = Info.plist; sourceTree = "<group>"; };
		0618A28C1D8CF4EE0013A191 /* AIComponentKitTests.xctest */ = {isa = PBXFileReference; explicitFileType = wrapper.cfbundle; includeInIndex = 0; path = AIComponentKitTests.xctest; sourceTree = BUILT_PRODUCTS_DIR; };
		0618A2911D8CF4EE0013A191 /* AIComponentKitTests.swift */ = {isa = PBXFileReference; lastKnownFileType = sourcecode.swift; path = AIComponentKitTests.swift; sourceTree = "<group>"; };
		0618A2931D8CF4EE0013A191 /* Info.plist */ = {isa = PBXFileReference; lastKnownFileType = text.plist.xml; path = Info.plist; sourceTree = "<group>"; };
		0618D2741F34DC3400A127A2 /* ListView.swift */ = {isa = PBXFileReference; fileEncoding = 4; lastKnownFileType = sourcecode.swift; path = ListView.swift; sourceTree = "<group>"; };
		062300A71DCE409D0035E4A4 /* BluetoothClient.swift */ = {isa = PBXFileReference; fileEncoding = 4; lastKnownFileType = sourcecode.swift; path = BluetoothClient.swift; sourceTree = "<group>"; };
		062300A91DCE40D40035E4A4 /* BluetoothConnectionBase.swift */ = {isa = PBXFileReference; fileEncoding = 4; lastKnownFileType = sourcecode.swift; path = BluetoothConnectionBase.swift; sourceTree = "<group>"; };
		062832951DBE9591009605D5 /* LinearLayout.swift */ = {isa = PBXFileReference; fileEncoding = 4; lastKnownFileType = sourcecode.swift; path = LinearLayout.swift; sourceTree = "<group>"; };
		062832971DBE95A7009605D5 /* Layout.swift */ = {isa = PBXFileReference; fileEncoding = 4; lastKnownFileType = sourcecode.swift; path = Layout.swift; sourceTree = "<group>"; };
		0644F6BF1F37CAD800642E4D /* Player.swift */ = {isa = PBXFileReference; fileEncoding = 4; lastKnownFileType = sourcecode.swift; path = Player.swift; sourceTree = "<group>"; };
		0644F6C11F37D20700642E4D /* LifecycleDelegate.swift */ = {isa = PBXFileReference; fileEncoding = 4; lastKnownFileType = sourcecode.swift; path = LifecycleDelegate.swift; sourceTree = "<group>"; };
		0644F7021F38EDF200642E4D /* LinearView.swift */ = {isa = PBXFileReference; fileEncoding = 4; lastKnownFileType = sourcecode.swift; path = LinearView.swift; sourceTree = "<group>"; };
		06473B841F327E5400A9A29B /* TextToSpeech.swift */ = {isa = PBXFileReference; fileEncoding = 4; lastKnownFileType = sourcecode.swift; path = TextToSpeech.swift; sourceTree = "<group>"; };
		0650B1EE1DAB09B200A7846C /* YailRuntimeError.swift */ = {isa = PBXFileReference; fileEncoding = 4; lastKnownFileType = sourcecode.swift; path = YailRuntimeError.swift; sourceTree = "<group>"; };
		0650F5171F1F1B7A00D4E6FA /* HMAC.swift */ = {isa = PBXFileReference; fileEncoding = 4; lastKnownFileType = sourcecode.swift; path = HMAC.swift; sourceTree = "<group>"; };
		0653CBD71F9719920052065A /* RuntimeTests.swift */ = {isa = PBXFileReference; fileEncoding = 4; lastKnownFileType = sourcecode.swift; path = RuntimeTests.swift; sourceTree = "<group>"; };
		0653CBD91F971BA70052065A /* TestFailure.swift */ = {isa = PBXFileReference; fileEncoding = 4; lastKnownFileType = sourcecode.swift; path = TestFailure.swift; sourceTree = "<group>"; };
		067D1B151D9B398E00A6190E /* RetValManager.h */ = {isa = PBXFileReference; fileEncoding = 4; lastKnownFileType = sourcecode.c.h; path = RetValManager.h; sourceTree = "<group>"; };
		067D1B161D9B398E00A6190E /* RetValManager.m */ = {isa = PBXFileReference; fileEncoding = 4; lastKnownFileType = sourcecode.c.objc; path = RetValManager.m; sourceTree = "<group>"; };
		0680ED581E012A2100732883 /* TableArrangement.swift */ = {isa = PBXFileReference; fileEncoding = 4; lastKnownFileType = sourcecode.swift; path = TableArrangement.swift; sourceTree = "<group>"; };
		0685B5B22003C931005153ED /* ThemeEnum.swift */ = {isa = PBXFileReference; lastKnownFileType = sourcecode.swift; path = ThemeEnum.swift; sourceTree = "<group>"; };
		068AA8181DE61D8E0011CC74 /* Application.swift */ = {isa = PBXFileReference; fileEncoding = 4; lastKnownFileType = sourcecode.swift; path = Application.swift; sourceTree = "<group>"; };
		068AA81A1DE61FE20011CC74 /* ApplicationFactory.swift */ = {isa = PBXFileReference; fileEncoding = 4; lastKnownFileType = sourcecode.swift; path = ApplicationFactory.swift; sourceTree = "<group>"; };
		068E0E9D1DC243B30086FFDA /* Picker.swift */ = {isa = PBXFileReference; fileEncoding = 4; lastKnownFileType = sourcecode.swift; path = Picker.swift; sourceTree = "<group>"; };
		068E0EAE1DC251090086FFDA /* ActivityStarter.swift */ = {isa = PBXFileReference; fileEncoding = 4; lastKnownFileType = sourcecode.swift; path = ActivityStarter.swift; sourceTree = "<group>"; };
		068E0EB01DC251240086FFDA /* Clock.swift */ = {isa = PBXFileReference; fileEncoding = 4; lastKnownFileType = sourcecode.swift; path = Clock.swift; sourceTree = "<group>"; };
		068E0EB21DC251890086FFDA /* PhoneCall.swift */ = {isa = PBXFileReference; fileEncoding = 4; lastKnownFileType = sourcecode.swift; path = PhoneCall.swift; sourceTree = "<group>"; };
		068E0EB41DC251A20086FFDA /* Sharing.swift */ = {isa = PBXFileReference; fileEncoding = 4; lastKnownFileType = sourcecode.swift; path = Sharing.swift; sourceTree = "<group>"; };
		068E0EB61DC251BA0086FFDA /* Slider.swift */ = {isa = PBXFileReference; fileEncoding = 4; lastKnownFileType = sourcecode.swift; path = Slider.swift; sourceTree = "<group>"; };
		068E0EB81DC251E90086FFDA /* Texting.swift */ = {isa = PBXFileReference; fileEncoding = 4; lastKnownFileType = sourcecode.swift; path = Texting.swift; sourceTree = "<group>"; };
		06AC1CC61DB4559800A59EB3 /* AIComponentKitTests-Bridging-Header.h */ = {isa = PBXFileReference; lastKnownFileType = sourcecode.c.h; path = "AIComponentKitTests-Bridging-Header.h"; sourceTree = "<group>"; };
		06AC1CC71DB4559800A59EB3 /* AIComponentKitTests.m */ = {isa = PBXFileReference; fileEncoding = 4; lastKnownFileType = sourcecode.c.objc; path = AIComponentKitTests.m; sourceTree = "<group>"; };
		06AEDC571E04C12900371E72 /* FormatUtil.swift */ = {isa = PBXFileReference; fileEncoding = 4; lastKnownFileType = sourcecode.swift; path = FormatUtil.swift; sourceTree = "<group>"; };
		06B215F91DB950F6000B3366 /* HorizontalArrangement.swift */ = {isa = PBXFileReference; fileEncoding = 4; lastKnownFileType = sourcecode.swift; path = HorizontalArrangement.swift; sourceTree = "<group>"; };
		06B215FB1DB95109000B3366 /* VerticalArrangement.swift */ = {isa = PBXFileReference; fileEncoding = 4; lastKnownFileType = sourcecode.swift; path = VerticalArrangement.swift; sourceTree = "<group>"; };
		06B215FD1DB95116000B3366 /* Web.swift */ = {isa = PBXFileReference; fileEncoding = 4; lastKnownFileType = sourcecode.swift; path = Web.swift; sourceTree = "<group>"; };
		06B215FF1DB95122000B3366 /* TinyDB.swift */ = {isa = PBXFileReference; fileEncoding = 4; lastKnownFileType = sourcecode.swift; path = TinyDB.swift; sourceTree = "<group>"; };
		06B216011DB95134000B3366 /* TextBox.swift */ = {isa = PBXFileReference; fileEncoding = 4; lastKnownFileType = sourcecode.swift; path = TextBox.swift; sourceTree = "<group>"; };
		06B216031DB95146000B3366 /* Notifier.swift */ = {isa = PBXFileReference; fileEncoding = 4; lastKnownFileType = sourcecode.swift; path = Notifier.swift; sourceTree = "<group>"; };
		06B216051DB95155000B3366 /* Image.swift */ = {isa = PBXFileReference; fileEncoding = 4; lastKnownFileType = sourcecode.swift; path = Image.swift; sourceTree = "<group>"; };
		06B216071DB954A5000B3366 /* ColorUtil.swift */ = {isa = PBXFileReference; fileEncoding = 4; lastKnownFileType = sourcecode.swift; path = ColorUtil.swift; sourceTree = "<group>"; };
		06B2161E1DBDA4B4000B3366 /* runtime.scm */ = {isa = PBXFileReference; fileEncoding = 4; lastKnownFileType = text; name = runtime.scm; path = AIComponentKit/runtime.scm; sourceTree = SOURCE_ROOT; };
		06B3747B1DC06F6B003888CB /* GCDWebServer.framework */ = {isa = PBXFileReference; lastKnownFileType = wrapper.framework; name = GCDWebServer.framework; path = "Pods/../build/Release-iphoneos/GCDWebServer/GCDWebServer.framework"; sourceTree = "<group>"; };
		06B3747C1DC06F6B003888CB /* Pods_AIComponentKit.framework */ = {isa = PBXFileReference; lastKnownFileType = wrapper.framework; name = Pods_AIComponentKit.framework; path = "Pods/../build/Release-iphoneos/Pods_AIComponentKit.framework"; sourceTree = "<group>"; };
		06B3747D1DC06F6B003888CB /* SchemeKit.framework */ = {isa = PBXFileReference; lastKnownFileType = wrapper.framework; name = SchemeKit.framework; path = "build/Release-iphoneos/SchemeKit.framework"; sourceTree = "<group>"; };
		06B3747E1DC06F6B003888CB /* ZXingObjC.framework */ = {isa = PBXFileReference; lastKnownFileType = wrapper.framework; name = ZXingObjC.framework; path = "Pods/../build/Release-iphoneos/ZXingObjC/ZXingObjC.framework"; sourceTree = "<group>"; };
		06B5872B1DC02B190092C9DD /* AssetManager.swift */ = {isa = PBXFileReference; fileEncoding = 4; lastKnownFileType = sourcecode.swift; path = AssetManager.swift; sourceTree = "<group>"; };
		06C94A381D99D10400341AAE /* EventDispatcher.swift */ = {isa = PBXFileReference; fileEncoding = 4; lastKnownFileType = sourcecode.swift; path = EventDispatcher.swift; sourceTree = "<group>"; };
		06D1518F1DC45E9700FC981E /* ErrorMessages.swift */ = {isa = PBXFileReference; fileEncoding = 4; indentWidth = 2; lastKnownFileType = sourcecode.swift; path = ErrorMessages.swift; sourceTree = "<group>"; tabWidth = 2; };
		06D151991DC4736800FC981E /* NSString_SHA1.h */ = {isa = PBXFileReference; fileEncoding = 4; lastKnownFileType = sourcecode.c.h; path = NSString_SHA1.h; sourceTree = "<group>"; };
		06D1519A1DC4736800FC981E /* NSString_SHA1.m */ = {isa = PBXFileReference; fileEncoding = 4; lastKnownFileType = sourcecode.c.objc; path = NSString_SHA1.m; sourceTree = "<group>"; };
		06D1519D1DC4F49C00FC981E /* AppManager.swift */ = {isa = PBXFileReference; fileEncoding = 4; lastKnownFileType = sourcecode.swift; path = AppManager.swift; sourceTree = "<group>"; };
		06D151E71DC4FE2A00FC981E /* ElementsUtil.swift */ = {isa = PBXFileReference; fileEncoding = 4; lastKnownFileType = sourcecode.swift; path = ElementsUtil.swift; sourceTree = "<group>"; };
		06D151E91DC6ED5200FC981E /* HVArrangement.swift */ = {isa = PBXFileReference; fileEncoding = 4; lastKnownFileType = sourcecode.swift; path = HVArrangement.swift; sourceTree = "<group>"; };
		06D998ED1F53CDDB00A13A0E /* ContactPicker.swift */ = {isa = PBXFileReference; fileEncoding = 4; lastKnownFileType = sourcecode.swift; path = ContactPicker.swift; sourceTree = "<group>"; };
		06DA9F4E1D8CFB4B00389B04 /* VisibleComponent.swift */ = {isa = PBXFileReference; fileEncoding = 4; lastKnownFileType = sourcecode.swift; path = VisibleComponent.swift; sourceTree = "<group>"; };
		06DA9F5C1D8D0CAA00389B04 /* AppInvHTTPD.h */ = {isa = PBXFileReference; fileEncoding = 4; lastKnownFileType = sourcecode.c.h; path = AppInvHTTPD.h; sourceTree = "<group>"; };
		06DA9F5D1D8D0CAA00389B04 /* AppInvHTTPD.m */ = {isa = PBXFileReference; fileEncoding = 4; lastKnownFileType = sourcecode.c.objc; path = AppInvHTTPD.m; sourceTree = "<group>"; };
		06DA9F601D8D0DFC00389B04 /* ReplForm.swift */ = {isa = PBXFileReference; fileEncoding = 4; lastKnownFileType = sourcecode.swift; path = ReplForm.swift; sourceTree = "<group>"; };
		06E59EA31D92C68900C42804 /* PhoneStatus.swift */ = {isa = PBXFileReference; fileEncoding = 4; lastKnownFileType = sourcecode.swift; path = PhoneStatus.swift; sourceTree = "<group>"; };
		06E59EA51D92C6C300C42804 /* NonvisibleComponent.swift */ = {isa = PBXFileReference; fileEncoding = 4; lastKnownFileType = sourcecode.swift; path = NonvisibleComponent.swift; sourceTree = "<group>"; };
		06E59EA71D92C7E800C42804 /* NetworkUtils.h */ = {isa = PBXFileReference; fileEncoding = 4; lastKnownFileType = sourcecode.c.h; path = NetworkUtils.h; sourceTree = "<group>"; };
		06E59EA81D92C7E800C42804 /* NetworkUtils.m */ = {isa = PBXFileReference; fileEncoding = 4; lastKnownFileType = sourcecode.c.objc; path = NetworkUtils.m; sourceTree = "<group>"; };
		06E59EAE1D92D14F00C42804 /* Sound.swift */ = {isa = PBXFileReference; fileEncoding = 4; lastKnownFileType = sourcecode.swift; path = Sound.swift; sourceTree = "<group>"; };
		06E59EB01D92D16100C42804 /* Button.swift */ = {isa = PBXFileReference; fileEncoding = 4; lastKnownFileType = sourcecode.swift; path = Button.swift; sourceTree = "<group>"; };
		06E59EB21D92D19600C42804 /* Label.swift */ = {isa = PBXFileReference; fileEncoding = 4; lastKnownFileType = sourcecode.swift; path = Label.swift; sourceTree = "<group>"; };
		06E59EB41D93345E00C42804 /* ButtonBase.swift */ = {isa = PBXFileReference; fileEncoding = 4; lastKnownFileType = sourcecode.swift; path = ButtonBase.swift; sourceTree = "<group>"; };
		06EAAC781DCE291500889C6D /* AccelerometerSensor.swift */ = {isa = PBXFileReference; fileEncoding = 4; lastKnownFileType = sourcecode.swift; path = AccelerometerSensor.swift; sourceTree = "<group>"; };
		06EC0A1D1D959CD4001CD8DC /* BarcodeScanner.swift */ = {isa = PBXFileReference; fileEncoding = 4; lastKnownFileType = sourcecode.swift; path = BarcodeScanner.swift; sourceTree = "<group>"; };
		082778F620112FE300ACC99A /* ImagePicker.swift */ = {isa = PBXFileReference; lastKnownFileType = sourcecode.swift; path = ImagePicker.swift; sourceTree = "<group>"; };
		32349630B8B4D40D05FB295A /* Pods-AIComponentKitTests.release.xcconfig */ = {isa = PBXFileReference; includeInIndex = 1; lastKnownFileType = text.xcconfig; name = "Pods-AIComponentKitTests.release.xcconfig"; path = "Pods/Target Support Files/Pods-AIComponentKitTests/Pods-AIComponentKitTests.release.xcconfig"; sourceTree = "<group>"; };
		685FE23350C9E159CA508795 /* Pods-AIComponentKitTests.debug.xcconfig */ = {isa = PBXFileReference; includeInIndex = 1; lastKnownFileType = text.xcconfig; name = "Pods-AIComponentKitTests.debug.xcconfig"; path = "Pods/Target Support Files/Pods-AIComponentKitTests/Pods-AIComponentKitTests.debug.xcconfig"; sourceTree = "<group>"; };
		99F760E80DBC747A467E4900 /* Pods-AIComponentKit.release.xcconfig */ = {isa = PBXFileReference; includeInIndex = 1; lastKnownFileType = text.xcconfig; name = "Pods-AIComponentKit.release.xcconfig"; path = "Pods/Target Support Files/Pods-AIComponentKit/Pods-AIComponentKit.release.xcconfig"; sourceTree = "<group>"; };
		BA2D48EA6A473CBA0907B685 /* Pods-AIComponentKit.debug.xcconfig */ = {isa = PBXFileReference; includeInIndex = 1; lastKnownFileType = text.xcconfig; name = "Pods-AIComponentKit.debug.xcconfig"; path = "Pods/Target Support Files/Pods-AIComponentKit/Pods-AIComponentKit.debug.xcconfig"; sourceTree = "<group>"; };
		CB9660841F69BC8C009746C3 /* TinyWebDB.swift */ = {isa = PBXFileReference; fileEncoding = 4; lastKnownFileType = sourcecode.swift; path = TinyWebDB.swift; sourceTree = "<group>"; };
		CBC7868520113A3C005363A3 /* CircularBuffer.swift */ = {isa = PBXFileReference; lastKnownFileType = sourcecode.swift; path = CircularBuffer.swift; sourceTree = "<group>"; };
		DE033B4220179A9300544E5F /* PermissionHandler.swift */ = {isa = PBXFileReference; lastKnownFileType = sourcecode.swift; path = PermissionHandler.swift; sourceTree = "<group>"; };
		DE5CBD271FE36C8B00F5EDDE /* webviewer.js */ = {isa = PBXFileReference; indentWidth = 2; lastKnownFileType = sourcecode.javascript; path = webviewer.js; sourceTree = "<group>"; tabWidth = 2; };
		DE67C49C1FCE5A8A004F0D35 /* WebViewer.swift */ = {isa = PBXFileReference; indentWidth = 2; lastKnownFileType = sourcecode.swift; path = WebViewer.swift; sourceTree = "<group>"; tabWidth = 2; };
		DE91AB921F93FF8F00AB742A /* PhoneNumberPicker.swift */ = {isa = PBXFileReference; lastKnownFileType = sourcecode.swift; path = PhoneNumberPicker.swift; sourceTree = "<group>"; };
		DEDA5AE7201247FA00C5287E /* YandexTranslate.swift */ = {isa = PBXFileReference; lastKnownFileType = sourcecode.swift; path = YandexTranslate.swift; sourceTree = "<group>"; };
		DED066B11FE0846F009C8165 /* webview-error.html */ = {isa = PBXFileReference; indentWidth = 2; lastKnownFileType = text.html; path = "webview-error.html"; sourceTree = "<group>"; tabWidth = 2; };
		DEDBEC451FB288C800B6848E /* Spinner.swift */ = {isa = PBXFileReference; fileEncoding = 4; lastKnownFileType = sourcecode.swift; path = Spinner.swift; sourceTree = "<group>"; };
		DEE8A98C1FAF9E59000C7E6B /* EmailPicker.swift */ = {isa = PBXFileReference; fileEncoding = 4; indentWidth = 2; lastKnownFileType = sourcecode.swift; path = EmailPicker.swift; sourceTree = "<group>"; wrapsLines = 1; };
		CB96609B1F95489F009746C3 /* LocationSensor.swift */ = {isa = PBXFileReference; fileEncoding = 4; indentWidth = 2; lastKnownFileType = sourcecode.swift; path = LocationSensor.swift; sourceTree = "<group>"; tabWidth = 2; };
		ED8A4FBFD484F830C6914CBE /* Pods_AIComponentKitTests.framework */ = {isa = PBXFileReference; explicitFileType = wrapper.framework; includeInIndex = 0; path = Pods_AIComponentKitTests.framework; sourceTree = BUILT_PRODUCTS_DIR; };
		FB4FA20345A0AEA4E0CB60F2 /* Pods_AIComponentKit.framework */ = {isa = PBXFileReference; explicitFileType = wrapper.framework; includeInIndex = 0; path = Pods_AIComponentKit.framework; sourceTree = BUILT_PRODUCTS_DIR; };
/* End PBXFileReference section */

/* Begin PBXFrameworksBuildPhase section */
		0618A2801D8CF4EE0013A191 /* Frameworks */ = {
			isa = PBXFrameworksBuildPhase;
			buildActionMask = 2147483647;
			files = (
				0609147D1DE61B530049B7AB /* SQLite.framework in Frameworks */,
				0609147E1DE61B530049B7AB /* Toast_Swift.framework in Frameworks */,
				06B3747F1DC06F6B003888CB /* GCDWebServer.framework in Frameworks */,
				06B374801DC06F6B003888CB /* Pods_AIComponentKit.framework in Frameworks */,
				06B374811DC06F6B003888CB /* SchemeKit.framework in Frameworks */,
				06B374821DC06F6B003888CB /* ZXingObjC.framework in Frameworks */,
			);
			runOnlyForDeploymentPostprocessing = 0;
		};
		0618A2891D8CF4EE0013A191 /* Frameworks */ = {
			isa = PBXFrameworksBuildPhase;
			buildActionMask = 2147483647;
			files = (
				0618A28D1D8CF4EE0013A191 /* AIComponentKit.framework in Frameworks */,
				F1822B232186EC6A486D9F46 /* Pods_AIComponentKitTests.framework in Frameworks */,
			);
			runOnlyForDeploymentPostprocessing = 0;
		};
/* End PBXFrameworksBuildPhase section */

/* Begin PBXGroup section */
		0618A27A1D8CECAC0013A191 /* Frameworks */ = {
			isa = PBXGroup;
			children = (
				0609147B1DE61B530049B7AB /* SQLite.framework */,
				0609147C1DE61B530049B7AB /* Toast_Swift.framework */,
				06B3747B1DC06F6B003888CB /* GCDWebServer.framework */,
				06B3747C1DC06F6B003888CB /* Pods_AIComponentKit.framework */,
				06B3747D1DC06F6B003888CB /* SchemeKit.framework */,
				06B3747E1DC06F6B003888CB /* ZXingObjC.framework */,
				FB4FA20345A0AEA4E0CB60F2 /* Pods_AIComponentKit.framework */,
				ED8A4FBFD484F830C6914CBE /* Pods_AIComponentKitTests.framework */,
			);
			name = Frameworks;
			sourceTree = "<group>";
		};
		0618A2851D8CF4EE0013A191 /* AIComponentKit */ = {
			isa = PBXGroup;
			children = (
				06E59EA21D92C66B00C42804 /* components */,
				06DA9F571D8D0B4B00389B04 /* util */,
				0618A26D1D8CE3750013A191 /* AIComponentKit-Bridging-Header.h */,
				0618A2861D8CF4EE0013A191 /* AIComponentKit.h */,
				060395431F342ADE006D6E66 /* language-codes.plist */,
				060395441F342ADE006D6E66 /* iso3166_1_2_to_iso3166_1_3.plist */,
				06B2161E1DBDA4B4000B3366 /* runtime.scm */,
				0618A2871D8CF4EE0013A191 /* Info.plist */,
				DED066B11FE0846F009C8165 /* webview-error.html */,
				DE5CBD271FE36C8B00F5EDDE /* webviewer.js */,
			);
			path = AIComponentKit;
			sourceTree = "<group>";
		};
		0618A2901D8CF4EE0013A191 /* AIComponentKitTests */ = {
			isa = PBXGroup;
			children = (
				0618A2911D8CF4EE0013A191 /* AIComponentKitTests.swift */,
				0618A2931D8CF4EE0013A191 /* Info.plist */,
				06AC1CC71DB4559800A59EB3 /* AIComponentKitTests.m */,
				06AC1CC61DB4559800A59EB3 /* AIComponentKitTests-Bridging-Header.h */,
				0653CBD71F9719920052065A /* RuntimeTests.swift */,
				0653CBD91F971BA70052065A /* TestFailure.swift */,
			);
			path = AIComponentKitTests;
			sourceTree = "<group>";
		};
		06D151911DC4646000FC981E /* ui */ = {
			isa = PBXGroup;
			children = (
				DEDBEC451FB288C800B6848E /* Spinner.swift */,
				DEE8A98C1FAF9E59000C7E6B /* EmailPicker.swift */,
				06E59EB01D92D16100C42804 /* Button.swift */,
				DE91AB921F93FF8F00AB742A /* PhoneNumberPicker.swift */,
				06E59EB41D93345E00C42804 /* ButtonBase.swift */,
				06D998ED1F53CDDB00A13A0E /* ContactPicker.swift */,
				06B216051DB95155000B3366 /* Image.swift */,
				06E59EB21D92D19600C42804 /* Label.swift */,
				060119DD1DC24126000FC1E2 /* ListPicker.swift */,
				0618D2741F34DC3400A127A2 /* ListView.swift */,
				06159D8D1DEFF0C600593D30 /* PasswordTextBox.swift */,
				068E0E9D1DC243B30086FFDA /* Picker.swift */,
				068E0EB61DC251BA0086FFDA /* Slider.swift */,
				06B216011DB95134000B3366 /* TextBox.swift */,
				06159D8B1DEFE20A00593D30 /* TextBoxBase.swift */,
				043ACD8A20104F52002C74DD /* DatePicker.swift */,
				DE67C49C1FCE5A8A004F0D35 /* WebViewer.swift */,
				04248DD5201927C700688ED0 /* TimePicker.swift */,
			);
			name = ui;
			sourceTree = "<group>";
		};
		06D151921DC464AB00FC981E /* layout */ = {
			isa = PBXGroup;
			children = (
				06B215F91DB950F6000B3366 /* HorizontalArrangement.swift */,
				06D151E91DC6ED5200FC981E /* HVArrangement.swift */,
				06B215FB1DB95109000B3366 /* VerticalArrangement.swift */,
				0680ED581E012A2100732883 /* TableArrangement.swift */,
			);
			name = layout;
			sourceTree = "<group>";
		};
		06D151931DC464BB00FC981E /* core */ = {
			isa = PBXGroup;
			children = (
				0618A26E1D8CE3750013A191 /* Form.swift */,
				06DA9F601D8D0DFC00389B04 /* ReplForm.swift */,
				0618A2781D8CEB640013A191 /* ViewComponent.swift */,
				06DA9F4E1D8CFB4B00389B04 /* VisibleComponent.swift */,
			);
			name = core;
			sourceTree = "<group>";
		};
		06D151941DC464D400FC981E /* media */ = {
			isa = PBXGroup;
			children = (
				082778F620112FE300ACC99A /* ImagePicker.swift */,
			);
			name = media;
			sourceTree = "<group>";
		};
		06D151951DC464F300FC981E /* drawing */ = {
			isa = PBXGroup;
			children = (
			);
			name = drawing;
			sourceTree = "<group>";
		};
		06D151961DC4650700FC981E /* sensors */ = {
			isa = PBXGroup;
			children = (
				06EAAC781DCE291500889C6D /* AccelerometerSensor.swift */,
			);
			name = sensors;
			sourceTree = "<group>";
		};
		06D151971DC4651300FC981E /* social */ = {
			isa = PBXGroup;
			children = (
			);
			name = social;
			sourceTree = "<group>";
		};
		06D151981DC4651D00FC981E /* storage */ = {
			isa = PBXGroup;
			children = (
			);
			name = storage;
			sourceTree = "<group>";
		};
		06DA9F571D8D0B4B00389B04 /* util */ = {
			isa = PBXGroup;
			children = (
				06DA9F5C1D8D0CAA00389B04 /* AppInvHTTPD.h */,
				06DA9F5D1D8D0CAA00389B04 /* AppInvHTTPD.m */,
				06D1519D1DC4F49C00FC981E /* AppManager.swift */,
				068AA8181DE61D8E0011CC74 /* Application.swift */,
				068AA81A1DE61FE20011CC74 /* ApplicationFactory.swift */,
				06B5872B1DC02B190092C9DD /* AssetManager.swift */,
				CBC7868520113A3C005363A3 /* CircularBuffer.swift */,
				06B216071DB954A5000B3366 /* ColorUtil.swift */,
				06AEDC571E04C12900371E72 /* FormatUtil.swift */,
				06D151E71DC4FE2A00FC981E /* ElementsUtil.swift */,
				06D1518F1DC45E9700FC981E /* ErrorMessages.swift */,
				06C94A381D99D10400341AAE /* EventDispatcher.swift */,
				0650F5171F1F1B7A00D4E6FA /* HMAC.swift */,
				060A83D41E004E1E00C6B7D9 /* JsonUtil.swift */,
				062832951DBE9591009605D5 /* LinearLayout.swift */,
				0644F7021F38EDF200642E4D /* LinearView.swift */,
				0417585620098EE0007D2C31 /* LinkedList.swift */,
				06E59EA71D92C7E800C42804 /* NetworkUtils.h */,
				06E59EA81D92C7E800C42804 /* NetworkUtils.m */,
				06D151991DC4736800FC981E /* NSString_SHA1.h */,
				06D1519A1DC4736800FC981E /* NSString_SHA1.m */,
				DE033B4220179A9300544E5F /* PermissionHandler.swift */,
				067D1B151D9B398E00A6190E /* RetValManager.h */,
				067D1B161D9B398E00A6190E /* RetValManager.m */,
				0685B5B22003C931005153ED /* ThemeEnum.swift */,
				0650B1EE1DAB09B200A7846C /* YailRuntimeError.swift */,
			);
			name = util;
			sourceTree = "<group>";
		};
		06E59EA21D92C66B00C42804 /* components */ = {
			isa = PBXGroup;
			children = (
				06E59EAD1D92C92300C42804 /* interfaces */,
				06E59EAC1D92C91D00C42804 /* nonvisible */,
				06E59EAB1D92C91800C42804 /* visible */,
			);
			name = components;
			sourceTree = "<group>";
		};
		06E59EAB1D92C91800C42804 /* visible */ = {
			isa = PBXGroup;
			children = (
				06D151931DC464BB00FC981E /* core */,
				06D151911DC4646000FC981E /* ui */,
				06D151921DC464AB00FC981E /* layout */,
				06D151941DC464D400FC981E /* media */,
				06D151951DC464F300FC981E /* drawing */,
				06D151961DC4650700FC981E /* sensors */,
				06D151971DC4651300FC981E /* social */,
				06D151981DC4651D00FC981E /* storage */,
				06EAAC7A1DCE3E6400889C6D /* connectivity */,
				06EAAC7B1DCE3E9300889C6D /* mindstorms */,
				06EAAC7C1DCE3E9C00889C6D /* experimental */,
				06EAAC7D1DCE3EA200889C6D /* internal */,
			);
			name = visible;
			sourceTree = "<group>";
		};
		06E59EAC1D92C91D00C42804 /* nonvisible */ = {
			isa = PBXGroup;
			children = (
				068E0EAE1DC251090086FFDA /* ActivityStarter.swift */,
				06EC0A1D1D959CD4001CD8DC /* BarcodeScanner.swift */,
				068E0EB01DC251240086FFDA /* Clock.swift */,
				06E59EA51D92C6C300C42804 /* NonvisibleComponent.swift */,
				06B216031DB95146000B3366 /* Notifier.swift */,
				068E0EB21DC251890086FFDA /* PhoneCall.swift */,
				06E59EA31D92C68900C42804 /* PhoneStatus.swift */,
				0644F6BF1F37CAD800642E4D /* Player.swift */,
				068E0EB41DC251A20086FFDA /* Sharing.swift */,
				06E59EAE1D92D14F00C42804 /* Sound.swift */,
				068E0EB81DC251E90086FFDA /* Texting.swift */,
				06473B841F327E5400A9A29B /* TextToSpeech.swift */,
				06B215FF1DB95122000B3366 /* TinyDB.swift */,
				CB9660841F69BC8C009746C3 /* TinyWebDB.swift */,
				06B215FD1DB95116000B3366 /* Web.swift */,
				CB96609B1F95489F009746C3 /* LocationSensor.swift */,
				DEDA5AE7201247FA00C5287E /* YandexTranslate.swift */,
			);
			name = nonvisible;
			sourceTree = "<group>";
		};
		06E59EAD1D92C92300C42804 /* interfaces */ = {
			isa = PBXGroup;
			children = (
				0618A2701D8CE50A0013A191 /* Component.swift */,
				0618A2761D8CE9C20013A191 /* ComponentConstants.swift */,
				0618A2741D8CE81B0013A191 /* ComponentContainer.swift */,
				0618A2721D8CE5760013A191 /* HandlesEventDispatching.swift */,
				062832971DBE95A7009605D5 /* Layout.swift */,
				0644F6C11F37D20700642E4D /* LifecycleDelegate.swift */,
			);
			name = interfaces;
			sourceTree = "<group>";
		};
		06EAAC7A1DCE3E6400889C6D /* connectivity */ = {
			isa = PBXGroup;
			children = (
				062300A71DCE409D0035E4A4 /* BluetoothClient.swift */,
				062300A91DCE40D40035E4A4 /* BluetoothConnectionBase.swift */,
			);
			name = connectivity;
			sourceTree = "<group>";
		};
		06EAAC7B1DCE3E9300889C6D /* mindstorms */ = {
			isa = PBXGroup;
			children = (
			);
			name = mindstorms;
			sourceTree = "<group>";
		};
		06EAAC7C1DCE3E9C00889C6D /* experimental */ = {
			isa = PBXGroup;
			children = (
			);
			name = experimental;
			sourceTree = "<group>";
		};
		06EAAC7D1DCE3EA200889C6D /* internal */ = {
			isa = PBXGroup;
			children = (
			);
			name = internal;
			sourceTree = "<group>";
		};
		06EF8CDF1D8CE2F6009FB227 = {
			isa = PBXGroup;
			children = (
				0618A2851D8CF4EE0013A191 /* AIComponentKit */,
				0618A2901D8CF4EE0013A191 /* AIComponentKitTests */,
				06EF8CE91D8CE2F7009FB227 /* Products */,
				0618A27A1D8CECAC0013A191 /* Frameworks */,
				7474807A747CFE996FC4893A /* Pods */,
			);
			indentWidth = 2;
			sourceTree = "<group>";
			tabWidth = 2;
		};
		06EF8CE91D8CE2F7009FB227 /* Products */ = {
			isa = PBXGroup;
			children = (
				0618A2841D8CF4EE0013A191 /* AIComponentKit.framework */,
				0618A28C1D8CF4EE0013A191 /* AIComponentKitTests.xctest */,
			);
			name = Products;
			sourceTree = "<group>";
		};
		7474807A747CFE996FC4893A /* Pods */ = {
			isa = PBXGroup;
			children = (
				BA2D48EA6A473CBA0907B685 /* Pods-AIComponentKit.debug.xcconfig */,
				99F760E80DBC747A467E4900 /* Pods-AIComponentKit.release.xcconfig */,
				685FE23350C9E159CA508795 /* Pods-AIComponentKitTests.debug.xcconfig */,
				32349630B8B4D40D05FB295A /* Pods-AIComponentKitTests.release.xcconfig */,
			);
			name = Pods;
			sourceTree = "<group>";
		};
/* End PBXGroup section */

/* Begin PBXHeadersBuildPhase section */
		0618A2811D8CF4EE0013A191 /* Headers */ = {
			isa = PBXHeadersBuildPhase;
			buildActionMask = 2147483647;
			files = (
				06DA9F5E1D8D0CAA00389B04 /* AppInvHTTPD.h in Headers */,
				06D1519B1DC4736800FC981E /* NSString_SHA1.h in Headers */,
				0618A2941D8CF4EE0013A191 /* AIComponentKit.h in Headers */,
				06DA9F561D8CFBAB00389B04 /* AIComponentKit-Bridging-Header.h in Headers */,
				067D1B171D9B398E00A6190E /* RetValManager.h in Headers */,
				06E59EA91D92C7E800C42804 /* NetworkUtils.h in Headers */,
			);
			runOnlyForDeploymentPostprocessing = 0;
		};
/* End PBXHeadersBuildPhase section */

/* Begin PBXNativeTarget section */
		0618A2831D8CF4EE0013A191 /* AIComponentKit */ = {
			isa = PBXNativeTarget;
			buildConfigurationList = 0618A2951D8CF4EE0013A191 /* Build configuration list for PBXNativeTarget "AIComponentKit" */;
			buildPhases = (
				069684EE0D28A74072439CF3 /* [CP] Check Pods Manifest.lock */,
				0618A27F1D8CF4EE0013A191 /* Sources */,
				0618A2801D8CF4EE0013A191 /* Frameworks */,
				0618A2811D8CF4EE0013A191 /* Headers */,
				0618A2821D8CF4EE0013A191 /* Resources */,
				A861C5ABECF26956E6A07A5A /* [CP] Copy Pods Resources */,
			);
			buildRules = (
			);
			dependencies = (
			);
			name = AIComponentKit;
			productName = AIComponentKit;
			productReference = 0618A2841D8CF4EE0013A191 /* AIComponentKit.framework */;
			productType = "com.apple.product-type.framework";
		};
		0618A28B1D8CF4EE0013A191 /* AIComponentKitTests */ = {
			isa = PBXNativeTarget;
			buildConfigurationList = 0618A2981D8CF4EE0013A191 /* Build configuration list for PBXNativeTarget "AIComponentKitTests" */;
			buildPhases = (
				53BBF3A4D5857D4D3B61E484 /* [CP] Check Pods Manifest.lock */,
				0618A2881D8CF4EE0013A191 /* Sources */,
				0618A2891D8CF4EE0013A191 /* Frameworks */,
				0618A28A1D8CF4EE0013A191 /* Resources */,
				71E51F4C290C92ED289B67ED /* [CP] Embed Pods Frameworks */,
				B5A8F0713FD4E38E1CBB8621 /* [CP] Copy Pods Resources */,
			);
			buildRules = (
			);
			dependencies = (
				0618A28F1D8CF4EE0013A191 /* PBXTargetDependency */,
			);
			name = AIComponentKitTests;
			productName = AIComponentKitTests;
			productReference = 0618A28C1D8CF4EE0013A191 /* AIComponentKitTests.xctest */;
			productType = "com.apple.product-type.bundle.unit-test";
		};
/* End PBXNativeTarget section */

/* Begin PBXProject section */
		06EF8CE01D8CE2F6009FB227 /* Project object */ = {
			isa = PBXProject;
			attributes = {
				LastSwiftUpdateCheck = 0800;
				LastUpgradeCheck = 0810;
				ORGANIZATIONNAME = "MIT Center for Mobile Learning";
				TargetAttributes = {
					0618A2831D8CF4EE0013A191 = {
						CreatedOnToolsVersion = 8.0;
						LastSwiftMigration = 0820;
						ProvisioningStyle = Automatic;
					};
					0618A28B1D8CF4EE0013A191 = {
						CreatedOnToolsVersion = 8.0;
						LastSwiftMigration = 0800;
						ProvisioningStyle = Automatic;
					};
				};
			};
			buildConfigurationList = 06EF8CE31D8CE2F6009FB227 /* Build configuration list for PBXProject "AIComponentKit" */;
			compatibilityVersion = "Xcode 3.2";
			developmentRegion = English;
			hasScannedForEncodings = 0;
			knownRegions = (
				en,
			);
			mainGroup = 06EF8CDF1D8CE2F6009FB227;
			productRefGroup = 06EF8CE91D8CE2F7009FB227 /* Products */;
			projectDirPath = "";
			projectRoot = "";
			targets = (
				0618A2831D8CF4EE0013A191 /* AIComponentKit */,
				0618A28B1D8CF4EE0013A191 /* AIComponentKitTests */,
			);
		};
/* End PBXProject section */

/* Begin PBXResourcesBuildPhase section */
		0618A2821D8CF4EE0013A191 /* Resources */ = {
			isa = PBXResourcesBuildPhase;
			buildActionMask = 2147483647;
			files = (
				06B216201DBDACBF000B3366 /* runtime.scm in Resources */,
				060395451F342ADE006D6E66 /* language-codes.plist in Resources */,
				060395461F342ADE006D6E66 /* iso3166_1_2_to_iso3166_1_3.plist in Resources */,
				DE5CBD281FE36C8B00F5EDDE /* webviewer.js in Resources */,
				DED066B21FE0846F009C8165 /* webview-error.html in Resources */,
			);
			runOnlyForDeploymentPostprocessing = 0;
		};
		0618A28A1D8CF4EE0013A191 /* Resources */ = {
			isa = PBXResourcesBuildPhase;
			buildActionMask = 2147483647;
			files = (
			);
			runOnlyForDeploymentPostprocessing = 0;
		};
/* End PBXResourcesBuildPhase section */

/* Begin PBXShellScriptBuildPhase section */
		069684EE0D28A74072439CF3 /* [CP] Check Pods Manifest.lock */ = {
			isa = PBXShellScriptBuildPhase;
			buildActionMask = 2147483647;
			files = (
			);
			inputPaths = (
				"${PODS_PODFILE_DIR_PATH}/Podfile.lock",
				"${PODS_ROOT}/Manifest.lock",
			);
			name = "[CP] Check Pods Manifest.lock";
			outputPaths = (
				"$(DERIVED_FILE_DIR)/Pods-AIComponentKit-checkManifestLockResult.txt",
			);
			runOnlyForDeploymentPostprocessing = 0;
			shellPath = /bin/sh;
			shellScript = "diff \"${PODS_PODFILE_DIR_PATH}/Podfile.lock\" \"${PODS_ROOT}/Manifest.lock\" > /dev/null\nif [ $? != 0 ] ; then\n    # print error to STDERR\n    echo \"error: The sandbox is not in sync with the Podfile.lock. Run 'pod install' or update your CocoaPods installation.\" >&2\n    exit 1\nfi\n# This output is used by Xcode 'outputs' to avoid re-running this script phase.\necho \"SUCCESS\" > \"${SCRIPT_OUTPUT_FILE_0}\"\n";
			showEnvVarsInLog = 0;
		};
		53BBF3A4D5857D4D3B61E484 /* [CP] Check Pods Manifest.lock */ = {
			isa = PBXShellScriptBuildPhase;
			buildActionMask = 2147483647;
			files = (
			);
			inputPaths = (
				"${PODS_PODFILE_DIR_PATH}/Podfile.lock",
				"${PODS_ROOT}/Manifest.lock",
			);
			name = "[CP] Check Pods Manifest.lock";
			outputPaths = (
				"$(DERIVED_FILE_DIR)/Pods-AIComponentKitTests-checkManifestLockResult.txt",
			);
			runOnlyForDeploymentPostprocessing = 0;
			shellPath = /bin/sh;
			shellScript = "diff \"${PODS_PODFILE_DIR_PATH}/Podfile.lock\" \"${PODS_ROOT}/Manifest.lock\" > /dev/null\nif [ $? != 0 ] ; then\n    # print error to STDERR\n    echo \"error: The sandbox is not in sync with the Podfile.lock. Run 'pod install' or update your CocoaPods installation.\" >&2\n    exit 1\nfi\n# This output is used by Xcode 'outputs' to avoid re-running this script phase.\necho \"SUCCESS\" > \"${SCRIPT_OUTPUT_FILE_0}\"\n";
			showEnvVarsInLog = 0;
		};
		71E51F4C290C92ED289B67ED /* [CP] Embed Pods Frameworks */ = {
			isa = PBXShellScriptBuildPhase;
			buildActionMask = 2147483647;
			files = (
			);
			inputPaths = (
				"${SRCROOT}/Pods/Target Support Files/Pods-AIComponentKitTests/Pods-AIComponentKitTests-frameworks.sh",
				"${BUILT_PRODUCTS_DIR}/Alamofire/Alamofire.framework",
				"${BUILT_PRODUCTS_DIR}/CSLinearLayoutView/CSLinearLayoutView.framework",
				"${BUILT_PRODUCTS_DIR}/GCDWebServer/GCDWebServer.framework",
				"${BUILT_PRODUCTS_DIR}/SQLite.swift/SQLite.framework",
				"${BUILT_PRODUCTS_DIR}/Toast-Swift/Toast_Swift.framework",
				"${BUILT_PRODUCTS_DIR}/ZXingObjC/ZXingObjC.framework",
			);
			name = "[CP] Embed Pods Frameworks";
			outputPaths = (
				"${TARGET_BUILD_DIR}/${FRAMEWORKS_FOLDER_PATH}/Alamofire.framework",
				"${TARGET_BUILD_DIR}/${FRAMEWORKS_FOLDER_PATH}/CSLinearLayoutView.framework",
				"${TARGET_BUILD_DIR}/${FRAMEWORKS_FOLDER_PATH}/GCDWebServer.framework",
				"${TARGET_BUILD_DIR}/${FRAMEWORKS_FOLDER_PATH}/SQLite.framework",
				"${TARGET_BUILD_DIR}/${FRAMEWORKS_FOLDER_PATH}/Toast_Swift.framework",
				"${TARGET_BUILD_DIR}/${FRAMEWORKS_FOLDER_PATH}/ZXingObjC.framework",
			);
			runOnlyForDeploymentPostprocessing = 0;
			shellPath = /bin/sh;
			shellScript = "\"${SRCROOT}/Pods/Target Support Files/Pods-AIComponentKitTests/Pods-AIComponentKitTests-frameworks.sh\"\n";
			showEnvVarsInLog = 0;
		};
		A861C5ABECF26956E6A07A5A /* [CP] Copy Pods Resources */ = {
			isa = PBXShellScriptBuildPhase;
			buildActionMask = 2147483647;
			files = (
			);
			inputPaths = (
			);
			name = "[CP] Copy Pods Resources";
			outputPaths = (
			);
			runOnlyForDeploymentPostprocessing = 0;
			shellPath = /bin/sh;
			shellScript = "\"${SRCROOT}/Pods/Target Support Files/Pods-AIComponentKit/Pods-AIComponentKit-resources.sh\"\n";
			showEnvVarsInLog = 0;
		};
		B5A8F0713FD4E38E1CBB8621 /* [CP] Copy Pods Resources */ = {
			isa = PBXShellScriptBuildPhase;
			buildActionMask = 2147483647;
			files = (
			);
			inputPaths = (
			);
			name = "[CP] Copy Pods Resources";
			outputPaths = (
			);
			runOnlyForDeploymentPostprocessing = 0;
			shellPath = /bin/sh;
			shellScript = "\"${SRCROOT}/Pods/Target Support Files/Pods-AIComponentKitTests/Pods-AIComponentKitTests-resources.sh\"\n";
			showEnvVarsInLog = 0;
		};
/* End PBXShellScriptBuildPhase section */

/* Begin PBXSourcesBuildPhase section */
		0618A27F1D8CF4EE0013A191 /* Sources */ = {
			isa = PBXSourcesBuildPhase;
			buildActionMask = 2147483647;
			files = (
				068AA8191DE61D8E0011CC74 /* Application.swift in Sources */,
				DE033B4320179A9300544E5F /* PermissionHandler.swift in Sources */,
				062300A81DCE409D0035E4A4 /* BluetoothClient.swift in Sources */,
				CB9660851F69BC8C009746C3 /* TinyWebDB.swift in Sources */,
				06D151EA1DC6ED5200FC981E /* HVArrangement.swift in Sources */,
				DEDBEC461FB288C800B6848E /* Spinner.swift in Sources */,
				06159D8C1DEFE20A00593D30 /* TextBoxBase.swift in Sources */,
				06B5872C1DC02B190092C9DD /* AssetManager.swift in Sources */,
				06C94A391D99D10400341AAE /* EventDispatcher.swift in Sources */,
				0685B5B32003C931005153ED /* ThemeEnum.swift in Sources */,
				068E0EB51DC251A20086FFDA /* Sharing.swift in Sources */,
				082778F720112FE300ACC99A /* ImagePicker.swift in Sources */,
				068E0EAF1DC251090086FFDA /* ActivityStarter.swift in Sources */,
				06B216061DB95155000B3366 /* Image.swift in Sources */,
				06E59EAF1D92D14F00C42804 /* Sound.swift in Sources */,
				06DA9F501D8CFBA200389B04 /* Form.swift in Sources */,
				060119DE1DC24126000FC1E2 /* ListPicker.swift in Sources */,
				06D151901DC45E9700FC981E /* ErrorMessages.swift in Sources */,
				06B216021DB95134000B3366 /* TextBox.swift in Sources */,
				06D998EE1F53CDDB00A13A0E /* ContactPicker.swift in Sources */,
				06E59EB51D93345E00C42804 /* ButtonBase.swift in Sources */,
				068E0EB91DC251E90086FFDA /* Texting.swift in Sources */,
				06DA9F511D8CFBA200389B04 /* Component.swift in Sources */,
				06DA9F611D8D0DFC00389B04 /* ReplForm.swift in Sources */,
				0417585720098EE0007D2C31 /* LinkedList.swift in Sources */,
				068E0E9E1DC243B30086FFDA /* Picker.swift in Sources */,
				06DA9F5F1D8D0CAA00389B04 /* AppInvHTTPD.m in Sources */,
				0618D2751F34DC3400A127A2 /* ListView.swift in Sources */,
				0644F7031F38EDF200642E4D /* LinearView.swift in Sources */,
				06E59EA41D92C68900C42804 /* PhoneStatus.swift in Sources */,
				06B215FC1DB95109000B3366 /* VerticalArrangement.swift in Sources */,
				067D1B221D9B9DFE00A6190E /* BarcodeScanner.swift in Sources */,
				06DA9F521D8CFBA200389B04 /* HandlesEventDispatching.swift in Sources */,
				DEDA5AE8201247FA00C5287E /* YandexTranslate.swift in Sources */,
				067D1B181D9B398E00A6190E /* RetValManager.m in Sources */,
				060A83D51E004E1E00C6B7D9 /* JsonUtil.swift in Sources */,
				043ACD8B20104F52002C74DD /* DatePicker.swift in Sources */,
				0644F6C21F37D20700642E4D /* LifecycleDelegate.swift in Sources */,
				06D151E81DC4FE2A00FC981E /* ElementsUtil.swift in Sources */,
				06D1519E1DC4F49C00FC981E /* AppManager.swift in Sources */,
				06E59EB11D92D16100C42804 /* Button.swift in Sources */,
				DEE8A98D1FAF9E59000C7E6B /* EmailPicker.swift in Sources */,
				CBC7868620113A3C005363A3 /* CircularBuffer.swift in Sources */,
				06E59EB31D92D19600C42804 /* Label.swift in Sources */,
				06B215FE1DB95116000B3366 /* Web.swift in Sources */,
				0650F5181F1F1B7A00D4E6FA /* HMAC.swift in Sources */,
				062832981DBE95A7009605D5 /* Layout.swift in Sources */,
				06D1519C1DC4736900FC981E /* NSString_SHA1.m in Sources */,
				04248DD6201927C700688ED0 /* TimePicker.swift in Sources */,
				06DA9F531D8CFBA200389B04 /* ComponentContainer.swift in Sources */,
				06AEDC581E04C12900371E72 /* FormatUtil.swift in Sources */,
				06B216041DB95146000B3366 /* Notifier.swift in Sources */,
				DE91AB931F93FF8F00AB742A /* PhoneNumberPicker.swift in Sources */,
				068E0EB11DC251240086FFDA /* Clock.swift in Sources */,
				062832961DBE9591009605D5 /* LinearLayout.swift in Sources */,
				0644F6C01F37CAD800642E4D /* Player.swift in Sources */,
				06B216081DB954A5000B3366 /* ColorUtil.swift in Sources */,
				068E0EB71DC251BA0086FFDA /* Slider.swift in Sources */,
				06B215FA1DB950F6000B3366 /* HorizontalArrangement.swift in Sources */,
				068E0EB31DC251890086FFDA /* PhoneCall.swift in Sources */,
				06159D8E1DEFF0C600593D30 /* PasswordTextBox.swift in Sources */,
				06B216001DB95122000B3366 /* TinyDB.swift in Sources */,
				06DA9F541D8CFBA200389B04 /* ComponentConstants.swift in Sources */,
				06E59EAA1D92C7E800C42804 /* NetworkUtils.m in Sources */,
				DE67C49D1FCE5A8A004F0D35 /* WebViewer.swift in Sources */,
				06DA9F551D8CFBA200389B04 /* ViewComponent.swift in Sources */,
				062300AA1DCE40D40035E4A4 /* BluetoothConnectionBase.swift in Sources */,
				06E59EA61D92C6C300C42804 /* NonvisibleComponent.swift in Sources */,
				0650B1EF1DAB09B200A7846C /* YailRuntimeError.swift in Sources */,
				0680ED591E012A2100732883 /* TableArrangement.swift in Sources */,
				068AA81B1DE61FE20011CC74 /* ApplicationFactory.swift in Sources */,
				06473B851F327E5400A9A29B /* TextToSpeech.swift in Sources */,
				06EAAC791DCE291500889C6D /* AccelerometerSensor.swift in Sources */,
				CB96609C1F95489F009746C3 /* LocationSensor.swift in Sources */,
				06DA9F4F1D8CFB4B00389B04 /* VisibleComponent.swift in Sources */,
			);
			runOnlyForDeploymentPostprocessing = 0;
		};
		0618A2881D8CF4EE0013A191 /* Sources */ = {
			isa = PBXSourcesBuildPhase;
			buildActionMask = 2147483647;
			files = (
				0653CBDA1F971BA70052065A /* TestFailure.swift in Sources */,
				0653CBD81F9719920052065A /* RuntimeTests.swift in Sources */,
				06AC1CC81DB4559800A59EB3 /* AIComponentKitTests.m in Sources */,
				0618A2921D8CF4EE0013A191 /* AIComponentKitTests.swift in Sources */,
			);
			runOnlyForDeploymentPostprocessing = 0;
		};
/* End PBXSourcesBuildPhase section */

/* Begin PBXTargetDependency section */
		0618A28F1D8CF4EE0013A191 /* PBXTargetDependency */ = {
			isa = PBXTargetDependency;
			target = 0618A2831D8CF4EE0013A191 /* AIComponentKit */;
			targetProxy = 0618A28E1D8CF4EE0013A191 /* PBXContainerItemProxy */;
		};
/* End PBXTargetDependency section */

/* Begin XCBuildConfiguration section */
		0618A2961D8CF4EE0013A191 /* Debug */ = {
			isa = XCBuildConfiguration;
			baseConfigurationReference = BA2D48EA6A473CBA0907B685 /* Pods-AIComponentKit.debug.xcconfig */;
			buildSettings = {
				ALWAYS_EMBED_SWIFT_STANDARD_LIBRARIES = YES;
				CLANG_ENABLE_MODULES = YES;
				CODE_SIGN_IDENTITY = "";
				CURRENT_PROJECT_VERSION = 1;
				DEFINES_MODULE = YES;
				DYLIB_COMPATIBILITY_VERSION = 1;
				DYLIB_CURRENT_VERSION = 1;
				DYLIB_INSTALL_NAME_BASE = "@rpath";
				ENABLE_BITCODE = YES;
				FRAMEWORK_SEARCH_PATHS = (
					"$(inherited)",
					"$(PROJECT_DIR)/build/Release-iphoneos/GCDWebServer",
					"$(PROJECT_DIR)/build/Release-iphoneos",
					"$(PROJECT_DIR)/build/Release-iphoneos/ZXingObjC",
					"$(PROJECT_DIR)/build/Debug-iphoneos/SQLite.swift",
					"$(PROJECT_DIR)/build/Debug-iphoneos/Toast-Swift",
				);
				HEADER_SEARCH_PATHS = (
					"$(SDKROOT)/usr/include",
					"$(inherited)",
				);
				INFOPLIST_FILE = AIComponentKit/Info.plist;
				INSTALL_PATH = "$(LOCAL_LIBRARY_DIR)/Frameworks";
				IPHONEOS_DEPLOYMENT_TARGET = 9.0;
				LD_RUNPATH_SEARCH_PATHS = "$(inherited) @executable_path/Frameworks @loader_path/Frameworks";
				PRODUCT_BUNDLE_IDENTIFIER = edu.mit.appinventor.AIComponentKit;
				PRODUCT_NAME = "$(TARGET_NAME)";
				SKIP_INSTALL = YES;
				SWIFT_ACTIVE_COMPILATION_CONDITIONS = DEBUG;
				SWIFT_INCLUDE_PATHS = "$(SRCROOT)/CommonCrypto";
				SWIFT_OPTIMIZATION_LEVEL = "-Onone";
				SWIFT_VERSION = 3.0;
				TARGETED_DEVICE_FAMILY = "1,2";
				VERSIONING_SYSTEM = "apple-generic";
				VERSION_INFO_PREFIX = "";
			};
			name = Debug;
		};
		0618A2971D8CF4EE0013A191 /* Release */ = {
			isa = XCBuildConfiguration;
			baseConfigurationReference = 99F760E80DBC747A467E4900 /* Pods-AIComponentKit.release.xcconfig */;
			buildSettings = {
				ALWAYS_EMBED_SWIFT_STANDARD_LIBRARIES = YES;
				CLANG_ENABLE_MODULES = YES;
				CODE_SIGN_IDENTITY = "";
				CURRENT_PROJECT_VERSION = 1;
				DEFINES_MODULE = YES;
				DYLIB_COMPATIBILITY_VERSION = 1;
				DYLIB_CURRENT_VERSION = 1;
				DYLIB_INSTALL_NAME_BASE = "@rpath";
				ENABLE_BITCODE = YES;
				FRAMEWORK_SEARCH_PATHS = (
					"$(inherited)",
					"$(PROJECT_DIR)/build/Release-iphoneos/GCDWebServer",
					"$(PROJECT_DIR)/build/Release-iphoneos",
					"$(PROJECT_DIR)/build/Release-iphoneos/ZXingObjC",
					"$(PROJECT_DIR)/build/Debug-iphoneos/SQLite.swift",
					"$(PROJECT_DIR)/build/Debug-iphoneos/Toast-Swift",
				);
				"FRAMEWORK_SEARCH_PATHS[sdk=iphoneos*]" = "$(inherited)";
				HEADER_SEARCH_PATHS = (
					"$(SDKROOT)/usr/include",
					"$(inherited)",
				);
				INFOPLIST_FILE = AIComponentKit/Info.plist;
				INSTALL_PATH = "$(LOCAL_LIBRARY_DIR)/Frameworks";
				IPHONEOS_DEPLOYMENT_TARGET = 9.0;
				LD_RUNPATH_SEARCH_PATHS = "$(inherited) @executable_path/Frameworks @loader_path/Frameworks";
				PRODUCT_BUNDLE_IDENTIFIER = edu.mit.appinventor.AIComponentKit;
				PRODUCT_NAME = "$(TARGET_NAME)";
				SKIP_INSTALL = YES;
				SWIFT_INCLUDE_PATHS = "$(SRCROOT)/CommonCrypto";
				SWIFT_OPTIMIZATION_LEVEL = "-Owholemodule";
				SWIFT_VERSION = 3.0;
				TARGETED_DEVICE_FAMILY = "1,2";
				VERSIONING_SYSTEM = "apple-generic";
				VERSION_INFO_PREFIX = "";
			};
			name = Release;
		};
		0618A2991D8CF4EE0013A191 /* Debug */ = {
			isa = XCBuildConfiguration;
			baseConfigurationReference = 685FE23350C9E159CA508795 /* Pods-AIComponentKitTests.debug.xcconfig */;
			buildSettings = {
				CLANG_ENABLE_MODULES = YES;
				ENABLE_BITCODE = YES;
				FRAMEWORK_SEARCH_PATHS = (
					"$(inherited)",
					"$(PROJECT_DIR)/build/Debug-iphonesimulator/GCDWebServer",
					"$(PROJECT_DIR)/build/Debug-iphonesimulator/ZXingObjC",
					"$(PROJECT_DIR)/SchemeKit/build/Debug-iphonesimulator",
				);
				INFOPLIST_FILE = AIComponentKitTests/Info.plist;
				LD_RUNPATH_SEARCH_PATHS = "$(inherited) @executable_path/Frameworks @loader_path/Frameworks $(PROJECT_DIR)/build/Debug-iphonesimulator/GCDWebServer $(PROJECT_DIR)/build/Debug-iphonesimulator/ZXingObjC $(PROJECT_DIR)/SchemeKit/build/Debug-iphonesimulator";
				PRODUCT_BUNDLE_IDENTIFIER = edu.mit.appinventor.AIComponentKitTests;
				PRODUCT_NAME = "$(TARGET_NAME)";
				SWIFT_ACTIVE_COMPILATION_CONDITIONS = DEBUG;
				SWIFT_OBJC_BRIDGING_HEADER = "AIComponentKitTests/AIComponentKitTests-Bridging-Header.h";
				SWIFT_OPTIMIZATION_LEVEL = "-Onone";
				SWIFT_VERSION = 3.0;
			};
			name = Debug;
		};
		0618A29A1D8CF4EE0013A191 /* Release */ = {
			isa = XCBuildConfiguration;
			baseConfigurationReference = 32349630B8B4D40D05FB295A /* Pods-AIComponentKitTests.release.xcconfig */;
			buildSettings = {
				CLANG_ENABLE_MODULES = YES;
				ENABLE_BITCODE = YES;
				FRAMEWORK_SEARCH_PATHS = "$(inherited)";
				INFOPLIST_FILE = AIComponentKitTests/Info.plist;
				LD_RUNPATH_SEARCH_PATHS = "$(inherited) @executable_path/Frameworks @loader_path/Frameworks";
				PRODUCT_BUNDLE_IDENTIFIER = edu.mit.appinventor.AIComponentKitTests;
				PRODUCT_NAME = "$(TARGET_NAME)";
				SWIFT_OBJC_BRIDGING_HEADER = "AIComponentKitTests/AIComponentKitTests-Bridging-Header.h";
				SWIFT_OPTIMIZATION_LEVEL = "-Owholemodule";
				SWIFT_VERSION = 3.0;
			};
			name = Release;
		};
		06EF8CEF1D8CE2F7009FB227 /* Debug */ = {
			isa = XCBuildConfiguration;
			buildSettings = {
				ALWAYS_SEARCH_USER_PATHS = NO;
				CLANG_ANALYZER_NONNULL = YES;
				CLANG_CXX_LANGUAGE_STANDARD = "gnu++0x";
				CLANG_CXX_LIBRARY = "libc++";
				CLANG_ENABLE_MODULES = YES;
				CLANG_ENABLE_OBJC_ARC = YES;
				CLANG_WARN_BOOL_CONVERSION = YES;
				CLANG_WARN_CONSTANT_CONVERSION = YES;
				CLANG_WARN_DIRECT_OBJC_ISA_USAGE = YES_ERROR;
				CLANG_WARN_DOCUMENTATION_COMMENTS = YES;
				CLANG_WARN_EMPTY_BODY = YES;
				CLANG_WARN_ENUM_CONVERSION = YES;
				CLANG_WARN_INFINITE_RECURSION = YES;
				CLANG_WARN_INT_CONVERSION = YES;
				CLANG_WARN_OBJC_ROOT_CLASS = YES_ERROR;
				CLANG_WARN_SUSPICIOUS_MOVE = YES;
				CLANG_WARN_SUSPICIOUS_MOVES = YES;
				CLANG_WARN_UNREACHABLE_CODE = YES;
				CLANG_WARN__DUPLICATE_METHOD_MATCH = YES;
				"CODE_SIGN_IDENTITY[sdk=iphoneos*]" = "iPhone Developer";
				COPY_PHASE_STRIP = NO;
				DEBUG_INFORMATION_FORMAT = dwarf;
				DEFINES_MODULE = YES;
				ENABLE_STRICT_OBJC_MSGSEND = YES;
				ENABLE_TESTABILITY = YES;
				GCC_C_LANGUAGE_STANDARD = gnu99;
				GCC_DYNAMIC_NO_PIC = NO;
				GCC_NO_COMMON_BLOCKS = YES;
				GCC_OPTIMIZATION_LEVEL = 0;
				GCC_PREPROCESSOR_DEFINITIONS = (
					"DEBUG=1",
					"$(inherited)",
				);
				GCC_WARN_64_TO_32_BIT_CONVERSION = YES;
				GCC_WARN_ABOUT_RETURN_TYPE = YES_ERROR;
				GCC_WARN_UNDECLARED_SELECTOR = YES;
				GCC_WARN_UNINITIALIZED_AUTOS = YES_AGGRESSIVE;
				GCC_WARN_UNUSED_FUNCTION = YES;
				GCC_WARN_UNUSED_VARIABLE = YES;
				IPHONEOS_DEPLOYMENT_TARGET = 9.0;
				MTL_ENABLE_DEBUG_INFO = YES;
				ONLY_ACTIVE_ARCH = YES;
				SDKROOT = iphoneos;
			};
			name = Debug;
		};
		06EF8CF01D8CE2F7009FB227 /* Release */ = {
			isa = XCBuildConfiguration;
			buildSettings = {
				ALWAYS_SEARCH_USER_PATHS = NO;
				CLANG_ANALYZER_NONNULL = YES;
				CLANG_CXX_LANGUAGE_STANDARD = "gnu++0x";
				CLANG_CXX_LIBRARY = "libc++";
				CLANG_ENABLE_MODULES = YES;
				CLANG_ENABLE_OBJC_ARC = YES;
				CLANG_WARN_BOOL_CONVERSION = YES;
				CLANG_WARN_CONSTANT_CONVERSION = YES;
				CLANG_WARN_DIRECT_OBJC_ISA_USAGE = YES_ERROR;
				CLANG_WARN_DOCUMENTATION_COMMENTS = YES;
				CLANG_WARN_EMPTY_BODY = YES;
				CLANG_WARN_ENUM_CONVERSION = YES;
				CLANG_WARN_INFINITE_RECURSION = YES;
				CLANG_WARN_INT_CONVERSION = YES;
				CLANG_WARN_OBJC_ROOT_CLASS = YES_ERROR;
				CLANG_WARN_SUSPICIOUS_MOVE = YES;
				CLANG_WARN_SUSPICIOUS_MOVES = YES;
				CLANG_WARN_UNREACHABLE_CODE = YES;
				CLANG_WARN__DUPLICATE_METHOD_MATCH = YES;
				"CODE_SIGN_IDENTITY[sdk=iphoneos*]" = "iPhone Developer";
				COPY_PHASE_STRIP = NO;
				DEBUG_INFORMATION_FORMAT = "dwarf-with-dsym";
				DEFINES_MODULE = YES;
				ENABLE_NS_ASSERTIONS = NO;
				ENABLE_STRICT_OBJC_MSGSEND = YES;
				GCC_C_LANGUAGE_STANDARD = gnu99;
				GCC_NO_COMMON_BLOCKS = YES;
				GCC_WARN_64_TO_32_BIT_CONVERSION = YES;
				GCC_WARN_ABOUT_RETURN_TYPE = YES_ERROR;
				GCC_WARN_UNDECLARED_SELECTOR = YES;
				GCC_WARN_UNINITIALIZED_AUTOS = YES_AGGRESSIVE;
				GCC_WARN_UNUSED_FUNCTION = YES;
				GCC_WARN_UNUSED_VARIABLE = YES;
				IPHONEOS_DEPLOYMENT_TARGET = 9.0;
				MTL_ENABLE_DEBUG_INFO = NO;
				SDKROOT = iphoneos;
				VALIDATE_PRODUCT = YES;
			};
			name = Release;
		};
/* End XCBuildConfiguration section */

/* Begin XCConfigurationList section */
		0618A2951D8CF4EE0013A191 /* Build configuration list for PBXNativeTarget "AIComponentKit" */ = {
			isa = XCConfigurationList;
			buildConfigurations = (
				0618A2961D8CF4EE0013A191 /* Debug */,
				0618A2971D8CF4EE0013A191 /* Release */,
			);
			defaultConfigurationIsVisible = 0;
			defaultConfigurationName = Release;
		};
		0618A2981D8CF4EE0013A191 /* Build configuration list for PBXNativeTarget "AIComponentKitTests" */ = {
			isa = XCConfigurationList;
			buildConfigurations = (
				0618A2991D8CF4EE0013A191 /* Debug */,
				0618A29A1D8CF4EE0013A191 /* Release */,
			);
			defaultConfigurationIsVisible = 0;
			defaultConfigurationName = Release;
		};
		06EF8CE31D8CE2F6009FB227 /* Build configuration list for PBXProject "AIComponentKit" */ = {
			isa = XCConfigurationList;
			buildConfigurations = (
				06EF8CEF1D8CE2F7009FB227 /* Debug */,
				06EF8CF01D8CE2F7009FB227 /* Release */,
			);
			defaultConfigurationIsVisible = 0;
			defaultConfigurationName = Release;
		};
/* End XCConfigurationList section */
	};
	rootObject = 06EF8CE01D8CE2F6009FB227 /* Project object */;
}
