// !$*UTF8*$!
{
	archiveVersion = 1;
	classes = {
	};
	objectVersion = 46;
	objects = {

/* Begin PBXBuildFile section */
		062778EF1E00ECDA0047B1E1 /* AIComponentKit.framework in Frameworks */ = {isa = PBXBuildFile; fileRef = 062778EE1E00ECDA0047B1E1 /* AIComponentKit.framework */; };
		062778F01E00ECDA0047B1E1 /* AIComponentKit.framework in Embed Frameworks */ = {isa = PBXBuildFile; fileRef = 062778EE1E00ECDA0047B1E1 /* AIComponentKit.framework */; settings = {ATTRIBUTES = (CodeSignOnCopy, RemoveHeadersOnCopy, ); }; };
		0680ED1C1E00F3F300732883 /* arrow_down.png in Resources */ = {isa = PBXBuildFile; fileRef = 0680ECE91E00F3F300732883 /* arrow_down.png */; };
		0680ED1D1E00F3F300732883 /* arrow_up.png in Resources */ = {isa = PBXBuildFile; fileRef = 0680ECEA1E00F3F300732883 /* arrow_up.png */; };
		0680ED1E1E00F3F300732883 /* back.png in Resources */ = {isa = PBXBuildFile; fileRef = 0680ECEB1E00F3F300732883 /* back.png */; };
		0680ED1F1E00F3F300732883 /* backB.png in Resources */ = {isa = PBXBuildFile; fileRef = 0680ECEC1E00F3F300732883 /* backB.png */; };
		0680ED201E00F3F300732883 /* background.png in Resources */ = {isa = PBXBuildFile; fileRef = 0680ECED1E00F3F300732883 /* background.png */; };
		0680ED211E00F3F300732883 /* button_purple.png in Resources */ = {isa = PBXBuildFile; fileRef = 0680ECEE1E00F3F300732883 /* button_purple.png */; };
		0680ED221E00F3F300732883 /* button_test.png in Resources */ = {isa = PBXBuildFile; fileRef = 0680ECEF1E00F3F300732883 /* button_test.png */; };
		0680ED231E00F3F300732883 /* confused.png in Resources */ = {isa = PBXBuildFile; fileRef = 0680ECF01E00F3F300732883 /* confused.png */; };
		0680ED241E00F3F300732883 /* confusedS.png in Resources */ = {isa = PBXBuildFile; fileRef = 0680ECF11E00F3F300732883 /* confusedS.png */; };
		0680ED251E00F3F300732883 /* contact.png in Resources */ = {isa = PBXBuildFile; fileRef = 0680ECF21E00F3F300732883 /* contact.png */; };
		0680ED261E00F3F300732883 /* email.png in Resources */ = {isa = PBXBuildFile; fileRef = 0680ECF31E00F3F300732883 /* email.png */; };
		0680ED271E00F3F300732883 /* Emoji_home.png in Resources */ = {isa = PBXBuildFile; fileRef = 0680ECF41E00F3F300732883 /* Emoji_home.png */; };
		0680ED281E00F3F300732883 /* emojiHome.png in Resources */ = {isa = PBXBuildFile; fileRef = 0680ECF51E00F3F300732883 /* emojiHome.png */; };
		0680ED291E00F3F300732883 /* excited.png in Resources */ = {isa = PBXBuildFile; fileRef = 0680ECF61E00F3F300732883 /* excited.png */; };
		0680ED2A1E00F3F300732883 /* excitedS.png in Resources */ = {isa = PBXBuildFile; fileRef = 0680ECF71E00F3F300732883 /* excitedS.png */; };
		0680ED2B1E00F3F300732883 /* goingCrazy.png in Resources */ = {isa = PBXBuildFile; fileRef = 0680ECF81E00F3F300732883 /* goingCrazy.png */; };
		0680ED2C1E00F3F300732883 /* goingCrazyS.png in Resources */ = {isa = PBXBuildFile; fileRef = 0680ECF91E00F3F300732883 /* goingCrazyS.png */; };
		0680ED2D1E00F3F300732883 /* good.png in Resources */ = {isa = PBXBuildFile; fileRef = 0680ECFA1E00F3F300732883 /* good.png */; };
		0680ED2E1E00F3F300732883 /* goodS.png in Resources */ = {isa = PBXBuildFile; fileRef = 0680ECFB1E00F3F300732883 /* goodS.png */; };
		0680ED2F1E00F3F300732883 /* happy.png in Resources */ = {isa = PBXBuildFile; fileRef = 0680ECFC1E00F3F300732883 /* happy.png */; };
		0680ED301E00F3F300732883 /* happyS.png in Resources */ = {isa = PBXBuildFile; fileRef = 0680ECFD1E00F3F300732883 /* happyS.png */; };
		0680ED311E00F3F300732883 /* info.png in Resources */ = {isa = PBXBuildFile; fileRef = 0680ECFE1E00F3F300732883 /* info.png */; };
		0680ED321E00F3F300732883 /* irritated.png in Resources */ = {isa = PBXBuildFile; fileRef = 0680ECFF1E00F3F300732883 /* irritated.png */; };
		0680ED331E00F3F300732883 /* irritatedS.png in Resources */ = {isa = PBXBuildFile; fileRef = 0680ED001E00F3F300732883 /* irritatedS.png */; };
		0680ED341E00F3F300732883 /* mad.png in Resources */ = {isa = PBXBuildFile; fileRef = 0680ED011E00F3F300732883 /* mad.png */; };
		0680ED351E00F3F300732883 /* madS.png in Resources */ = {isa = PBXBuildFile; fileRef = 0680ED021E00F3F300732883 /* madS.png */; };
		0680ED361E00F3F300732883 /* menu.png in Resources */ = {isa = PBXBuildFile; fileRef = 0680ED031E00F3F300732883 /* menu.png */; };
		0680ED371E00F3F300732883 /* menu2.png in Resources */ = {isa = PBXBuildFile; fileRef = 0680ED041E00F3F300732883 /* menu2.png */; };
		0680ED381E00F3F300732883 /* moodring_icon.png in Resources */ = {isa = PBXBuildFile; fileRef = 0680ED051E00F3F300732883 /* moodring_icon.png */; };
		0680ED391E00F3F300732883 /* mr_home3_0000_Layer-3-copy.png in Resources */ = {isa = PBXBuildFile; fileRef = 0680ED061E00F3F300732883 /* mr_home3_0000_Layer-3-copy.png */; };
		0680ED3A1E00F3F300732883 /* mr_home3_0001_Mood-Ring.png in Resources */ = {isa = PBXBuildFile; fileRef = 0680ED071E00F3F300732883 /* mr_home3_0001_Mood-Ring.png */; };
		0680ED3B1E00F3F300732883 /* mr_home3_0003_menu-bar.png in Resources */ = {isa = PBXBuildFile; fileRef = 0680ED081E00F3F300732883 /* mr_home3_0003_menu-bar.png */; };
		0680ED3C1E00F3F300732883 /* mr_home3_0004_Layer-21.png in Resources */ = {isa = PBXBuildFile; fileRef = 0680ED091E00F3F300732883 /* mr_home3_0004_Layer-21.png */; };
		0680ED3D1E00F3F300732883 /* mr_home3_0005_haay.png in Resources */ = {isa = PBXBuildFile; fileRef = 0680ED0A1E00F3F300732883 /* mr_home3_0005_haay.png */; };
		0680ED3E1E00F3F300732883 /* mr_home3_0007_plus.png in Resources */ = {isa = PBXBuildFile; fileRef = 0680ED0B1E00F3F300732883 /* mr_home3_0007_plus.png */; };
		0680ED3F1E00F3F300732883 /* mr_home3_0008_add-bar.png in Resources */ = {isa = PBXBuildFile; fileRef = 0680ED0C1E00F3F300732883 /* mr_home3_0008_add-bar.png */; };
		0680ED401E00F3F300732883 /* name.png in Resources */ = {isa = PBXBuildFile; fileRef = 0680ED0D1E00F3F300732883 /* name.png */; };
		0680ED411E00F3F300732883 /* refresh.png in Resources */ = {isa = PBXBuildFile; fileRef = 0680ED0E1E00F3F300732883 /* refresh.png */; };
		0680ED421E00F3F300732883 /* resources.png in Resources */ = {isa = PBXBuildFile; fileRef = 0680ED0F1E00F3F300732883 /* resources.png */; };
		0680ED431E00F3F300732883 /* sad.png in Resources */ = {isa = PBXBuildFile; fileRef = 0680ED101E00F3F300732883 /* sad.png */; };
		0680ED441E00F3F300732883 /* sadS.png in Resources */ = {isa = PBXBuildFile; fileRef = 0680ED111E00F3F300732883 /* sadS.png */; };
		0680ED451E00F3F300732883 /* save.png in Resources */ = {isa = PBXBuildFile; fileRef = 0680ED121E00F3F300732883 /* save.png */; };
		0680ED461E00F3F300732883 /* settings_purple.png in Resources */ = {isa = PBXBuildFile; fileRef = 0680ED131E00F3F300732883 /* settings_purple.png */; };
		0680ED471E00F3F300732883 /* settings.png in Resources */ = {isa = PBXBuildFile; fileRef = 0680ED141E00F3F300732883 /* settings.png */; };
		0680ED481E00F3F300732883 /* surprised_home.png in Resources */ = {isa = PBXBuildFile; fileRef = 0680ED151E00F3F300732883 /* surprised_home.png */; };
		0680ED491E00F3F300732883 /* test.png in Resources */ = {isa = PBXBuildFile; fileRef = 0680ED161E00F3F300732883 /* test.png */; };
		0680ED4A1E00F3F300732883 /* unnamed-1.png in Resources */ = {isa = PBXBuildFile; fileRef = 0680ED171E00F3F300732883 /* unnamed-1.png */; };
		0680ED4B1E00F3F300732883 /* unnamed.png in Resources */ = {isa = PBXBuildFile; fileRef = 0680ED181E00F3F300732883 /* unnamed.png */; };
		0680ED4C1E00F3F300732883 /* worried.png in Resources */ = {isa = PBXBuildFile; fileRef = 0680ED191E00F3F300732883 /* worried.png */; };
		0680ED4D1E00F3F300732883 /* worriedS.png in Resources */ = {isa = PBXBuildFile; fileRef = 0680ED1A1E00F3F300732883 /* worriedS.png */; };
		0680ED4E1E00F3F300732883 /* YR_logow.png in Resources */ = {isa = PBXBuildFile; fileRef = 0680ED1B1E00F3F300732883 /* YR_logow.png */; };
		0680ED511E01061800732883 /* util.swift in Sources */ = {isa = PBXBuildFile; fileRef = 0680ED501E01061800732883 /* util.swift */; };
		0680ED531E01273900732883 /* Screen4.swift in Sources */ = {isa = PBXBuildFile; fileRef = 0680ED521E01273900732883 /* Screen4.swift */; };
		0680ED551E01275400732883 /* Screen5.swift in Sources */ = {isa = PBXBuildFile; fileRef = 0680ED541E01275400732883 /* Screen5.swift */; };
		0680ED571E01277000732883 /* Screen6.swift in Sources */ = {isa = PBXBuildFile; fileRef = 0680ED561E01277000732883 /* Screen6.swift */; };
		06CF13251E00EA9200497221 /* AppDelegate.swift in Sources */ = {isa = PBXBuildFile; fileRef = 06CF13241E00EA9200497221 /* AppDelegate.swift */; };
		06CF13271E00EA9200497221 /* Screen3.swift in Sources */ = {isa = PBXBuildFile; fileRef = 06CF13261E00EA9200497221 /* Screen3.swift */; };
		06CF132A1E00EA9200497221 /* Main.storyboard in Resources */ = {isa = PBXBuildFile; fileRef = 06CF13281E00EA9200497221 /* Main.storyboard */; };
		06CF132C1E00EA9200497221 /* Assets.xcassets in Resources */ = {isa = PBXBuildFile; fileRef = 06CF132B1E00EA9200497221 /* Assets.xcassets */; };
		06CF132F1E00EA9200497221 /* LaunchScreen.storyboard in Resources */ = {isa = PBXBuildFile; fileRef = 06CF132D1E00EA9200497221 /* LaunchScreen.storyboard */; };
		06CF133A1E00EA9200497221 /* Mood_RingTests.swift in Sources */ = {isa = PBXBuildFile; fileRef = 06CF13391E00EA9200497221 /* Mood_RingTests.swift */; };
		06CF13451E00EA9200497221 /* Mood_RingUITests.swift in Sources */ = {isa = PBXBuildFile; fileRef = 06CF13441E00EA9200497221 /* Mood_RingUITests.swift */; };
/* End PBXBuildFile section */

/* Begin PBXContainerItemProxy section */
		06CF13361E00EA9200497221 /* PBXContainerItemProxy */ = {
			isa = PBXContainerItemProxy;
			containerPortal = 06CF13191E00EA9200497221 /* Project object */;
			proxyType = 1;
			remoteGlobalIDString = 06CF13201E00EA9200497221;
			remoteInfo = "Mood Ring";
		};
		06CF13411E00EA9200497221 /* PBXContainerItemProxy */ = {
			isa = PBXContainerItemProxy;
			containerPortal = 06CF13191E00EA9200497221 /* Project object */;
			proxyType = 1;
			remoteGlobalIDString = 06CF13201E00EA9200497221;
			remoteInfo = "Mood Ring";
		};
/* End PBXContainerItemProxy section */

/* Begin PBXCopyFilesBuildPhase section */
		062778F11E00ECDA0047B1E1 /* Embed Frameworks */ = {
			isa = PBXCopyFilesBuildPhase;
			buildActionMask = 2147483647;
			dstPath = "";
			dstSubfolderSpec = 10;
			files = (
				062778F01E00ECDA0047B1E1 /* AIComponentKit.framework in Embed Frameworks */,
			);
			name = "Embed Frameworks";
			runOnlyForDeploymentPostprocessing = 0;
		};
/* End PBXCopyFilesBuildPhase section */

/* Begin PBXFileReference section */
		062778EE1E00ECDA0047B1E1 /* AIComponentKit.framework */ = {isa = PBXFileReference; explicitFileType = wrapper.framework; path = AIComponentKit.framework; sourceTree = BUILT_PRODUCTS_DIR; };
		0680ECE91E00F3F300732883 /* arrow_down.png */ = {isa = PBXFileReference; lastKnownFileType = image.png; path = arrow_down.png; sourceTree = "<group>"; };
		0680ECEA1E00F3F300732883 /* arrow_up.png */ = {isa = PBXFileReference; lastKnownFileType = image.png; path = arrow_up.png; sourceTree = "<group>"; };
		0680ECEB1E00F3F300732883 /* back.png */ = {isa = PBXFileReference; lastKnownFileType = image.png; path = back.png; sourceTree = "<group>"; };
		0680ECEC1E00F3F300732883 /* backB.png */ = {isa = PBXFileReference; lastKnownFileType = image.png; path = backB.png; sourceTree = "<group>"; };
		0680ECED1E00F3F300732883 /* background.png */ = {isa = PBXFileReference; lastKnownFileType = image.png; path = background.png; sourceTree = "<group>"; };
		0680ECEE1E00F3F300732883 /* button_purple.png */ = {isa = PBXFileReference; lastKnownFileType = image.png; path = button_purple.png; sourceTree = "<group>"; };
		0680ECEF1E00F3F300732883 /* button_test.png */ = {isa = PBXFileReference; lastKnownFileType = image.png; path = button_test.png; sourceTree = "<group>"; };
		0680ECF01E00F3F300732883 /* confused.png */ = {isa = PBXFileReference; lastKnownFileType = image.png; path = confused.png; sourceTree = "<group>"; };
		0680ECF11E00F3F300732883 /* confusedS.png */ = {isa = PBXFileReference; lastKnownFileType = image.png; path = confusedS.png; sourceTree = "<group>"; };
		0680ECF21E00F3F300732883 /* contact.png */ = {isa = PBXFileReference; lastKnownFileType = image.png; path = contact.png; sourceTree = "<group>"; };
		0680ECF31E00F3F300732883 /* email.png */ = {isa = PBXFileReference; lastKnownFileType = image.png; path = email.png; sourceTree = "<group>"; };
		0680ECF41E00F3F300732883 /* Emoji_home.png */ = {isa = PBXFileReference; lastKnownFileType = image.png; path = Emoji_home.png; sourceTree = "<group>"; };
		0680ECF51E00F3F300732883 /* emojiHome.png */ = {isa = PBXFileReference; lastKnownFileType = image.png; path = emojiHome.png; sourceTree = "<group>"; };
		0680ECF61E00F3F300732883 /* excited.png */ = {isa = PBXFileReference; lastKnownFileType = image.png; path = excited.png; sourceTree = "<group>"; };
		0680ECF71E00F3F300732883 /* excitedS.png */ = {isa = PBXFileReference; lastKnownFileType = image.png; path = excitedS.png; sourceTree = "<group>"; };
		0680ECF81E00F3F300732883 /* goingCrazy.png */ = {isa = PBXFileReference; lastKnownFileType = image.png; path = goingCrazy.png; sourceTree = "<group>"; };
		0680ECF91E00F3F300732883 /* goingCrazyS.png */ = {isa = PBXFileReference; lastKnownFileType = image.png; path = goingCrazyS.png; sourceTree = "<group>"; };
		0680ECFA1E00F3F300732883 /* good.png */ = {isa = PBXFileReference; lastKnownFileType = image.png; path = good.png; sourceTree = "<group>"; };
		0680ECFB1E00F3F300732883 /* goodS.png */ = {isa = PBXFileReference; lastKnownFileType = image.png; path = goodS.png; sourceTree = "<group>"; };
		0680ECFC1E00F3F300732883 /* happy.png */ = {isa = PBXFileReference; lastKnownFileType = image.png; path = happy.png; sourceTree = "<group>"; };
		0680ECFD1E00F3F300732883 /* happyS.png */ = {isa = PBXFileReference; lastKnownFileType = image.png; path = happyS.png; sourceTree = "<group>"; };
		0680ECFE1E00F3F300732883 /* info.png */ = {isa = PBXFileReference; lastKnownFileType = image.png; path = info.png; sourceTree = "<group>"; };
		0680ECFF1E00F3F300732883 /* irritated.png */ = {isa = PBXFileReference; lastKnownFileType = image.png; path = irritated.png; sourceTree = "<group>"; };
		0680ED001E00F3F300732883 /* irritatedS.png */ = {isa = PBXFileReference; lastKnownFileType = image.png; path = irritatedS.png; sourceTree = "<group>"; };
		0680ED011E00F3F300732883 /* mad.png */ = {isa = PBXFileReference; lastKnownFileType = image.png; path = mad.png; sourceTree = "<group>"; };
		0680ED021E00F3F300732883 /* madS.png */ = {isa = PBXFileReference; lastKnownFileType = image.png; path = madS.png; sourceTree = "<group>"; };
		0680ED031E00F3F300732883 /* menu.png */ = {isa = PBXFileReference; lastKnownFileType = image.png; path = menu.png; sourceTree = "<group>"; };
		0680ED041E00F3F300732883 /* menu2.png */ = {isa = PBXFileReference; lastKnownFileType = image.png; path = menu2.png; sourceTree = "<group>"; };
		0680ED051E00F3F300732883 /* moodring_icon.png */ = {isa = PBXFileReference; lastKnownFileType = image.png; path = moodring_icon.png; sourceTree = "<group>"; };
		0680ED061E00F3F300732883 /* mr_home3_0000_Layer-3-copy.png */ = {isa = PBXFileReference; lastKnownFileType = image.png; path = "mr_home3_0000_Layer-3-copy.png"; sourceTree = "<group>"; };
		0680ED071E00F3F300732883 /* mr_home3_0001_Mood-Ring.png */ = {isa = PBXFileReference; lastKnownFileType = image.png; path = "mr_home3_0001_Mood-Ring.png"; sourceTree = "<group>"; };
		0680ED081E00F3F300732883 /* mr_home3_0003_menu-bar.png */ = {isa = PBXFileReference; lastKnownFileType = image.png; path = "mr_home3_0003_menu-bar.png"; sourceTree = "<group>"; };
		0680ED091E00F3F300732883 /* mr_home3_0004_Layer-21.png */ = {isa = PBXFileReference; lastKnownFileType = image.png; path = "mr_home3_0004_Layer-21.png"; sourceTree = "<group>"; };
		0680ED0A1E00F3F300732883 /* mr_home3_0005_haay.png */ = {isa = PBXFileReference; lastKnownFileType = image.png; path = mr_home3_0005_haay.png; sourceTree = "<group>"; };
		0680ED0B1E00F3F300732883 /* mr_home3_0007_plus.png */ = {isa = PBXFileReference; lastKnownFileType = image.png; path = mr_home3_0007_plus.png; sourceTree = "<group>"; };
		0680ED0C1E00F3F300732883 /* mr_home3_0008_add-bar.png */ = {isa = PBXFileReference; lastKnownFileType = image.png; path = "mr_home3_0008_add-bar.png"; sourceTree = "<group>"; };
		0680ED0D1E00F3F300732883 /* name.png */ = {isa = PBXFileReference; lastKnownFileType = image.png; path = name.png; sourceTree = "<group>"; };
		0680ED0E1E00F3F300732883 /* refresh.png */ = {isa = PBXFileReference; lastKnownFileType = image.png; path = refresh.png; sourceTree = "<group>"; };
		0680ED0F1E00F3F300732883 /* resources.png */ = {isa = PBXFileReference; lastKnownFileType = image.png; path = resources.png; sourceTree = "<group>"; };
		0680ED101E00F3F300732883 /* sad.png */ = {isa = PBXFileReference; lastKnownFileType = image.png; path = sad.png; sourceTree = "<group>"; };
		0680ED111E00F3F300732883 /* sadS.png */ = {isa = PBXFileReference; lastKnownFileType = image.png; path = sadS.png; sourceTree = "<group>"; };
		0680ED121E00F3F300732883 /* save.png */ = {isa = PBXFileReference; lastKnownFileType = image.png; path = save.png; sourceTree = "<group>"; };
		0680ED131E00F3F300732883 /* settings_purple.png */ = {isa = PBXFileReference; lastKnownFileType = image.png; path = settings_purple.png; sourceTree = "<group>"; };
		0680ED141E00F3F300732883 /* settings.png */ = {isa = PBXFileReference; lastKnownFileType = image.png; path = settings.png; sourceTree = "<group>"; };
		0680ED151E00F3F300732883 /* surprised_home.png */ = {isa = PBXFileReference; lastKnownFileType = image.png; path = surprised_home.png; sourceTree = "<group>"; };
		0680ED161E00F3F300732883 /* test.png */ = {isa = PBXFileReference; lastKnownFileType = image.png; path = test.png; sourceTree = "<group>"; };
		0680ED171E00F3F300732883 /* unnamed-1.png */ = {isa = PBXFileReference; lastKnownFileType = image.png; path = "unnamed-1.png"; sourceTree = "<group>"; };
		0680ED181E00F3F300732883 /* unnamed.png */ = {isa = PBXFileReference; lastKnownFileType = image.png; path = unnamed.png; sourceTree = "<group>"; };
		0680ED191E00F3F300732883 /* worried.png */ = {isa = PBXFileReference; lastKnownFileType = image.png; path = worried.png; sourceTree = "<group>"; };
		0680ED1A1E00F3F300732883 /* worriedS.png */ = {isa = PBXFileReference; lastKnownFileType = image.png; path = worriedS.png; sourceTree = "<group>"; };
		0680ED1B1E00F3F300732883 /* YR_logow.png */ = {isa = PBXFileReference; lastKnownFileType = image.png; path = YR_logow.png; sourceTree = "<group>"; };
		0680ED501E01061800732883 /* util.swift */ = {isa = PBXFileReference; fileEncoding = 4; lastKnownFileType = sourcecode.swift; path = util.swift; sourceTree = "<group>"; };
		0680ED521E01273900732883 /* Screen4.swift */ = {isa = PBXFileReference; fileEncoding = 4; lastKnownFileType = sourcecode.swift; path = Screen4.swift; sourceTree = "<group>"; };
		0680ED541E01275400732883 /* Screen5.swift */ = {isa = PBXFileReference; fileEncoding = 4; lastKnownFileType = sourcecode.swift; path = Screen5.swift; sourceTree = "<group>"; };
		0680ED561E01277000732883 /* Screen6.swift */ = {isa = PBXFileReference; fileEncoding = 4; lastKnownFileType = sourcecode.swift; path = Screen6.swift; sourceTree = "<group>"; };
		06CF13211E00EA9200497221 /* Mood Ring.app */ = {isa = PBXFileReference; explicitFileType = wrapper.application; includeInIndex = 0; path = "Mood Ring.app"; sourceTree = BUILT_PRODUCTS_DIR; };
		06CF13241E00EA9200497221 /* AppDelegate.swift */ = {isa = PBXFileReference; lastKnownFileType = sourcecode.swift; path = AppDelegate.swift; sourceTree = "<group>"; };
		06CF13261E00EA9200497221 /* Screen3.swift */ = {isa = PBXFileReference; lastKnownFileType = sourcecode.swift; path = Screen3.swift; sourceTree = "<group>"; };
		06CF13291E00EA9200497221 /* Base */ = {isa = PBXFileReference; lastKnownFileType = file.storyboard; name = Base; path = Base.lproj/Main.storyboard; sourceTree = "<group>"; };
		06CF132B1E00EA9200497221 /* Assets.xcassets */ = {isa = PBXFileReference; lastKnownFileType = folder.assetcatalog; path = Assets.xcassets; sourceTree = "<group>"; };
		06CF132E1E00EA9200497221 /* Base */ = {isa = PBXFileReference; lastKnownFileType = file.storyboard; name = Base; path = Base.lproj/LaunchScreen.storyboard; sourceTree = "<group>"; };
		06CF13301E00EA9200497221 /* Info.plist */ = {isa = PBXFileReference; lastKnownFileType = text.plist.xml; path = Info.plist; sourceTree = "<group>"; };
		06CF13351E00EA9200497221 /* Mood RingTests.xctest */ = {isa = PBXFileReference; explicitFileType = wrapper.cfbundle; includeInIndex = 0; path = "Mood RingTests.xctest"; sourceTree = BUILT_PRODUCTS_DIR; };
		06CF13391E00EA9200497221 /* Mood_RingTests.swift */ = {isa = PBXFileReference; lastKnownFileType = sourcecode.swift; path = Mood_RingTests.swift; sourceTree = "<group>"; };
		06CF133B1E00EA9200497221 /* Info.plist */ = {isa = PBXFileReference; lastKnownFileType = text.plist.xml; path = Info.plist; sourceTree = "<group>"; };
		06CF13401E00EA9200497221 /* Mood RingUITests.xctest */ = {isa = PBXFileReference; explicitFileType = wrapper.cfbundle; includeInIndex = 0; path = "Mood RingUITests.xctest"; sourceTree = BUILT_PRODUCTS_DIR; };
		06CF13441E00EA9200497221 /* Mood_RingUITests.swift */ = {isa = PBXFileReference; lastKnownFileType = sourcecode.swift; path = Mood_RingUITests.swift; sourceTree = "<group>"; };
		06CF13461E00EA9200497221 /* Info.plist */ = {isa = PBXFileReference; lastKnownFileType = text.plist.xml; path = Info.plist; sourceTree = "<group>"; };
/* End PBXFileReference section */

/* Begin PBXFrameworksBuildPhase section */
		06CF131E1E00EA9200497221 /* Frameworks */ = {
			isa = PBXFrameworksBuildPhase;
			buildActionMask = 2147483647;
			files = (
				062778EF1E00ECDA0047B1E1 /* AIComponentKit.framework in Frameworks */,
			);
			runOnlyForDeploymentPostprocessing = 0;
		};
		06CF13321E00EA9200497221 /* Frameworks */ = {
			isa = PBXFrameworksBuildPhase;
			buildActionMask = 2147483647;
			files = (
			);
			runOnlyForDeploymentPostprocessing = 0;
		};
		06CF133D1E00EA9200497221 /* Frameworks */ = {
			isa = PBXFrameworksBuildPhase;
			buildActionMask = 2147483647;
			files = (
			);
			runOnlyForDeploymentPostprocessing = 0;
		};
/* End PBXFrameworksBuildPhase section */

/* Begin PBXGroup section */
		062778F21E00ECE20047B1E1 /* Frameworks */ = {
			isa = PBXGroup;
			children = (
				062778EE1E00ECDA0047B1E1 /* AIComponentKit.framework */,
			);
			name = Frameworks;
			sourceTree = "<group>";
		};
		0680ED4F1E00F3FF00732883 /* assets */ = {
			isa = PBXGroup;
			children = (
				0680ECE91E00F3F300732883 /* arrow_down.png */,
				0680ECEA1E00F3F300732883 /* arrow_up.png */,
				0680ECEB1E00F3F300732883 /* back.png */,
				0680ECEC1E00F3F300732883 /* backB.png */,
				0680ECED1E00F3F300732883 /* background.png */,
				0680ECEE1E00F3F300732883 /* button_purple.png */,
				0680ECEF1E00F3F300732883 /* button_test.png */,
				0680ECF01E00F3F300732883 /* confused.png */,
				0680ECF11E00F3F300732883 /* confusedS.png */,
				0680ECF21E00F3F300732883 /* contact.png */,
				0680ECF31E00F3F300732883 /* email.png */,
				0680ECF41E00F3F300732883 /* Emoji_home.png */,
				0680ECF51E00F3F300732883 /* emojiHome.png */,
				0680ECF61E00F3F300732883 /* excited.png */,
				0680ECF71E00F3F300732883 /* excitedS.png */,
				0680ECF81E00F3F300732883 /* goingCrazy.png */,
				0680ECF91E00F3F300732883 /* goingCrazyS.png */,
				0680ECFA1E00F3F300732883 /* good.png */,
				0680ECFB1E00F3F300732883 /* goodS.png */,
				0680ECFC1E00F3F300732883 /* happy.png */,
				0680ECFD1E00F3F300732883 /* happyS.png */,
				0680ECFE1E00F3F300732883 /* info.png */,
				0680ECFF1E00F3F300732883 /* irritated.png */,
				0680ED001E00F3F300732883 /* irritatedS.png */,
				0680ED011E00F3F300732883 /* mad.png */,
				0680ED021E00F3F300732883 /* madS.png */,
				0680ED031E00F3F300732883 /* menu.png */,
				0680ED041E00F3F300732883 /* menu2.png */,
				0680ED051E00F3F300732883 /* moodring_icon.png */,
				0680ED061E00F3F300732883 /* mr_home3_0000_Layer-3-copy.png */,
				0680ED071E00F3F300732883 /* mr_home3_0001_Mood-Ring.png */,
				0680ED081E00F3F300732883 /* mr_home3_0003_menu-bar.png */,
				0680ED091E00F3F300732883 /* mr_home3_0004_Layer-21.png */,
				0680ED0A1E00F3F300732883 /* mr_home3_0005_haay.png */,
				0680ED0B1E00F3F300732883 /* mr_home3_0007_plus.png */,
				0680ED0C1E00F3F300732883 /* mr_home3_0008_add-bar.png */,
				0680ED0D1E00F3F300732883 /* name.png */,
				0680ED0E1E00F3F300732883 /* refresh.png */,
				0680ED0F1E00F3F300732883 /* resources.png */,
				0680ED101E00F3F300732883 /* sad.png */,
				0680ED111E00F3F300732883 /* sadS.png */,
				0680ED121E00F3F300732883 /* save.png */,
				0680ED131E00F3F300732883 /* settings_purple.png */,
				0680ED141E00F3F300732883 /* settings.png */,
				0680ED151E00F3F300732883 /* surprised_home.png */,
				0680ED161E00F3F300732883 /* test.png */,
				0680ED171E00F3F300732883 /* unnamed-1.png */,
				0680ED181E00F3F300732883 /* unnamed.png */,
				0680ED191E00F3F300732883 /* worried.png */,
				0680ED1A1E00F3F300732883 /* worriedS.png */,
				0680ED1B1E00F3F300732883 /* YR_logow.png */,
			);
			name = assets;
			sourceTree = "<group>";
		};
		06CF13181E00EA9200497221 = {
			isa = PBXGroup;
			children = (
				06CF13231E00EA9200497221 /* Mood Ring */,
				06CF13381E00EA9200497221 /* Mood RingTests */,
				06CF13431E00EA9200497221 /* Mood RingUITests */,
				062778F21E00ECE20047B1E1 /* Frameworks */,
				06CF13221E00EA9200497221 /* Products */,
			);
			sourceTree = "<group>";
		};
		06CF13221E00EA9200497221 /* Products */ = {
			isa = PBXGroup;
			children = (
				06CF13211E00EA9200497221 /* Mood Ring.app */,
				06CF13351E00EA9200497221 /* Mood RingTests.xctest */,
				06CF13401E00EA9200497221 /* Mood RingUITests.xctest */,
			);
			name = Products;
			sourceTree = "<group>";
		};
		06CF13231E00EA9200497221 /* Mood Ring */ = {
			isa = PBXGroup;
			children = (
				0680ED4F1E00F3FF00732883 /* assets */,
				06CF13241E00EA9200497221 /* AppDelegate.swift */,
				06CF13261E00EA9200497221 /* Screen3.swift */,
				0680ED521E01273900732883 /* Screen4.swift */,
				0680ED541E01275400732883 /* Screen5.swift */,
				0680ED561E01277000732883 /* Screen6.swift */,
				0680ED501E01061800732883 /* util.swift */,
				06CF13281E00EA9200497221 /* Main.storyboard */,
				06CF132B1E00EA9200497221 /* Assets.xcassets */,
				06CF132D1E00EA9200497221 /* LaunchScreen.storyboard */,
				06CF13301E00EA9200497221 /* Info.plist */,
			);
			path = "Mood Ring";
			sourceTree = "<group>";
		};
		06CF13381E00EA9200497221 /* Mood RingTests */ = {
			isa = PBXGroup;
			children = (
				06CF13391E00EA9200497221 /* Mood_RingTests.swift */,
				06CF133B1E00EA9200497221 /* Info.plist */,
			);
			path = "Mood RingTests";
			sourceTree = "<group>";
		};
		06CF13431E00EA9200497221 /* Mood RingUITests */ = {
			isa = PBXGroup;
			children = (
				06CF13441E00EA9200497221 /* Mood_RingUITests.swift */,
				06CF13461E00EA9200497221 /* Info.plist */,
			);
			path = "Mood RingUITests";
			sourceTree = "<group>";
		};
/* End PBXGroup section */

/* Begin PBXNativeTarget section */
		06CF13201E00EA9200497221 /* Mood Ring */ = {
			isa = PBXNativeTarget;
			buildConfigurationList = 06CF13491E00EA9200497221 /* Build configuration list for PBXNativeTarget "Mood Ring" */;
			buildPhases = (
				06CF131D1E00EA9200497221 /* Sources */,
				06CF131E1E00EA9200497221 /* Frameworks */,
				06CF131F1E00EA9200497221 /* Resources */,
				062778F11E00ECDA0047B1E1 /* Embed Frameworks */,
			);
			buildRules = (
			);
			dependencies = (
			);
			name = "Mood Ring";
			productName = "Mood Ring";
			productReference = 06CF13211E00EA9200497221 /* Mood Ring.app */;
			productType = "com.apple.product-type.application";
		};
		06CF13341E00EA9200497221 /* Mood RingTests */ = {
			isa = PBXNativeTarget;
			buildConfigurationList = 06CF134C1E00EA9200497221 /* Build configuration list for PBXNativeTarget "Mood RingTests" */;
			buildPhases = (
				06CF13311E00EA9200497221 /* Sources */,
				06CF13321E00EA9200497221 /* Frameworks */,
				06CF13331E00EA9200497221 /* Resources */,
			);
			buildRules = (
			);
			dependencies = (
				06CF13371E00EA9200497221 /* PBXTargetDependency */,
			);
			name = "Mood RingTests";
			productName = "Mood RingTests";
			productReference = 06CF13351E00EA9200497221 /* Mood RingTests.xctest */;
			productType = "com.apple.product-type.bundle.unit-test";
		};
		06CF133F1E00EA9200497221 /* Mood RingUITests */ = {
			isa = PBXNativeTarget;
			buildConfigurationList = 06CF134F1E00EA9200497221 /* Build configuration list for PBXNativeTarget "Mood RingUITests" */;
			buildPhases = (
				06CF133C1E00EA9200497221 /* Sources */,
				06CF133D1E00EA9200497221 /* Frameworks */,
				06CF133E1E00EA9200497221 /* Resources */,
			);
			buildRules = (
			);
			dependencies = (
				06CF13421E00EA9200497221 /* PBXTargetDependency */,
			);
			name = "Mood RingUITests";
			productName = "Mood RingUITests";
			productReference = 06CF13401E00EA9200497221 /* Mood RingUITests.xctest */;
			productType = "com.apple.product-type.bundle.ui-testing";
		};
/* End PBXNativeTarget section */

/* Begin PBXProject section */
		06CF13191E00EA9200497221 /* Project object */ = {
			isa = PBXProject;
			attributes = {
				LastSwiftUpdateCheck = 0820;
				LastUpgradeCheck = 0820;
				ORGANIZATIONNAME = "MIT Center for Mobile Learning";
				TargetAttributes = {
					06CF13201E00EA9200497221 = {
						CreatedOnToolsVersion = 8.2;
						ProvisioningStyle = Automatic;
					};
					06CF13341E00EA9200497221 = {
						CreatedOnToolsVersion = 8.2;
						ProvisioningStyle = Automatic;
						TestTargetID = 06CF13201E00EA9200497221;
					};
					06CF133F1E00EA9200497221 = {
						CreatedOnToolsVersion = 8.2;
						ProvisioningStyle = Automatic;
						TestTargetID = 06CF13201E00EA9200497221;
					};
				};
			};
			buildConfigurationList = 06CF131C1E00EA9200497221 /* Build configuration list for PBXProject "Mood Ring" */;
			compatibilityVersion = "Xcode 3.2";
			developmentRegion = English;
			hasScannedForEncodings = 0;
			knownRegions = (
				en,
				Base,
			);
			mainGroup = 06CF13181E00EA9200497221;
			productRefGroup = 06CF13221E00EA9200497221 /* Products */;
			projectDirPath = "";
			projectRoot = "";
			targets = (
				06CF13201E00EA9200497221 /* Mood Ring */,
				06CF13341E00EA9200497221 /* Mood RingTests */,
				06CF133F1E00EA9200497221 /* Mood RingUITests */,
			);
		};
/* End PBXProject section */

/* Begin PBXResourcesBuildPhase section */
		06CF131F1E00EA9200497221 /* Resources */ = {
			isa = PBXResourcesBuildPhase;
			buildActionMask = 2147483647;
			files = (
				0680ED431E00F3F300732883 /* sad.png in Resources */,
				0680ED351E00F3F300732883 /* madS.png in Resources */,
				0680ED2B1E00F3F300732883 /* goingCrazy.png in Resources */,
				0680ED2A1E00F3F300732883 /* excitedS.png in Resources */,
				0680ED1D1E00F3F300732883 /* arrow_up.png in Resources */,
				0680ED3D1E00F3F300732883 /* mr_home3_0005_haay.png in Resources */,
				0680ED331E00F3F300732883 /* irritatedS.png in Resources */,
				0680ED201E00F3F300732883 /* background.png in Resources */,
				06CF132F1E00EA9200497221 /* LaunchScreen.storyboard in Resources */,
				0680ED291E00F3F300732883 /* excited.png in Resources */,
				0680ED3B1E00F3F300732883 /* mr_home3_0003_menu-bar.png in Resources */,
				0680ED451E00F3F300732883 /* save.png in Resources */,
				0680ED3E1E00F3F300732883 /* mr_home3_0007_plus.png in Resources */,
				0680ED2C1E00F3F300732883 /* goingCrazyS.png in Resources */,
				0680ED4A1E00F3F300732883 /* unnamed-1.png in Resources */,
				0680ED251E00F3F300732883 /* contact.png in Resources */,
				0680ED441E00F3F300732883 /* sadS.png in Resources */,
				0680ED231E00F3F300732883 /* confused.png in Resources */,
				0680ED381E00F3F300732883 /* moodring_icon.png in Resources */,
				0680ED271E00F3F300732883 /* Emoji_home.png in Resources */,
				0680ED3C1E00F3F300732883 /* mr_home3_0004_Layer-21.png in Resources */,
				0680ED421E00F3F300732883 /* resources.png in Resources */,
				0680ED301E00F3F300732883 /* happyS.png in Resources */,
				0680ED1F1E00F3F300732883 /* backB.png in Resources */,
				0680ED261E00F3F300732883 /* email.png in Resources */,
				0680ED1E1E00F3F300732883 /* back.png in Resources */,
				0680ED4D1E00F3F300732883 /* worriedS.png in Resources */,
				0680ED241E00F3F300732883 /* confusedS.png in Resources */,
				0680ED461E00F3F300732883 /* settings_purple.png in Resources */,
				0680ED4E1E00F3F300732883 /* YR_logow.png in Resources */,
				0680ED471E00F3F300732883 /* settings.png in Resources */,
				0680ED3F1E00F3F300732883 /* mr_home3_0008_add-bar.png in Resources */,
				0680ED341E00F3F300732883 /* mad.png in Resources */,
				0680ED481E00F3F300732883 /* surprised_home.png in Resources */,
				0680ED2F1E00F3F300732883 /* happy.png in Resources */,
				0680ED321E00F3F300732883 /* irritated.png in Resources */,
				0680ED311E00F3F300732883 /* info.png in Resources */,
				0680ED391E00F3F300732883 /* mr_home3_0000_Layer-3-copy.png in Resources */,
				0680ED371E00F3F300732883 /* menu2.png in Resources */,
				0680ED2D1E00F3F300732883 /* good.png in Resources */,
				0680ED491E00F3F300732883 /* test.png in Resources */,
				0680ED211E00F3F300732883 /* button_purple.png in Resources */,
				0680ED411E00F3F300732883 /* refresh.png in Resources */,
				0680ED2E1E00F3F300732883 /* goodS.png in Resources */,
				0680ED3A1E00F3F300732883 /* mr_home3_0001_Mood-Ring.png in Resources */,
				06CF132C1E00EA9200497221 /* Assets.xcassets in Resources */,
				0680ED221E00F3F300732883 /* button_test.png in Resources */,
				0680ED361E00F3F300732883 /* menu.png in Resources */,
				0680ED4C1E00F3F300732883 /* worried.png in Resources */,
				0680ED401E00F3F300732883 /* name.png in Resources */,
				0680ED4B1E00F3F300732883 /* unnamed.png in Resources */,
				0680ED281E00F3F300732883 /* emojiHome.png in Resources */,
				06CF132A1E00EA9200497221 /* Main.storyboard in Resources */,
				0680ED1C1E00F3F300732883 /* arrow_down.png in Resources */,
			);
			runOnlyForDeploymentPostprocessing = 0;
		};
		06CF13331E00EA9200497221 /* Resources */ = {
			isa = PBXResourcesBuildPhase;
			buildActionMask = 2147483647;
			files = (
			);
			runOnlyForDeploymentPostprocessing = 0;
		};
		06CF133E1E00EA9200497221 /* Resources */ = {
			isa = PBXResourcesBuildPhase;
			buildActionMask = 2147483647;
			files = (
			);
			runOnlyForDeploymentPostprocessing = 0;
		};
/* End PBXResourcesBuildPhase section */

/* Begin PBXSourcesBuildPhase section */
		06CF131D1E00EA9200497221 /* Sources */ = {
			isa = PBXSourcesBuildPhase;
			buildActionMask = 2147483647;
			files = (
				0680ED571E01277000732883 /* Screen6.swift in Sources */,
				0680ED531E01273900732883 /* Screen4.swift in Sources */,
				0680ED551E01275400732883 /* Screen5.swift in Sources */,
				0680ED511E01061800732883 /* util.swift in Sources */,
				06CF13271E00EA9200497221 /* Screen3.swift in Sources */,
				06CF13251E00EA9200497221 /* AppDelegate.swift in Sources */,
			);
			runOnlyForDeploymentPostprocessing = 0;
		};
		06CF13311E00EA9200497221 /* Sources */ = {
			isa = PBXSourcesBuildPhase;
			buildActionMask = 2147483647;
			files = (
				06CF133A1E00EA9200497221 /* Mood_RingTests.swift in Sources */,
			);
			runOnlyForDeploymentPostprocessing = 0;
		};
		06CF133C1E00EA9200497221 /* Sources */ = {
			isa = PBXSourcesBuildPhase;
			buildActionMask = 2147483647;
			files = (
				06CF13451E00EA9200497221 /* Mood_RingUITests.swift in Sources */,
			);
			runOnlyForDeploymentPostprocessing = 0;
		};
/* End PBXSourcesBuildPhase section */

/* Begin PBXTargetDependency section */
		06CF13371E00EA9200497221 /* PBXTargetDependency */ = {
			isa = PBXTargetDependency;
			target = 06CF13201E00EA9200497221 /* Mood Ring */;
			targetProxy = 06CF13361E00EA9200497221 /* PBXContainerItemProxy */;
		};
		06CF13421E00EA9200497221 /* PBXTargetDependency */ = {
			isa = PBXTargetDependency;
			target = 06CF13201E00EA9200497221 /* Mood Ring */;
			targetProxy = 06CF13411E00EA9200497221 /* PBXContainerItemProxy */;
		};
/* End PBXTargetDependency section */

/* Begin PBXVariantGroup section */
		06CF13281E00EA9200497221 /* Main.storyboard */ = {
			isa = PBXVariantGroup;
			children = (
				06CF13291E00EA9200497221 /* Base */,
			);
			name = Main.storyboard;
			sourceTree = "<group>";
		};
		06CF132D1E00EA9200497221 /* LaunchScreen.storyboard */ = {
			isa = PBXVariantGroup;
			children = (
				06CF132E1E00EA9200497221 /* Base */,
			);
			name = LaunchScreen.storyboard;
			sourceTree = "<group>";
		};
/* End PBXVariantGroup section */

/* Begin XCBuildConfiguration section */
		06CF13471E00EA9200497221 /* Debug */ = {
			isa = XCBuildConfiguration;
			buildSettings = {
				ALWAYS_SEARCH_USER_PATHS = NO;
				CLANG_ANALYZER_NONNULL = YES;
				CLANG_CXX_LANGUAGE_STANDARD = "gnu++0x";
				CLANG_CXX_LIBRARY = "libc++";
				CLANG_ENABLE_MODULES = YES;
				CLANG_ENABLE_OBJC_ARC = YES;
				CLANG_WARN_BOOL_CONVERSION = YES;
				CLANG_WARN_CONSTANT_CONVERSION = YES;
				CLANG_WARN_DIRECT_OBJC_ISA_USAGE = YES_ERROR;
				CLANG_WARN_DOCUMENTATION_COMMENTS = YES;
				CLANG_WARN_EMPTY_BODY = YES;
				CLANG_WARN_ENUM_CONVERSION = YES;
				CLANG_WARN_INFINITE_RECURSION = YES;
				CLANG_WARN_INT_CONVERSION = YES;
				CLANG_WARN_OBJC_ROOT_CLASS = YES_ERROR;
				CLANG_WARN_SUSPICIOUS_MOVE = YES;
				CLANG_WARN_UNREACHABLE_CODE = YES;
				CLANG_WARN__DUPLICATE_METHOD_MATCH = YES;
				"CODE_SIGN_IDENTITY[sdk=iphoneos*]" = "iPhone Developer";
				COPY_PHASE_STRIP = NO;
				DEBUG_INFORMATION_FORMAT = dwarf;
				ENABLE_STRICT_OBJC_MSGSEND = YES;
				ENABLE_TESTABILITY = YES;
				GCC_C_LANGUAGE_STANDARD = gnu99;
				GCC_DYNAMIC_NO_PIC = NO;
				GCC_NO_COMMON_BLOCKS = YES;
				GCC_OPTIMIZATION_LEVEL = 0;
				GCC_PREPROCESSOR_DEFINITIONS = (
					"DEBUG=1",
					"$(inherited)",
				);
				GCC_WARN_64_TO_32_BIT_CONVERSION = YES;
				GCC_WARN_ABOUT_RETURN_TYPE = YES_ERROR;
				GCC_WARN_UNDECLARED_SELECTOR = YES;
				GCC_WARN_UNINITIALIZED_AUTOS = YES_AGGRESSIVE;
				GCC_WARN_UNUSED_FUNCTION = YES;
				GCC_WARN_UNUSED_VARIABLE = YES;
				IPHONEOS_DEPLOYMENT_TARGET = 10.2;
				MTL_ENABLE_DEBUG_INFO = YES;
				ONLY_ACTIVE_ARCH = YES;
				SDKROOT = iphoneos;
				SWIFT_ACTIVE_COMPILATION_CONDITIONS = DEBUG;
				SWIFT_OPTIMIZATION_LEVEL = "-Onone";
				TARGETED_DEVICE_FAMILY = "1,2";
			};
			name = Debug;
		};
		06CF13481E00EA9200497221 /* Release */ = {
			isa = XCBuildConfiguration;
			buildSettings = {
				ALWAYS_SEARCH_USER_PATHS = NO;
				CLANG_ANALYZER_NONNULL = YES;
				CLANG_CXX_LANGUAGE_STANDARD = "gnu++0x";
				CLANG_CXX_LIBRARY = "libc++";
				CLANG_ENABLE_MODULES = YES;
				CLANG_ENABLE_OBJC_ARC = YES;
				CLANG_WARN_BOOL_CONVERSION = YES;
				CLANG_WARN_CONSTANT_CONVERSION = YES;
				CLANG_WARN_DIRECT_OBJC_ISA_USAGE = YES_ERROR;
				CLANG_WARN_DOCUMENTATION_COMMENTS = YES;
				CLANG_WARN_EMPTY_BODY = YES;
				CLANG_WARN_ENUM_CONVERSION = YES;
				CLANG_WARN_INFINITE_RECURSION = YES;
				CLANG_WARN_INT_CONVERSION = YES;
				CLANG_WARN_OBJC_ROOT_CLASS = YES_ERROR;
				CLANG_WARN_SUSPICIOUS_MOVE = YES;
				CLANG_WARN_UNREACHABLE_CODE = YES;
				CLANG_WARN__DUPLICATE_METHOD_MATCH = YES;
				"CODE_SIGN_IDENTITY[sdk=iphoneos*]" = "iPhone Developer";
				COPY_PHASE_STRIP = NO;
				DEBUG_INFORMATION_FORMAT = "dwarf-with-dsym";
				ENABLE_NS_ASSERTIONS = NO;
				ENABLE_STRICT_OBJC_MSGSEND = YES;
				GCC_C_LANGUAGE_STANDARD = gnu99;
				GCC_NO_COMMON_BLOCKS = YES;
				GCC_WARN_64_TO_32_BIT_CONVERSION = YES;
				GCC_WARN_ABOUT_RETURN_TYPE = YES_ERROR;
				GCC_WARN_UNDECLARED_SELECTOR = YES;
				GCC_WARN_UNINITIALIZED_AUTOS = YES_AGGRESSIVE;
				GCC_WARN_UNUSED_FUNCTION = YES;
				GCC_WARN_UNUSED_VARIABLE = YES;
				IPHONEOS_DEPLOYMENT_TARGET = 10.2;
				MTL_ENABLE_DEBUG_INFO = NO;
				SDKROOT = iphoneos;
				SWIFT_OPTIMIZATION_LEVEL = "-Owholemodule";
				TARGETED_DEVICE_FAMILY = "1,2";
				VALIDATE_PRODUCT = YES;
			};
			name = Release;
		};
		06CF134A1E00EA9200497221 /* Debug */ = {
			isa = XCBuildConfiguration;
			buildSettings = {
				ASSETCATALOG_COMPILER_APPICON_NAME = AppIcon;
				CODE_SIGN_IDENTITY = "iPhone Developer";
				"FRAMEWORK_SEARCH_PATHS[sdk=iphoneos*]" = "${PROJECT_DIR}/build/Debug-iphoneos";
				"FRAMEWORK_SEARCH_PATHS[sdk=iphonesimulator*]" = "${PROJECT_DIR}/build/Debug-iphonesimulator";
				INFOPLIST_FILE = "Mood Ring/Info.plist";
				IPHONEOS_DEPLOYMENT_TARGET = 9.0;
				LD_RUNPATH_SEARCH_PATHS = "$(inherited) @executable_path/Frameworks";
				PRODUCT_BUNDLE_IDENTIFIER = "appinventor.ai-ewpatton.Mood-Ring";
				PRODUCT_NAME = "$(TARGET_NAME)";
				SWIFT_INCLUDE_PATHS = "";
				"SWIFT_INCLUDE_PATHS[sdk=iphoneos*]" = "build/Debug-iphoneos/**";
				"SWIFT_INCLUDE_PATHS[sdk=iphonesimulator*]" = "build/Debug-iphonesimulator/**";
				SWIFT_VERSION = 3.0;
			};
			name = Debug;
		};
		06CF134B1E00EA9200497221 /* Release */ = {
			isa = XCBuildConfiguration;
			buildSettings = {
				ASSETCATALOG_COMPILER_APPICON_NAME = AppIcon;
				CODE_SIGN_IDENTITY = "iPhone Distribution";
				"FRAMEWORK_SEARCH_PATHS[sdk=iphoneos*]" = "${PROJECT_DIR}/build/Release-iphoneos";
				"FRAMEWORK_SEARCH_PATHS[sdk=iphonesimulator*]" = "${PROJECT_DIR}/build/Release-iphonesimulator";
				INFOPLIST_FILE = "Mood Ring/Info.plist";
				IPHONEOS_DEPLOYMENT_TARGET = 9.0;
				LD_RUNPATH_SEARCH_PATHS = "$(inherited) @executable_path/Frameworks";
				PRODUCT_BUNDLE_IDENTIFIER = "appinventor.ai-ewpatton.Mood-Ring";
				PRODUCT_NAME = "$(TARGET_NAME)";
				"SWIFT_INCLUDE_PATHS[sdk=iphoneos*]" = "build/Release-iphoneos/**";
				"SWIFT_INCLUDE_PATHS[sdk=iphonesimulator*]" = "build/Release-iphonesimulator/**";
				SWIFT_VERSION = 3.0;
			};
			name = Release;
		};
		06CF134D1E00EA9200497221 /* Debug */ = {
			isa = XCBuildConfiguration;
			buildSettings = {
				ALWAYS_EMBED_SWIFT_STANDARD_LIBRARIES = YES;
				BUNDLE_LOADER = "$(TEST_HOST)";
				INFOPLIST_FILE = "Mood RingTests/Info.plist";
				LD_RUNPATH_SEARCH_PATHS = "$(inherited) @executable_path/Frameworks @loader_path/Frameworks";
				PRODUCT_BUNDLE_IDENTIFIER = "appinventor.ai-ewpatton.Mood-RingTests";
				PRODUCT_NAME = "$(TARGET_NAME)";
				SWIFT_VERSION = 3.0;
				TEST_HOST = "$(BUILT_PRODUCTS_DIR)/Mood Ring.app/Mood Ring";
			};
			name = Debug;
		};
		06CF134E1E00EA9200497221 /* Release */ = {
			isa = XCBuildConfiguration;
			buildSettings = {
				ALWAYS_EMBED_SWIFT_STANDARD_LIBRARIES = YES;
				BUNDLE_LOADER = "$(TEST_HOST)";
				INFOPLIST_FILE = "Mood RingTests/Info.plist";
				LD_RUNPATH_SEARCH_PATHS = "$(inherited) @executable_path/Frameworks @loader_path/Frameworks";
				PRODUCT_BUNDLE_IDENTIFIER = "appinventor.ai-ewpatton.Mood-RingTests";
				PRODUCT_NAME = "$(TARGET_NAME)";
				SWIFT_VERSION = 3.0;
				TEST_HOST = "$(BUILT_PRODUCTS_DIR)/Mood Ring.app/Mood Ring";
			};
			name = Release;
		};
		06CF13501E00EA9200497221 /* Debug */ = {
			isa = XCBuildConfiguration;
			buildSettings = {
				ALWAYS_EMBED_SWIFT_STANDARD_LIBRARIES = YES;
				INFOPLIST_FILE = "Mood RingUITests/Info.plist";
				LD_RUNPATH_SEARCH_PATHS = "$(inherited) @executable_path/Frameworks @loader_path/Frameworks";
				PRODUCT_BUNDLE_IDENTIFIER = "appinventor.ai-ewpatton.Mood-RingUITests";
				PRODUCT_NAME = "$(TARGET_NAME)";
				SWIFT_VERSION = 3.0;
				TEST_TARGET_NAME = "Mood Ring";
			};
			name = Debug;
		};
		06CF13511E00EA9200497221 /* Release */ = {
			isa = XCBuildConfiguration;
			buildSettings = {
				ALWAYS_EMBED_SWIFT_STANDARD_LIBRARIES = YES;
				INFOPLIST_FILE = "Mood RingUITests/Info.plist";
				LD_RUNPATH_SEARCH_PATHS = "$(inherited) @executable_path/Frameworks @loader_path/Frameworks";
				PRODUCT_BUNDLE_IDENTIFIER = "appinventor.ai-ewpatton.Mood-RingUITests";
				PRODUCT_NAME = "$(TARGET_NAME)";
				SWIFT_VERSION = 3.0;
				TEST_TARGET_NAME = "Mood Ring";
			};
			name = Release;
		};
/* End XCBuildConfiguration section */

/* Begin XCConfigurationList section */
		06CF131C1E00EA9200497221 /* Build configuration list for PBXProject "Mood Ring" */ = {
			isa = XCConfigurationList;
			buildConfigurations = (
				06CF13471E00EA9200497221 /* Debug */,
				06CF13481E00EA9200497221 /* Release */,
			);
			defaultConfigurationIsVisible = 0;
			defaultConfigurationName = Release;
		};
		06CF13491E00EA9200497221 /* Build configuration list for PBXNativeTarget "Mood Ring" */ = {
			isa = XCConfigurationList;
			buildConfigurations = (
				06CF134A1E00EA9200497221 /* Debug */,
				06CF134B1E00EA9200497221 /* Release */,
			);
			defaultConfigurationIsVisible = 0;
			defaultConfigurationName = Release;
		};
		06CF134C1E00EA9200497221 /* Build configuration list for PBXNativeTarget "Mood RingTests" */ = {
			isa = XCConfigurationList;
			buildConfigurations = (
				06CF134D1E00EA9200497221 /* Debug */,
				06CF134E1E00EA9200497221 /* Release */,
			);
			defaultConfigurationIsVisible = 0;
			defaultConfigurationName = Release;
		};
		06CF134F1E00EA9200497221 /* Build configuration list for PBXNativeTarget "Mood RingUITests" */ = {
			isa = XCConfigurationList;
			buildConfigurations = (
				06CF13501E00EA9200497221 /* Debug */,
				06CF13511E00EA9200497221 /* Release */,
			);
			defaultConfigurationIsVisible = 0;
			defaultConfigurationName = Release;
		};
/* End XCConfigurationList section */
	};
	rootObject = 06CF13191E00EA9200497221 /* Project object */;
}
