// !$*UTF8*$!
{
	archiveVersion = 1;
	classes = {
	};
	objectVersion = 46;
	objects = {

/* Begin PBXBuildFile section */
		062ACEF81F705CD200FA31AD /* Pods_AICompanionApp.framework in Frameworks */ = {isa = PBXBuildFile; fileRef = 062ACEF71F705CD200FA31AD /* Pods_AICompanionApp.framework */; };
		062ACEF91F705D3F00FA31AD /* CoreData.framework in Frameworks */ = {isa = PBXBuildFile; fileRef = 062ACEF31F705B5C00FA31AD /* CoreData.framework */; settings = {ATTRIBUTES = (Required, ); }; };
		062ACEFB1F705D7700FA31AD /* AIComponentKit.framework in Frameworks */ = {isa = PBXBuildFile; fileRef = 062ACEFA1F705D7700FA31AD /* AIComponentKit.framework */; };
		063D678F1FA0CEB1002E907D /* SchemeKit.framework in Frameworks */ = {isa = PBXBuildFile; fileRef = 063D678E1FA0CEB1002E907D /* SchemeKit.framework */; };
		063D67901FA0CEB1002E907D /* SchemeKit.framework in Embed Frameworks */ = {isa = PBXBuildFile; fileRef = 063D678E1FA0CEB1002E907D /* SchemeKit.framework */; settings = {ATTRIBUTES = (CodeSignOnCopy, RemoveHeadersOnCopy, ); }; };
		063D67921FA0CEB1002E907D /* AIComponentKit.framework in Frameworks */ = {isa = PBXBuildFile; fileRef = 063D67911FA0CEB1002E907D /* AIComponentKit.framework */; };
		063D67931FA0CEB1002E907D /* AIComponentKit.framework in Embed Frameworks */ = {isa = PBXBuildFile; fileRef = 063D67911FA0CEB1002E907D /* AIComponentKit.framework */; settings = {ATTRIBUTES = (CodeSignOnCopy, RemoveHeadersOnCopy, ); }; };
		06463EFC1D95956800B23DCD /* AppDelegate.swift in Sources */ = {isa = PBXBuildFile; fileRef = 06463EFB1D95956800B23DCD /* AppDelegate.swift */; };
		06463EFE1D95956800B23DCD /* ViewController.swift in Sources */ = {isa = PBXBuildFile; fileRef = 06463EFD1D95956800B23DCD /* ViewController.swift */; };
		06463F011D95956800B23DCD /* Main.storyboard in Resources */ = {isa = PBXBuildFile; fileRef = 06463EFF1D95956800B23DCD /* Main.storyboard */; };
		06463F031D95956800B23DCD /* Assets.xcassets in Resources */ = {isa = PBXBuildFile; fileRef = 06463F021D95956800B23DCD /* Assets.xcassets */; };
		06463F061D95956800B23DCD /* LaunchScreen.storyboard in Resources */ = {isa = PBXBuildFile; fileRef = 06463F041D95956800B23DCD /* LaunchScreen.storyboard */; };
		06463F111D95956800B23DCD /* AICompanionTests.swift in Sources */ = {isa = PBXBuildFile; fileRef = 06463F101D95956800B23DCD /* AICompanionTests.swift */; };
		06463F1C1D95956800B23DCD /* AICompanionUITests.swift in Sources */ = {isa = PBXBuildFile; fileRef = 06463F1B1D95956800B23DCD /* AICompanionUITests.swift */; };
		06984C3E1DBFE3D100FD4FA7 /* NSString_SHA1.m in Sources */ = {isa = PBXBuildFile; fileRef = 06984C3D1DBFE3D100FD4FA7 /* NSString_SHA1.m */; };
		06B216161DBC5F1B000B3366 /* connectwCode.png in Resources */ = {isa = PBXBuildFile; fileRef = 06B216111DBC5F1B000B3366 /* connectwCode.png */; };
		06B216171DBC5F1B000B3366 /* connectwQR.png in Resources */ = {isa = PBXBuildFile; fileRef = 06B216121DBC5F1B000B3366 /* connectwQR.png */; };
		06B216181DBC5F1B000B3366 /* Instructions.png in Resources */ = {isa = PBXBuildFile; fileRef = 06B216131DBC5F1B000B3366 /* Instructions.png */; };
		06B216191DBC5F1B000B3366 /* mooning.png in Resources */ = {isa = PBXBuildFile; fileRef = 06B216141DBC5F1B000B3366 /* mooning.png */; };
		06B2161A1DBC5F1B000B3366 /* Title.png in Resources */ = {isa = PBXBuildFile; fileRef = 06B216151DBC5F1B000B3366 /* Title.png */; };
		06B2161C1DBC7B47000B3366 /* runtime.scm in Resources */ = {isa = PBXBuildFile; fileRef = 06B2161B1DBC7B47000B3366 /* runtime.scm */; };
		312923B0097F3BD41691AB4B /* Pods_AICompanionAppUITests.framework in Frameworks */ = {isa = PBXBuildFile; fileRef = BA22D71D260E9C27E2D63CBE /* Pods_AICompanionAppUITests.framework */; };
		97F84DC2E26690BF615F6CB0 /* Pods_AICompanionAppTests.framework in Frameworks */ = {isa = PBXBuildFile; fileRef = C01449183537A983DD2DFCD9 /* Pods_AICompanionAppTests.framework */; };
		06B374871DC06FBC003888CB /* AIComponentKit.framework in Frameworks */ = {isa = PBXBuildFile; fileRef = 06B374861DC06FBC003888CB /* AIComponentKit.framework */; };
		06B374881DC06FBC003888CB /* AIComponentKit.framework in Embed Frameworks */ = {isa = PBXBuildFile; fileRef = 06B374861DC06FBC003888CB /* AIComponentKit.framework */; settings = {ATTRIBUTES = (CodeSignOnCopy, RemoveHeadersOnCopy, ); }; };
		06FFF3F81DEE773F00A80F7A /* SQLite.framework in Frameworks */ = {isa = PBXBuildFile; fileRef = 06FFF3F71DEE773F00A80F7A /* SQLite.framework */; };
		06FFF3F91DEE773F00A80F7A /* SQLite.framework in Embed Frameworks */ = {isa = PBXBuildFile; fileRef = 06FFF3F71DEE773F00A80F7A /* SQLite.framework */; settings = {ATTRIBUTES = (CodeSignOnCopy, RemoveHeadersOnCopy, ); }; };
/* End PBXBuildFile section */

/* Begin PBXContainerItemProxy section */
		06463F0D1D95956800B23DCD /* PBXContainerItemProxy */ = {
			isa = PBXContainerItemProxy;
			containerPortal = 06463EF01D95956800B23DCD /* Project object */;
			proxyType = 1;
			remoteGlobalIDString = 06463EF71D95956800B23DCD;
			remoteInfo = AICompanionApp;
		};
		06463F181D95956800B23DCD /* PBXContainerItemProxy */ = {
			isa = PBXContainerItemProxy;
			containerPortal = 06463EF01D95956800B23DCD /* Project object */;
			proxyType = 1;
			remoteGlobalIDString = 06463EF71D95956800B23DCD;
			remoteInfo = AICompanionApp;
		};
/* End PBXContainerItemProxy section */

/* Begin PBXCopyFilesBuildPhase section */
		063D67941FA0CEB2002E907D /* Embed Frameworks */ = {
			isa = PBXCopyFilesBuildPhase;
			buildActionMask = 2147483647;
			dstPath = "";
			dstSubfolderSpec = 10;
			files = (
				063D67901FA0CEB1002E907D /* SchemeKit.framework in Embed Frameworks */,
				063D67931FA0CEB1002E907D /* AIComponentKit.framework in Embed Frameworks */,
			);
			name = "Embed Frameworks";
			runOnlyForDeploymentPostprocessing = 0;
		};
/* End PBXCopyFilesBuildPhase section */

/* Begin PBXFileReference section */
		029CF71CE0370CD2A0080B44 /* Pods-AICompanionAppUITests.release.xcconfig */ = {isa = PBXFileReference; includeInIndex = 1; lastKnownFileType = text.xcconfig; name = "Pods-AICompanionAppUITests.release.xcconfig"; path = "Pods/Target Support Files/Pods-AICompanionAppUITests/Pods-AICompanionAppUITests.release.xcconfig"; sourceTree = "<group>"; };
		062ACEF31F705B5C00FA31AD /* CoreData.framework */ = {isa = PBXFileReference; lastKnownFileType = wrapper.framework; name = CoreData.framework; path = System/Library/Frameworks/CoreData.framework; sourceTree = SDKROOT; };
		062ACEF71F705CD200FA31AD /* Pods_AICompanionApp.framework */ = {isa = PBXFileReference; lastKnownFileType = wrapper.framework; name = Pods_AICompanionApp.framework; path = "../../../../../Library/Developer/Xcode/DerivedData/AIComponentKit-czkmnbdmmcqhgpfhwphanoynsffy/Build/Products/Debug-iphonesimulator/Pods_AICompanionApp.framework"; sourceTree = "<group>"; };
		062ACEFA1F705D7700FA31AD /* AIComponentKit.framework */ = {isa = PBXFileReference; lastKnownFileType = wrapper.framework; name = AIComponentKit.framework; path = "build/Debug-iphoneos/AIComponentKit.framework"; sourceTree = "<group>"; };
		063D678E1FA0CEB1002E907D /* SchemeKit.framework */ = {isa = PBXFileReference; explicitFileType = wrapper.framework; path = SchemeKit.framework; sourceTree = BUILT_PRODUCTS_DIR; };
		063D67911FA0CEB1002E907D /* AIComponentKit.framework */ = {isa = PBXFileReference; explicitFileType = wrapper.framework; path = AIComponentKit.framework; sourceTree = BUILT_PRODUCTS_DIR; };
		06463EF81D95956800B23DCD /* AICompanionApp.app */ = {isa = PBXFileReference; explicitFileType = wrapper.application; includeInIndex = 0; path = AICompanionApp.app; sourceTree = BUILT_PRODUCTS_DIR; };
		06463EFB1D95956800B23DCD /* AppDelegate.swift */ = {isa = PBXFileReference; lastKnownFileType = sourcecode.swift; path = AppDelegate.swift; sourceTree = "<group>"; };
		06463EFD1D95956800B23DCD /* ViewController.swift */ = {isa = PBXFileReference; lastKnownFileType = sourcecode.swift; path = ViewController.swift; sourceTree = "<group>"; };
		06463F001D95956800B23DCD /* Base */ = {isa = PBXFileReference; lastKnownFileType = file.storyboard; name = Base; path = Base.lproj/Main.storyboard; sourceTree = "<group>"; };
		06463F021D95956800B23DCD /* Assets.xcassets */ = {isa = PBXFileReference; lastKnownFileType = folder.assetcatalog; path = Assets.xcassets; sourceTree = "<group>"; };
		06463F051D95956800B23DCD /* Base */ = {isa = PBXFileReference; lastKnownFileType = file.storyboard; name = Base; path = Base.lproj/LaunchScreen.storyboard; sourceTree = "<group>"; };
		06463F071D95956800B23DCD /* Info.plist */ = {isa = PBXFileReference; lastKnownFileType = text.plist.xml; path = Info.plist; sourceTree = "<group>"; };
		06463F0C1D95956800B23DCD /* AICompanionAppTests.xctest */ = {isa = PBXFileReference; explicitFileType = wrapper.cfbundle; includeInIndex = 0; path = AICompanionAppTests.xctest; sourceTree = BUILT_PRODUCTS_DIR; };
		06463F101D95956800B23DCD /* AICompanionTests.swift */ = {isa = PBXFileReference; lastKnownFileType = sourcecode.swift; path = AICompanionTests.swift; sourceTree = "<group>"; };
		06463F121D95956800B23DCD /* Info.plist */ = {isa = PBXFileReference; lastKnownFileType = text.plist.xml; path = Info.plist; sourceTree = "<group>"; };
		06463F171D95956800B23DCD /* AICompanionAppUITests.xctest */ = {isa = PBXFileReference; explicitFileType = wrapper.cfbundle; includeInIndex = 0; path = AICompanionAppUITests.xctest; sourceTree = BUILT_PRODUCTS_DIR; };
		06463F1B1D95956800B23DCD /* AICompanionUITests.swift */ = {isa = PBXFileReference; lastKnownFileType = sourcecode.swift; path = AICompanionUITests.swift; sourceTree = "<group>"; };
		06463F1D1D95956800B23DCD /* Info.plist */ = {isa = PBXFileReference; lastKnownFileType = text.plist.xml; path = Info.plist; sourceTree = "<group>"; };
		06984C3C1DBFE39500FD4FA7 /* NSString_SHA1.h */ = {isa = PBXFileReference; fileEncoding = 4; lastKnownFileType = sourcecode.c.h; path = NSString_SHA1.h; sourceTree = "<group>"; };
		06984C3D1DBFE3D100FD4FA7 /* NSString_SHA1.m */ = {isa = PBXFileReference; fileEncoding = 4; lastKnownFileType = sourcecode.c.objc; path = NSString_SHA1.m; sourceTree = "<group>"; };
		06B216111DBC5F1B000B3366 /* connectwCode.png */ = {isa = PBXFileReference; lastKnownFileType = image.png; path = connectwCode.png; sourceTree = "<group>"; };
		06B216121DBC5F1B000B3366 /* connectwQR.png */ = {isa = PBXFileReference; lastKnownFileType = image.png; path = connectwQR.png; sourceTree = "<group>"; };
		06B216131DBC5F1B000B3366 /* Instructions.png */ = {isa = PBXFileReference; lastKnownFileType = image.png; path = Instructions.png; sourceTree = "<group>"; };
		06B216141DBC5F1B000B3366 /* mooning.png */ = {isa = PBXFileReference; lastKnownFileType = image.png; path = mooning.png; sourceTree = "<group>"; };
		06B216151DBC5F1B000B3366 /* Title.png */ = {isa = PBXFileReference; lastKnownFileType = image.png; path = Title.png; sourceTree = "<group>"; };
		06B2161B1DBC7B47000B3366 /* runtime.scm */ = {isa = PBXFileReference; fileEncoding = 4; lastKnownFileType = text; path = runtime.scm; sourceTree = "<group>"; };
		06B374861DC06FBC003888CB /* AIComponentKit.framework */ = {isa = PBXFileReference; explicitFileType = wrapper.framework; path = AIComponentKit.framework; sourceTree = BUILT_PRODUCTS_DIR; };
		06E353341D95A7040099BE0F /* AICompanionApp-Bridging-Header.h */ = {isa = PBXFileReference; lastKnownFileType = sourcecode.c.h; path = "AICompanionApp-Bridging-Header.h"; sourceTree = "<group>"; };
		3D0329B479305BA955F33EC1 /* Pods-AICompanionAppTests.debug.xcconfig */ = {isa = PBXFileReference; includeInIndex = 1; lastKnownFileType = text.xcconfig; name = "Pods-AICompanionAppTests.debug.xcconfig"; path = "Pods/Target Support Files/Pods-AICompanionAppTests/Pods-AICompanionAppTests.debug.xcconfig"; sourceTree = "<group>"; };
		48988B3241F275E69F533B33 /* Pods-AICompanionAppUITests.debug.xcconfig */ = {isa = PBXFileReference; includeInIndex = 1; lastKnownFileType = text.xcconfig; name = "Pods-AICompanionAppUITests.debug.xcconfig"; path = "Pods/Target Support Files/Pods-AICompanionAppUITests/Pods-AICompanionAppUITests.debug.xcconfig"; sourceTree = "<group>"; };
		52712EFD54D64AB76B9ABB68 /* Pods-AICompanionAppTests.release.xcconfig */ = {isa = PBXFileReference; includeInIndex = 1; lastKnownFileType = text.xcconfig; name = "Pods-AICompanionAppTests.release.xcconfig"; path = "Pods/Target Support Files/Pods-AICompanionAppTests/Pods-AICompanionAppTests.release.xcconfig"; sourceTree = "<group>"; };
		917EBEF8E1E3632C01B06EE1 /* Pods-AICompanionApp.debug.xcconfig */ = {isa = PBXFileReference; includeInIndex = 1; lastKnownFileType = text.xcconfig; name = "Pods-AICompanionApp.debug.xcconfig"; path = "Pods/Target Support Files/Pods-AICompanionApp/Pods-AICompanionApp.debug.xcconfig"; sourceTree = "<group>"; };
		9D09BF116318FEDD37A5C99E /* Pods_AICompanionApp.framework */ = {isa = PBXFileReference; explicitFileType = wrapper.framework; includeInIndex = 0; path = Pods_AICompanionApp.framework; sourceTree = BUILT_PRODUCTS_DIR; };
		BA22D71D260E9C27E2D63CBE /* Pods_AICompanionAppUITests.framework */ = {isa = PBXFileReference; explicitFileType = wrapper.framework; includeInIndex = 0; path = Pods_AICompanionAppUITests.framework; sourceTree = BUILT_PRODUCTS_DIR; };
		C01449183537A983DD2DFCD9 /* Pods_AICompanionAppTests.framework */ = {isa = PBXFileReference; explicitFileType = wrapper.framework; includeInIndex = 0; path = Pods_AICompanionAppTests.framework; sourceTree = BUILT_PRODUCTS_DIR; };
		FE5CAE0EE58EBC32C4E5ADFC /* Pods-AICompanionApp.release.xcconfig */ = {isa = PBXFileReference; includeInIndex = 1; lastKnownFileType = text.xcconfig; name = "Pods-AICompanionApp.release.xcconfig"; path = "Pods/Target Support Files/Pods-AICompanionApp/Pods-AICompanionApp.release.xcconfig"; sourceTree = "<group>"; };
/* End PBXFileReference section */

/* Begin PBXFrameworksBuildPhase section */
		06463EF51D95956800B23DCD /* Frameworks */ = {
			isa = PBXFrameworksBuildPhase;
			buildActionMask = 2147483647;
			files = (
				063D67921FA0CEB1002E907D /* AIComponentKit.framework in Frameworks */,
				063D678F1FA0CEB1002E907D /* SchemeKit.framework in Frameworks */,
				062ACEF91F705D3F00FA31AD /* CoreData.framework in Frameworks */,
				062ACEFB1F705D7700FA31AD /* AIComponentKit.framework in Frameworks */,
				062ACEF81F705CD200FA31AD /* Pods_AICompanionApp.framework in Frameworks */,
			);
			runOnlyForDeploymentPostprocessing = 0;
		};
		06463F091D95956800B23DCD /* Frameworks */ = {
			isa = PBXFrameworksBuildPhase;
			buildActionMask = 2147483647;
			files = (
				97F84DC2E26690BF615F6CB0 /* Pods_AICompanionAppTests.framework in Frameworks */,
			);
			runOnlyForDeploymentPostprocessing = 0;
		};
		06463F141D95956800B23DCD /* Frameworks */ = {
			isa = PBXFrameworksBuildPhase;
			buildActionMask = 2147483647;
			files = (
				312923B0097F3BD41691AB4B /* Pods_AICompanionAppUITests.framework in Frameworks */,
			);
			runOnlyForDeploymentPostprocessing = 0;
		};
/* End PBXFrameworksBuildPhase section */

/* Begin PBXGroup section */
		06463EEF1D95956800B23DCD = {
			isa = PBXGroup;
			children = (
				063D67911FA0CEB1002E907D /* AIComponentKit.framework */,
				063D678E1FA0CEB1002E907D /* SchemeKit.framework */,
				06463EFA1D95956800B23DCD /* AICompanionApp */,
				06463F0F1D95956800B23DCD /* AICompanionAppTests */,
				06463F1A1D95956800B23DCD /* AICompanionAppUITests */,
				06463EF91D95956800B23DCD /* Products */,
				06EC0A1A1D959648001CD8DC /* Frameworks */,
				9F048C59E0A8D7BC18969732 /* Pods */,
			);
			indentWidth = 2;
			sourceTree = "<group>";
			tabWidth = 2;
		};
		06463EF91D95956800B23DCD /* Products */ = {
			isa = PBXGroup;
			children = (
				06463EF81D95956800B23DCD /* AICompanionApp.app */,
				06463F0C1D95956800B23DCD /* AICompanionAppTests.xctest */,
				06463F171D95956800B23DCD /* AICompanionAppUITests.xctest */,
			);
			name = Products;
			sourceTree = "<group>";
		};
		06463EFA1D95956800B23DCD /* AICompanionApp */ = {
			isa = PBXGroup;
			children = (
				06B2161D1DBC7B4C000B3366 /* resources */,
				06463EFB1D95956800B23DCD /* AppDelegate.swift */,
				06463EFD1D95956800B23DCD /* ViewController.swift */,
				06463EFF1D95956800B23DCD /* Main.storyboard */,
				06463F021D95956800B23DCD /* Assets.xcassets */,
				06463F041D95956800B23DCD /* LaunchScreen.storyboard */,
				06463F071D95956800B23DCD /* Info.plist */,
				06E353341D95A7040099BE0F /* AICompanionApp-Bridging-Header.h */,
				06984C3C1DBFE39500FD4FA7 /* NSString_SHA1.h */,
				06984C3D1DBFE3D100FD4FA7 /* NSString_SHA1.m */,
			);
			path = AICompanionApp;
			sourceTree = "<group>";
		};
		06463F0F1D95956800B23DCD /* AICompanionAppTests */ = {
			isa = PBXGroup;
			children = (
				06463F101D95956800B23DCD /* AICompanionTests.swift */,
				06463F121D95956800B23DCD /* Info.plist */,
			);
			path = AICompanionAppTests;
			sourceTree = "<group>";
		};
		06463F1A1D95956800B23DCD /* AICompanionAppUITests */ = {
			isa = PBXGroup;
			children = (
				06463F1B1D95956800B23DCD /* AICompanionUITests.swift */,
				06463F1D1D95956800B23DCD /* Info.plist */,
			);
			path = AICompanionAppUITests;
			sourceTree = "<group>";
		};
		06B2161D1DBC7B4C000B3366 /* resources */ = {
			isa = PBXGroup;
			children = (
				06B216111DBC5F1B000B3366 /* connectwCode.png */,
				06B216121DBC5F1B000B3366 /* connectwQR.png */,
				06B216131DBC5F1B000B3366 /* Instructions.png */,
				06B216141DBC5F1B000B3366 /* mooning.png */,
				06B216151DBC5F1B000B3366 /* Title.png */,
			);
			name = resources;
			sourceTree = "<group>";
		};
		06EC0A1A1D959648001CD8DC /* Frameworks */ = {
			isa = PBXGroup;
			children = (
				062ACEFA1F705D7700FA31AD /* AIComponentKit.framework */,
				062ACEF71F705CD200FA31AD /* Pods_AICompanionApp.framework */,
				062ACEF31F705B5C00FA31AD /* CoreData.framework */,
				9D09BF116318FEDD37A5C99E /* Pods_AICompanionApp.framework */,
				C01449183537A983DD2DFCD9 /* Pods_AICompanionAppTests.framework */,
				BA22D71D260E9C27E2D63CBE /* Pods_AICompanionAppUITests.framework */,
			);
			name = Frameworks;
			sourceTree = "<group>";
		};
		9F048C59E0A8D7BC18969732 /* Pods */ = {
			isa = PBXGroup;
			children = (
				917EBEF8E1E3632C01B06EE1 /* Pods-AICompanionApp.debug.xcconfig */,
				FE5CAE0EE58EBC32C4E5ADFC /* Pods-AICompanionApp.release.xcconfig */,
				3D0329B479305BA955F33EC1 /* Pods-AICompanionAppTests.debug.xcconfig */,
				52712EFD54D64AB76B9ABB68 /* Pods-AICompanionAppTests.release.xcconfig */,
				48988B3241F275E69F533B33 /* Pods-AICompanionAppUITests.debug.xcconfig */,
				029CF71CE0370CD2A0080B44 /* Pods-AICompanionAppUITests.release.xcconfig */,
			);
			name = Pods;
			sourceTree = "<group>";
		};
/* End PBXGroup section */

/* Begin PBXNativeTarget section */
		06463EF71D95956800B23DCD /* AICompanionApp */ = {
			isa = PBXNativeTarget;
			buildConfigurationList = 06463F201D95956800B23DCD /* Build configuration list for PBXNativeTarget "AICompanionApp" */;
			buildPhases = (
				B038EE27A49C1BDC3696C49C /* [CP] Check Pods Manifest.lock */,
				06463EF41D95956800B23DCD /* Sources */,
				06463EF51D95956800B23DCD /* Frameworks */,
				06463EF61D95956800B23DCD /* Resources */,
				170B928B754926C8A96CC2CF /* [CP] Embed Pods Frameworks */,
				4DE1B4606C109E052AB0DFD6 /* [CP] Copy Pods Resources */,
				063D67941FA0CEB2002E907D /* Embed Frameworks */,
			);
			buildRules = (
			);
			dependencies = (
			);
			name = AICompanionApp;
			productName = AICompanionApp;
			productReference = 06463EF81D95956800B23DCD /* AICompanionApp.app */;
			productType = "com.apple.product-type.application";
		};
		06463F0B1D95956800B23DCD /* AICompanionAppTests */ = {
			isa = PBXNativeTarget;
			buildConfigurationList = 06463F231D95956800B23DCD /* Build configuration list for PBXNativeTarget "AICompanionAppTests" */;
			buildPhases = (
				BDB79F447D8930A2E23B7017 /* [CP] Check Pods Manifest.lock */,
				06463F081D95956800B23DCD /* Sources */,
				06463F091D95956800B23DCD /* Frameworks */,
				06463F0A1D95956800B23DCD /* Resources */,
				2026474B2825B35BA1A7AAF4 /* [CP] Embed Pods Frameworks */,
				2CE74069885B29A6B474D519 /* [CP] Copy Pods Resources */,
			);
			buildRules = (
			);
			dependencies = (
				06463F0E1D95956800B23DCD /* PBXTargetDependency */,
			);
			name = AICompanionAppTests;
			productName = AICompanionAppTests;
			productReference = 06463F0C1D95956800B23DCD /* AICompanionAppTests.xctest */;
			productType = "com.apple.product-type.bundle.unit-test";
		};
		06463F161D95956800B23DCD /* AICompanionAppUITests */ = {
			isa = PBXNativeTarget;
			buildConfigurationList = 06463F261D95956800B23DCD /* Build configuration list for PBXNativeTarget "AICompanionAppUITests" */;
			buildPhases = (
				904958BDAC31CBB8176B1939 /* [CP] Check Pods Manifest.lock */,
				06463F131D95956800B23DCD /* Sources */,
				06463F141D95956800B23DCD /* Frameworks */,
				06463F151D95956800B23DCD /* Resources */,
				B8B6B172202CBF24620D3D48 /* [CP] Embed Pods Frameworks */,
				5156321B0CBA09F26F453248 /* [CP] Copy Pods Resources */,
			);
			buildRules = (
			);
			dependencies = (
				06463F191D95956800B23DCD /* PBXTargetDependency */,
			);
			name = AICompanionAppUITests;
			productName = AICompanionAppUITests;
			productReference = 06463F171D95956800B23DCD /* AICompanionAppUITests.xctest */;
			productType = "com.apple.product-type.bundle.ui-testing";
		};
/* End PBXNativeTarget section */

/* Begin PBXProject section */
		06463EF01D95956800B23DCD /* Project object */ = {
			isa = PBXProject;
			attributes = {
				LastSwiftUpdateCheck = 0800;
				LastUpgradeCheck = 0820;
				ORGANIZATIONNAME = "MIT Center for Mobile Learning";
				TargetAttributes = {
					06463EF71D95956800B23DCD = {
						CreatedOnToolsVersion = 8.0;
						ProvisioningStyle = Manual;
					};
					06463F0B1D95956800B23DCD = {
						CreatedOnToolsVersion = 8.0;
						LastSwiftMigration = 0820;
						ProvisioningStyle = Automatic;
						TestTargetID = 06463EF71D95956800B23DCD;
					};
					06463F161D95956800B23DCD = {
						CreatedOnToolsVersion = 8.0;
						LastSwiftMigration = 0820;
						ProvisioningStyle = Automatic;
						TestTargetID = 06463EF71D95956800B23DCD;
					};
				};
			};
			buildConfigurationList = 06463EF31D95956800B23DCD /* Build configuration list for PBXProject "AICompanionApp" */;
			compatibilityVersion = "Xcode 3.2";
			developmentRegion = English;
			hasScannedForEncodings = 0;
			knownRegions = (
				en,
				Base,
			);
			mainGroup = 06463EEF1D95956800B23DCD;
			productRefGroup = 06463EF91D95956800B23DCD /* Products */;
			projectDirPath = "";
			projectRoot = "";
			targets = (
				06463EF71D95956800B23DCD /* AICompanionApp */,
				06463F0B1D95956800B23DCD /* AICompanionAppTests */,
				06463F161D95956800B23DCD /* AICompanionAppUITests */,
			);
		};
/* End PBXProject section */

/* Begin PBXResourcesBuildPhase section */
		06463EF61D95956800B23DCD /* Resources */ = {
			isa = PBXResourcesBuildPhase;
			buildActionMask = 2147483647;
			files = (
				06B216181DBC5F1B000B3366 /* Instructions.png in Resources */,
				06B216171DBC5F1B000B3366 /* connectwQR.png in Resources */,
				06463F061D95956800B23DCD /* LaunchScreen.storyboard in Resources */,
				06B216161DBC5F1B000B3366 /* connectwCode.png in Resources */,
				06B2161A1DBC5F1B000B3366 /* Title.png in Resources */,
				06B216191DBC5F1B000B3366 /* mooning.png in Resources */,
				06463F031D95956800B23DCD /* Assets.xcassets in Resources */,
				06463F011D95956800B23DCD /* Main.storyboard in Resources */,
			);
			runOnlyForDeploymentPostprocessing = 0;
		};
		06463F0A1D95956800B23DCD /* Resources */ = {
			isa = PBXResourcesBuildPhase;
			buildActionMask = 2147483647;
			files = (
			);
			runOnlyForDeploymentPostprocessing = 0;
		};
		06463F151D95956800B23DCD /* Resources */ = {
			isa = PBXResourcesBuildPhase;
			buildActionMask = 2147483647;
			files = (
			);
			runOnlyForDeploymentPostprocessing = 0;
		};
/* End PBXResourcesBuildPhase section */

/* Begin PBXShellScriptBuildPhase section */
		170B928B754926C8A96CC2CF /* [CP] Embed Pods Frameworks */ = {
			isa = PBXShellScriptBuildPhase;
			buildActionMask = 2147483647;
			files = (
			);
			inputPaths = (
				"${SRCROOT}/Pods/Target Support Files/Pods-AICompanionApp/Pods-AICompanionApp-frameworks.sh",
				"${BUILT_PRODUCTS_DIR}/Alamofire/Alamofire.framework",
				"${BUILT_PRODUCTS_DIR}/CSLinearLayoutView/CSLinearLayoutView.framework",
				"${BUILT_PRODUCTS_DIR}/GCDWebServer/GCDWebServer.framework",
				"${BUILT_PRODUCTS_DIR}/SQLite.swift/SQLite.framework",
				"${BUILT_PRODUCTS_DIR}/Toast-Swift/Toast_Swift.framework",
				"${BUILT_PRODUCTS_DIR}/ZXingObjC/ZXingObjC.framework",
			);
			name = "[CP] Embed Pods Frameworks";
			outputPaths = (
				"${TARGET_BUILD_DIR}/${FRAMEWORKS_FOLDER_PATH}/Alamofire.framework",
				"${TARGET_BUILD_DIR}/${FRAMEWORKS_FOLDER_PATH}/CSLinearLayoutView.framework",
				"${TARGET_BUILD_DIR}/${FRAMEWORKS_FOLDER_PATH}/GCDWebServer.framework",
				"${TARGET_BUILD_DIR}/${FRAMEWORKS_FOLDER_PATH}/SQLite.framework",
				"${TARGET_BUILD_DIR}/${FRAMEWORKS_FOLDER_PATH}/Toast_Swift.framework",
				"${TARGET_BUILD_DIR}/${FRAMEWORKS_FOLDER_PATH}/ZXingObjC.framework",
			);
			runOnlyForDeploymentPostprocessing = 0;
			shellPath = /bin/sh;
			shellScript = "\"${SRCROOT}/Pods/Target Support Files/Pods-AICompanionApp/Pods-AICompanionApp-frameworks.sh\"\n";
			showEnvVarsInLog = 0;
		};
		2026474B2825B35BA1A7AAF4 /* [CP] Embed Pods Frameworks */ = {
			isa = PBXShellScriptBuildPhase;
			buildActionMask = 2147483647;
			files = (
			);
			inputPaths = (
			);
			name = "[CP] Embed Pods Frameworks";
			outputPaths = (
			);
			runOnlyForDeploymentPostprocessing = 0;
			shellPath = /bin/sh;
			shellScript = "\"${SRCROOT}/Pods/Target Support Files/Pods-AICompanionAppTests/Pods-AICompanionAppTests-frameworks.sh\"\n";
			showEnvVarsInLog = 0;
		};
		2CE74069885B29A6B474D519 /* [CP] Copy Pods Resources */ = {
			isa = PBXShellScriptBuildPhase;
			buildActionMask = 2147483647;
			files = (
			);
			inputPaths = (
			);
			name = "[CP] Copy Pods Resources";
			outputPaths = (
			);
			runOnlyForDeploymentPostprocessing = 0;
			shellPath = /bin/sh;
			shellScript = "\"${SRCROOT}/Pods/Target Support Files/Pods-AICompanionAppTests/Pods-AICompanionAppTests-resources.sh\"\n";
			showEnvVarsInLog = 0;
		};
		4DE1B4606C109E052AB0DFD6 /* [CP] Copy Pods Resources */ = {
			isa = PBXShellScriptBuildPhase;
			buildActionMask = 2147483647;
			files = (
			);
			inputPaths = (
			);
			name = "[CP] Copy Pods Resources";
			outputPaths = (
			);
			runOnlyForDeploymentPostprocessing = 0;
			shellPath = /bin/sh;
			shellScript = "\"${SRCROOT}/Pods/Target Support Files/Pods-AICompanionApp/Pods-AICompanionApp-resources.sh\"\n";
			showEnvVarsInLog = 0;
		};
		5156321B0CBA09F26F453248 /* [CP] Copy Pods Resources */ = {
			isa = PBXShellScriptBuildPhase;
			buildActionMask = 2147483647;
			files = (
			);
			inputPaths = (
			);
			name = "[CP] Copy Pods Resources";
			outputPaths = (
			);
			runOnlyForDeploymentPostprocessing = 0;
			shellPath = /bin/sh;
			shellScript = "\"${SRCROOT}/Pods/Target Support Files/Pods-AICompanionAppUITests/Pods-AICompanionAppUITests-resources.sh\"\n";
			showEnvVarsInLog = 0;
		};
		904958BDAC31CBB8176B1939 /* [CP] Check Pods Manifest.lock */ = {
			isa = PBXShellScriptBuildPhase;
			buildActionMask = 2147483647;
			files = (
			);
			inputPaths = (
				"${PODS_PODFILE_DIR_PATH}/Podfile.lock",
				"${PODS_ROOT}/Manifest.lock",
			);
			name = "[CP] Check Pods Manifest.lock";
			outputPaths = (
				"$(DERIVED_FILE_DIR)/Pods-AICompanionAppUITests-checkManifestLockResult.txt",
			);
			runOnlyForDeploymentPostprocessing = 0;
			shellPath = /bin/sh;
			shellScript = "diff \"${PODS_PODFILE_DIR_PATH}/Podfile.lock\" \"${PODS_ROOT}/Manifest.lock\" > /dev/null\nif [ $? != 0 ] ; then\n    # print error to STDERR\n    echo \"error: The sandbox is not in sync with the Podfile.lock. Run 'pod install' or update your CocoaPods installation.\" >&2\n    exit 1\nfi\n# This output is used by Xcode 'outputs' to avoid re-running this script phase.\necho \"SUCCESS\" > \"${SCRIPT_OUTPUT_FILE_0}\"\n";
			showEnvVarsInLog = 0;
		};
		B038EE27A49C1BDC3696C49C /* [CP] Check Pods Manifest.lock */ = {
			isa = PBXShellScriptBuildPhase;
			buildActionMask = 2147483647;
			files = (
			);
			inputPaths = (
				"${PODS_PODFILE_DIR_PATH}/Podfile.lock",
				"${PODS_ROOT}/Manifest.lock",
			);
			name = "[CP] Check Pods Manifest.lock";
			outputPaths = (
				"$(DERIVED_FILE_DIR)/Pods-AICompanionApp-checkManifestLockResult.txt",
			);
			runOnlyForDeploymentPostprocessing = 0;
			shellPath = /bin/sh;
			shellScript = "diff \"${PODS_PODFILE_DIR_PATH}/Podfile.lock\" \"${PODS_ROOT}/Manifest.lock\" > /dev/null\nif [ $? != 0 ] ; then\n    # print error to STDERR\n    echo \"error: The sandbox is not in sync with the Podfile.lock. Run 'pod install' or update your CocoaPods installation.\" >&2\n    exit 1\nfi\n# This output is used by Xcode 'outputs' to avoid re-running this script phase.\necho \"SUCCESS\" > \"${SCRIPT_OUTPUT_FILE_0}\"\n";
			showEnvVarsInLog = 0;
		};
		B8B6B172202CBF24620D3D48 /* [CP] Embed Pods Frameworks */ = {
			isa = PBXShellScriptBuildPhase;
			buildActionMask = 2147483647;
			files = (
			);
			inputPaths = (
			);
			name = "[CP] Embed Pods Frameworks";
			outputPaths = (
			);
			runOnlyForDeploymentPostprocessing = 0;
			shellPath = /bin/sh;
			shellScript = "\"${SRCROOT}/Pods/Target Support Files/Pods-AICompanionAppUITests/Pods-AICompanionAppUITests-frameworks.sh\"\n";
			showEnvVarsInLog = 0;
		};
		BDB79F447D8930A2E23B7017 /* [CP] Check Pods Manifest.lock */ = {
			isa = PBXShellScriptBuildPhase;
			buildActionMask = 2147483647;
			files = (
			);
			inputPaths = (
				"${PODS_PODFILE_DIR_PATH}/Podfile.lock",
				"${PODS_ROOT}/Manifest.lock",
			);
			name = "[CP] Check Pods Manifest.lock";
			outputPaths = (
				"$(DERIVED_FILE_DIR)/Pods-AICompanionAppTests-checkManifestLockResult.txt",
			);
			runOnlyForDeploymentPostprocessing = 0;
			shellPath = /bin/sh;
			shellScript = "diff \"${PODS_PODFILE_DIR_PATH}/Podfile.lock\" \"${PODS_ROOT}/Manifest.lock\" > /dev/null\nif [ $? != 0 ] ; then\n    # print error to STDERR\n    echo \"error: The sandbox is not in sync with the Podfile.lock. Run 'pod install' or update your CocoaPods installation.\" >&2\n    exit 1\nfi\n# This output is used by Xcode 'outputs' to avoid re-running this script phase.\necho \"SUCCESS\" > \"${SCRIPT_OUTPUT_FILE_0}\"\n";
			showEnvVarsInLog = 0;
		};
/* End PBXShellScriptBuildPhase section */

/* Begin PBXSourcesBuildPhase section */
		06463EF41D95956800B23DCD /* Sources */ = {
			isa = PBXSourcesBuildPhase;
			buildActionMask = 2147483647;
			files = (
				06463EFE1D95956800B23DCD /* ViewController.swift in Sources */,
				06984C3E1DBFE3D100FD4FA7 /* NSString_SHA1.m in Sources */,
				06463EFC1D95956800B23DCD /* AppDelegate.swift in Sources */,
			);
			runOnlyForDeploymentPostprocessing = 0;
		};
		06463F081D95956800B23DCD /* Sources */ = {
			isa = PBXSourcesBuildPhase;
			buildActionMask = 2147483647;
			files = (
				06463F111D95956800B23DCD /* AICompanionTests.swift in Sources */,
			);
			runOnlyForDeploymentPostprocessing = 0;
		};
		06463F131D95956800B23DCD /* Sources */ = {
			isa = PBXSourcesBuildPhase;
			buildActionMask = 2147483647;
			files = (
				06463F1C1D95956800B23DCD /* AICompanionUITests.swift in Sources */,
			);
			runOnlyForDeploymentPostprocessing = 0;
		};
/* End PBXSourcesBuildPhase section */

/* Begin PBXTargetDependency section */
		06463F0E1D95956800B23DCD /* PBXTargetDependency */ = {
			isa = PBXTargetDependency;
			target = 06463EF71D95956800B23DCD /* AICompanionApp */;
			targetProxy = 06463F0D1D95956800B23DCD /* PBXContainerItemProxy */;
		};
		06463F191D95956800B23DCD /* PBXTargetDependency */ = {
			isa = PBXTargetDependency;
			target = 06463EF71D95956800B23DCD /* AICompanionApp */;
			targetProxy = 06463F181D95956800B23DCD /* PBXContainerItemProxy */;
		};
/* End PBXTargetDependency section */

/* Begin PBXVariantGroup section */
		06463EFF1D95956800B23DCD /* Main.storyboard */ = {
			isa = PBXVariantGroup;
			children = (
				06463F001D95956800B23DCD /* Base */,
			);
			name = Main.storyboard;
			sourceTree = "<group>";
		};
		06463F041D95956800B23DCD /* LaunchScreen.storyboard */ = {
			isa = PBXVariantGroup;
			children = (
				06463F051D95956800B23DCD /* Base */,
			);
			name = LaunchScreen.storyboard;
			sourceTree = "<group>";
		};
/* End PBXVariantGroup section */

/* Begin XCBuildConfiguration section */
		06463F1E1D95956800B23DCD /* Debug */ = {
			isa = XCBuildConfiguration;
			buildSettings = {
				ALWAYS_SEARCH_USER_PATHS = NO;
				CLANG_ANALYZER_NONNULL = YES;
				CLANG_CXX_LANGUAGE_STANDARD = "gnu++0x";
				CLANG_CXX_LIBRARY = "libc++";
				CLANG_ENABLE_MODULES = YES;
				CLANG_ENABLE_OBJC_ARC = YES;
				CLANG_WARN_BOOL_CONVERSION = YES;
				CLANG_WARN_CONSTANT_CONVERSION = YES;
				CLANG_WARN_DIRECT_OBJC_ISA_USAGE = YES_ERROR;
				CLANG_WARN_DOCUMENTATION_COMMENTS = YES;
				CLANG_WARN_EMPTY_BODY = YES;
				CLANG_WARN_ENUM_CONVERSION = YES;
				CLANG_WARN_INFINITE_RECURSION = YES;
				CLANG_WARN_INT_CONVERSION = YES;
				CLANG_WARN_OBJC_ROOT_CLASS = YES_ERROR;
				CLANG_WARN_SUSPICIOUS_MOVE = YES;
				CLANG_WARN_SUSPICIOUS_MOVES = YES;
				CLANG_WARN_UNREACHABLE_CODE = YES;
				CLANG_WARN__DUPLICATE_METHOD_MATCH = YES;
				"CODE_SIGN_IDENTITY[sdk=iphoneos*]" = "iPhone Developer";
				COPY_PHASE_STRIP = NO;
				DEBUG_INFORMATION_FORMAT = dwarf;
				ENABLE_STRICT_OBJC_MSGSEND = YES;
				ENABLE_TESTABILITY = YES;
				FRAMEWORK_SEARCH_PATHS = "${PROJECT_DIR}/**";
				GCC_C_LANGUAGE_STANDARD = gnu99;
				GCC_DYNAMIC_NO_PIC = NO;
				GCC_NO_COMMON_BLOCKS = YES;
				GCC_OPTIMIZATION_LEVEL = 0;
				GCC_PREPROCESSOR_DEFINITIONS = (
					"DEBUG=1",
					"$(inherited)",
				);
				GCC_WARN_64_TO_32_BIT_CONVERSION = YES;
				GCC_WARN_ABOUT_RETURN_TYPE = YES_ERROR;
				GCC_WARN_UNDECLARED_SELECTOR = YES;
				GCC_WARN_UNINITIALIZED_AUTOS = YES_AGGRESSIVE;
				GCC_WARN_UNUSED_FUNCTION = YES;
				GCC_WARN_UNUSED_VARIABLE = YES;
				IPHONEOS_DEPLOYMENT_TARGET = 9.0;
				MTL_ENABLE_DEBUG_INFO = YES;
				ONLY_ACTIVE_ARCH = YES;
				SDKROOT = iphoneos;
				SWIFT_ACTIVE_COMPILATION_CONDITIONS = DEBUG;
				SWIFT_OPTIMIZATION_LEVEL = "-Onone";
			};
			name = Debug;
		};
		06463F1F1D95956800B23DCD /* Release */ = {
			isa = XCBuildConfiguration;
			buildSettings = {
				ALWAYS_SEARCH_USER_PATHS = NO;
				CLANG_ANALYZER_NONNULL = YES;
				CLANG_CXX_LANGUAGE_STANDARD = "gnu++0x";
				CLANG_CXX_LIBRARY = "libc++";
				CLANG_ENABLE_MODULES = YES;
				CLANG_ENABLE_OBJC_ARC = YES;
				CLANG_WARN_BOOL_CONVERSION = YES;
				CLANG_WARN_CONSTANT_CONVERSION = YES;
				CLANG_WARN_DIRECT_OBJC_ISA_USAGE = YES_ERROR;
				CLANG_WARN_DOCUMENTATION_COMMENTS = YES;
				CLANG_WARN_EMPTY_BODY = YES;
				CLANG_WARN_ENUM_CONVERSION = YES;
				CLANG_WARN_INFINITE_RECURSION = YES;
				CLANG_WARN_INT_CONVERSION = YES;
				CLANG_WARN_OBJC_ROOT_CLASS = YES_ERROR;
				CLANG_WARN_SUSPICIOUS_MOVE = YES;
				CLANG_WARN_SUSPICIOUS_MOVES = YES;
				CLANG_WARN_UNREACHABLE_CODE = YES;
				CLANG_WARN__DUPLICATE_METHOD_MATCH = YES;
				"CODE_SIGN_IDENTITY[sdk=iphoneos*]" = "iPhone Developer";
				COPY_PHASE_STRIP = NO;
				DEBUG_INFORMATION_FORMAT = "dwarf-with-dsym";
				ENABLE_NS_ASSERTIONS = NO;
				ENABLE_STRICT_OBJC_MSGSEND = YES;
				FRAMEWORK_SEARCH_PATHS = "${PROJECT_DIR}/**";
				GCC_C_LANGUAGE_STANDARD = gnu99;
				GCC_NO_COMMON_BLOCKS = YES;
				GCC_WARN_64_TO_32_BIT_CONVERSION = YES;
				GCC_WARN_ABOUT_RETURN_TYPE = YES_ERROR;
				GCC_WARN_UNDECLARED_SELECTOR = YES;
				GCC_WARN_UNINITIALIZED_AUTOS = YES_AGGRESSIVE;
				GCC_WARN_UNUSED_FUNCTION = YES;
				GCC_WARN_UNUSED_VARIABLE = YES;
				IPHONEOS_DEPLOYMENT_TARGET = 9.0;
				MTL_ENABLE_DEBUG_INFO = NO;
				SDKROOT = iphoneos;
				SWIFT_OPTIMIZATION_LEVEL = "-Owholemodule";
				VALIDATE_PRODUCT = YES;
			};
			name = Release;
		};
		06463F211D95956800B23DCD /* Debug */ = {
			isa = XCBuildConfiguration;
			baseConfigurationReference = 917EBEF8E1E3632C01B06EE1 /* Pods-AICompanionApp.debug.xcconfig */;
			buildSettings = {
				ASSETCATALOG_COMPILER_APPICON_NAME = AppIcon;
				EMBEDDED_CONTENT_CONTAINS_SWIFT = YES;
				FRAMEWORK_SEARCH_PATHS = (
					"$(inherited)",
					"$(PROJECT_DIR)/build/Debug-iphoneos",
				);
				INFOPLIST_FILE = AICompanionApp/Info.plist;
				IPHONEOS_DEPLOYMENT_TARGET = 9.0;
				LD_RUNPATH_SEARCH_PATHS = "$(inherited) @executable_path/Frameworks";
				PRODUCT_BUNDLE_IDENTIFIER = com.evanpatton.aicompanion4;
				PRODUCT_NAME = "$(TARGET_NAME)";
				PROVISIONING_PROFILE = "8dce2dde-e782-4bb5-bf14-3bfe698a2e30";
				PROVISIONING_PROFILE_SPECIFIER = "AI2 Companion dev";
				SWIFT_VERSION = 3.0;
				TARGETED_DEVICE_FAMILY = "1,2";
			};
			name = Debug;
		};
		06463F221D95956800B23DCD /* Release */ = {
			isa = XCBuildConfiguration;
			baseConfigurationReference = FE5CAE0EE58EBC32C4E5ADFC /* Pods-AICompanionApp.release.xcconfig */;
			buildSettings = {
				ASSETCATALOG_COMPILER_APPICON_NAME = AppIcon;
				"CODE_SIGN_IDENTITY[sdk=iphoneos*]" = "iPhone Distribution";
				EMBEDDED_CONTENT_CONTAINS_SWIFT = YES;
				FRAMEWORK_SEARCH_PATHS = (
					"$(inherited)",
					"$(PROJECT_DIR)/build/Debug-iphoneos",
				);
				INFOPLIST_FILE = AICompanionApp/Info.plist;
				IPHONEOS_DEPLOYMENT_TARGET = 9.0;
				LD_RUNPATH_SEARCH_PATHS = "$(inherited) @executable_path/Frameworks";
				PRODUCT_BUNDLE_IDENTIFIER = com.evanpatton.aicompanion4;
				PRODUCT_NAME = "$(TARGET_NAME)";
				PROVISIONING_PROFILE = "c4a86093-da70-476a-900d-e205d22333e3";
				PROVISIONING_PROFILE_SPECIFIER = "AI2 Companion Dist";
				SWIFT_VERSION = 3.0;
				TARGETED_DEVICE_FAMILY = "1,2";
			};
			name = Release;
		};
		06463F241D95956800B23DCD /* Debug */ = {
			isa = XCBuildConfiguration;
			baseConfigurationReference = 3D0329B479305BA955F33EC1 /* Pods-AICompanionAppTests.debug.xcconfig */;
			buildSettings = {
				ALWAYS_EMBED_SWIFT_STANDARD_LIBRARIES = YES;
				BUNDLE_LOADER = "$(TEST_HOST)";
				INFOPLIST_FILE = AICompanionAppTests/Info.plist;
				LD_RUNPATH_SEARCH_PATHS = "$(inherited) @executable_path/Frameworks @loader_path/Frameworks";
				PRODUCT_BUNDLE_IDENTIFIER = edu.mit.appinventor.aicompanion3Tests;
				PRODUCT_NAME = "$(TARGET_NAME)";
				SWIFT_VERSION = 3.0;
				TEST_HOST = "$(BUILT_PRODUCTS_DIR)/AICompanionApp.app/AICompanionApp";
			};
			name = Debug;
		};
		06463F251D95956800B23DCD /* Release */ = {
			isa = XCBuildConfiguration;
			baseConfigurationReference = 52712EFD54D64AB76B9ABB68 /* Pods-AICompanionAppTests.release.xcconfig */;
			buildSettings = {
				ALWAYS_EMBED_SWIFT_STANDARD_LIBRARIES = YES;
				BUNDLE_LOADER = "$(TEST_HOST)";
				INFOPLIST_FILE = AICompanionAppTests/Info.plist;
				LD_RUNPATH_SEARCH_PATHS = "$(inherited) @executable_path/Frameworks @loader_path/Frameworks";
				PRODUCT_BUNDLE_IDENTIFIER = edu.mit.appinventor.aicompanion3Tests;
				PRODUCT_NAME = "$(TARGET_NAME)";
				SWIFT_VERSION = 3.0;
				TEST_HOST = "$(BUILT_PRODUCTS_DIR)/AICompanionApp.app/AICompanionApp";
			};
			name = Release;
		};
		06463F271D95956800B23DCD /* Debug */ = {
			isa = XCBuildConfiguration;
			baseConfigurationReference = 48988B3241F275E69F533B33 /* Pods-AICompanionAppUITests.debug.xcconfig */;
			buildSettings = {
				ALWAYS_EMBED_SWIFT_STANDARD_LIBRARIES = YES;
				INFOPLIST_FILE = AICompanionAppUITests/Info.plist;
				LD_RUNPATH_SEARCH_PATHS = "$(inherited) @executable_path/Frameworks @loader_path/Frameworks";
				PRODUCT_BUNDLE_IDENTIFIER = edu.mit.appinventor.aicompanion3UITests;
				PRODUCT_NAME = "$(TARGET_NAME)";
				SWIFT_VERSION = 3.0;
				TEST_TARGET_NAME = AICompanionApp;
			};
			name = Debug;
		};
		06463F281D95956800B23DCD /* Release */ = {
			isa = XCBuildConfiguration;
			baseConfigurationReference = 029CF71CE0370CD2A0080B44 /* Pods-AICompanionAppUITests.release.xcconfig */;
			buildSettings = {
				ALWAYS_EMBED_SWIFT_STANDARD_LIBRARIES = YES;
				INFOPLIST_FILE = AICompanionAppUITests/Info.plist;
				LD_RUNPATH_SEARCH_PATHS = "$(inherited) @executable_path/Frameworks @loader_path/Frameworks";
				PRODUCT_BUNDLE_IDENTIFIER = edu.mit.appinventor.aicompanion3UITests;
				PRODUCT_NAME = "$(TARGET_NAME)";
				SWIFT_VERSION = 3.0;
				TEST_TARGET_NAME = AICompanionApp;
			};
			name = Release;
		};
/* End XCBuildConfiguration section */

/* Begin XCConfigurationList section */
		06463EF31D95956800B23DCD /* Build configuration list for PBXProject "AICompanionApp" */ = {
			isa = XCConfigurationList;
			buildConfigurations = (
				06463F1E1D95956800B23DCD /* Debug */,
				06463F1F1D95956800B23DCD /* Release */,
			);
			defaultConfigurationIsVisible = 0;
			defaultConfigurationName = Release;
		};
		06463F201D95956800B23DCD /* Build configuration list for PBXNativeTarget "AICompanionApp" */ = {
			isa = XCConfigurationList;
			buildConfigurations = (
				06463F211D95956800B23DCD /* Debug */,
				06463F221D95956800B23DCD /* Release */,
			);
			defaultConfigurationIsVisible = 0;
			defaultConfigurationName = Release;
		};
		06463F231D95956800B23DCD /* Build configuration list for PBXNativeTarget "AICompanionAppTests" */ = {
			isa = XCConfigurationList;
			buildConfigurations = (
				06463F241D95956800B23DCD /* Debug */,
				06463F251D95956800B23DCD /* Release */,
			);
			defaultConfigurationIsVisible = 0;
			defaultConfigurationName = Release;
		};
		06463F261D95956800B23DCD /* Build configuration list for PBXNativeTarget "AICompanionAppUITests" */ = {
			isa = XCConfigurationList;
			buildConfigurations = (
				06463F271D95956800B23DCD /* Debug */,
				06463F281D95956800B23DCD /* Release */,
			);
			defaultConfigurationIsVisible = 0;
			defaultConfigurationName = Release;
		};
/* End XCConfigurationList section */
	};
	rootObject = 06463EF01D95956800B23DCD /* Project object */;
}
