PODS:
  - GCDWebServer (3.3.3):
    - GCDWebServer/Core (= 3.3.3)
  - GCDWebServer/Core (3.3.3)
  - ZXingObjC (3.2.0):
    - ZXingObjC/All (= 3.2.0)
  - ZXingObjC/All (3.2.0)

DEPENDENCIES:
  - GCDWebServer (~> 3.0)
  - ZXingObjC (from `https://github.com/TheLevelUp/ZXingObjC.git`, commit `fa2f046`)

EXTERNAL SOURCES:
  ZXingObjC:
    :commit: fa2f046
    :git: https://github.com/TheLevelUp/ZXingObjC.git

CHECKOUT OPTIONS:
  ZXingObjC:
    :commit: fa2f046
    :git: https://github.com/TheLevelUp/ZXingObjC.git

SPEC CHECKSUMS:
  GCDWebServer: 1c39a1f0763e4eb492bee021e4270fce097d3555
  ZXingObjC: e586c17a941af870aeaf2cdd156ba628c206f54c

PODFILE CHECKSUM: c164a211d6820f0ee3fe42506038d49ea2c67600

COCOAPODS: 1.1.1
