// !$*UTF8*$!
{
	archiveVersion = 1;
	classes = {
	};
	objectVersion = 46;
	objects = {

/* Begin PBXBuildFile section */
		060E3B041DB5F02F00C4A9F1 /* kitty.png in Resources */ = {isa = PBXBuildFile; fileRef = 060E3B021DB5F02F00C4A9F1 /* kitty.png */; };
		060E3B051DB5F02F00C4A9F1 /* meow.mp3 in Resources */ = {isa = PBXBuildFile; fileRef = 060E3B031DB5F02F00C4A9F1 /* meow.mp3 */; };
		06463EFC1D95956800B23DCD /* AppDelegate.swift in Sources */ = {isa = PBXBuildFile; fileRef = 06463EFB1D95956800B23DCD /* AppDelegate.swift */; };
		06463EFE1D95956800B23DCD /* ViewController.swift in Sources */ = {isa = PBXBuildFile; fileRef = 06463EFD1D95956800B23DCD /* ViewController.swift */; };
		06463F011D95956800B23DCD /* Main.storyboard in Resources */ = {isa = PBXBuildFile; fileRef = 06463EFF1D95956800B23DCD /* Main.storyboard */; };
		06463F031D95956800B23DCD /* Assets.xcassets in Resources */ = {isa = PBXBuildFile; fileRef = 06463F021D95956800B23DCD /* Assets.xcassets */; };
		06463F061D95956800B23DCD /* LaunchScreen.storyboard in Resources */ = {isa = PBXBuildFile; fileRef = 06463F041D95956800B23DCD /* LaunchScreen.storyboard */; };
		06463F111D95956800B23DCD /* AICompanionTests.swift in Sources */ = {isa = PBXBuildFile; fileRef = 06463F101D95956800B23DCD /* AICompanionTests.swift */; };
		06463F1C1D95956800B23DCD /* AICompanionUITests.swift in Sources */ = {isa = PBXBuildFile; fileRef = 06463F1B1D95956800B23DCD /* AICompanionUITests.swift */; };
		06C84C841DB55A3600FC897D /* AIComponentKit.framework in Frameworks */ = {isa = PBXBuildFile; fileRef = 06C84C821DB559A900FC897D /* AIComponentKit.framework */; };
		06C84C851DB55A3600FC897D /* AIComponentKit.framework in Embed Frameworks */ = {isa = PBXBuildFile; fileRef = 06C84C821DB559A900FC897D /* AIComponentKit.framework */; settings = {ATTRIBUTES = (CodeSignOnCopy, RemoveHeadersOnCopy, ); }; };
		06C91B701DB53972002DE645 /* GCDWebServer.framework in Frameworks */ = {isa = PBXBuildFile; fileRef = 06AC1CDC1DB5393B00A59EB3 /* GCDWebServer.framework */; };
		06C91B711DB53972002DE645 /* GCDWebServer.framework in Embed Frameworks */ = {isa = PBXBuildFile; fileRef = 06AC1CDC1DB5393B00A59EB3 /* GCDWebServer.framework */; settings = {ATTRIBUTES = (CodeSignOnCopy, RemoveHeadersOnCopy, ); }; };
		06C91B721DB53972002DE645 /* ZXingObjC.framework in Frameworks */ = {isa = PBXBuildFile; fileRef = 06AC1CDA1DB5393300A59EB3 /* ZXingObjC.framework */; };
		06C91B731DB53972002DE645 /* ZXingObjC.framework in Embed Frameworks */ = {isa = PBXBuildFile; fileRef = 06AC1CDA1DB5393300A59EB3 /* ZXingObjC.framework */; settings = {ATTRIBUTES = (CodeSignOnCopy, RemoveHeadersOnCopy, ); }; };
		06C91B741DB53972002DE645 /* SchemeKit.framework in Frameworks */ = {isa = PBXBuildFile; fileRef = 06AC1CD81DB5370900A59EB3 /* SchemeKit.framework */; };
		06C91B751DB53972002DE645 /* SchemeKit.framework in Embed Frameworks */ = {isa = PBXBuildFile; fileRef = 06AC1CD81DB5370900A59EB3 /* SchemeKit.framework */; settings = {ATTRIBUTES = (CodeSignOnCopy, RemoveHeadersOnCopy, ); }; };
		06E3534F1D95B2BD0099BE0F /* TestObj.m in Sources */ = {isa = PBXBuildFile; fileRef = 06E3534E1D95B2BD0099BE0F /* TestObj.m */; };
/* End PBXBuildFile section */

/* Begin PBXContainerItemProxy section */
		06463F0D1D95956800B23DCD /* PBXContainerItemProxy */ = {
			isa = PBXContainerItemProxy;
			containerPortal = 06463EF01D95956800B23DCD /* Project object */;
			proxyType = 1;
			remoteGlobalIDString = 06463EF71D95956800B23DCD;
			remoteInfo = AICompanionApp;
		};
		06463F181D95956800B23DCD /* PBXContainerItemProxy */ = {
			isa = PBXContainerItemProxy;
			containerPortal = 06463EF01D95956800B23DCD /* Project object */;
			proxyType = 1;
			remoteGlobalIDString = 06463EF71D95956800B23DCD;
			remoteInfo = AICompanionApp;
		};
/* End PBXContainerItemProxy section */

/* Begin PBXCopyFilesBuildPhase section */
		06C91B781DB53972002DE645 /* Embed Frameworks */ = {
			isa = PBXCopyFilesBuildPhase;
			buildActionMask = 2147483647;
			dstPath = "";
			dstSubfolderSpec = 10;
			files = (
				06C91B711DB53972002DE645 /* GCDWebServer.framework in Embed Frameworks */,
				06C84C851DB55A3600FC897D /* AIComponentKit.framework in Embed Frameworks */,
				06C91B731DB53972002DE645 /* ZXingObjC.framework in Embed Frameworks */,
				06C91B751DB53972002DE645 /* SchemeKit.framework in Embed Frameworks */,
			);
			name = "Embed Frameworks";
			runOnlyForDeploymentPostprocessing = 0;
		};
/* End PBXCopyFilesBuildPhase section */

/* Begin PBXFileReference section */
		060E3B021DB5F02F00C4A9F1 /* kitty.png */ = {isa = PBXFileReference; lastKnownFileType = image.png; path = kitty.png; sourceTree = "<group>"; };
		060E3B031DB5F02F00C4A9F1 /* meow.mp3 */ = {isa = PBXFileReference; lastKnownFileType = audio.mp3; path = meow.mp3; sourceTree = "<group>"; };
		06463EF81D95956800B23DCD /* AICompanionApp.app */ = {isa = PBXFileReference; explicitFileType = wrapper.application; includeInIndex = 0; path = AICompanionApp.app; sourceTree = BUILT_PRODUCTS_DIR; };
		06463EFB1D95956800B23DCD /* AppDelegate.swift */ = {isa = PBXFileReference; lastKnownFileType = sourcecode.swift; path = AppDelegate.swift; sourceTree = "<group>"; };
		06463EFD1D95956800B23DCD /* ViewController.swift */ = {isa = PBXFileReference; lastKnownFileType = sourcecode.swift; path = ViewController.swift; sourceTree = "<group>"; };
		06463F001D95956800B23DCD /* Base */ = {isa = PBXFileReference; lastKnownFileType = file.storyboard; name = Base; path = Base.lproj/Main.storyboard; sourceTree = "<group>"; };
		06463F021D95956800B23DCD /* Assets.xcassets */ = {isa = PBXFileReference; lastKnownFileType = folder.assetcatalog; path = Assets.xcassets; sourceTree = "<group>"; };
		06463F051D95956800B23DCD /* Base */ = {isa = PBXFileReference; lastKnownFileType = file.storyboard; name = Base; path = Base.lproj/LaunchScreen.storyboard; sourceTree = "<group>"; };
		06463F071D95956800B23DCD /* Info.plist */ = {isa = PBXFileReference; lastKnownFileType = text.plist.xml; path = Info.plist; sourceTree = "<group>"; };
		06463F0C1D95956800B23DCD /* AICompanionTests.xctest */ = {isa = PBXFileReference; explicitFileType = wrapper.cfbundle; includeInIndex = 0; name = AICompanionTests.xctest; path = AICompanionAppTests.xctest; sourceTree = BUILT_PRODUCTS_DIR; };
		06463F101D95956800B23DCD /* AICompanionTests.swift */ = {isa = PBXFileReference; lastKnownFileType = sourcecode.swift; path = AICompanionTests.swift; sourceTree = "<group>"; };
		06463F121D95956800B23DCD /* Info.plist */ = {isa = PBXFileReference; lastKnownFileType = text.plist.xml; path = Info.plist; sourceTree = "<group>"; };
		06463F171D95956800B23DCD /* AICompanionUITests.xctest */ = {isa = PBXFileReference; explicitFileType = wrapper.cfbundle; includeInIndex = 0; name = AICompanionUITests.xctest; path = AICompanionAppUITests.xctest; sourceTree = BUILT_PRODUCTS_DIR; };
		06463F1B1D95956800B23DCD /* AICompanionUITests.swift */ = {isa = PBXFileReference; lastKnownFileType = sourcecode.swift; path = AICompanionUITests.swift; sourceTree = "<group>"; };
		06463F1D1D95956800B23DCD /* Info.plist */ = {isa = PBXFileReference; lastKnownFileType = text.plist.xml; path = Info.plist; sourceTree = "<group>"; };
		06AC1CD81DB5370900A59EB3 /* SchemeKit.framework */ = {isa = PBXFileReference; lastKnownFileType = wrapper.framework; path = SchemeKit.framework; sourceTree = "<group>"; };
		06AC1CDA1DB5393300A59EB3 /* ZXingObjC.framework */ = {isa = PBXFileReference; lastKnownFileType = wrapper.framework; path = ZXingObjC.framework; sourceTree = "<group>"; };
		06AC1CDC1DB5393B00A59EB3 /* GCDWebServer.framework */ = {isa = PBXFileReference; lastKnownFileType = wrapper.framework; path = GCDWebServer.framework; sourceTree = "<group>"; };
		06C84C821DB559A900FC897D /* AIComponentKit.framework */ = {isa = PBXFileReference; lastKnownFileType = wrapper.framework; path = AIComponentKit.framework; sourceTree = "<group>"; };
		06E353341D95A7040099BE0F /* AICompanionApp-Bridging-Header.h */ = {isa = PBXFileReference; lastKnownFileType = sourcecode.c.h; path = "AICompanionApp-Bridging-Header.h"; sourceTree = "<group>"; };
		06E3534E1D95B2BD0099BE0F /* TestObj.m */ = {isa = PBXFileReference; fileEncoding = 4; lastKnownFileType = sourcecode.c.objc; path = TestObj.m; sourceTree = "<group>"; };
		06E353501D95B2F20099BE0F /* TestObj.h */ = {isa = PBXFileReference; lastKnownFileType = sourcecode.c.h; path = TestObj.h; sourceTree = "<group>"; };
/* End PBXFileReference section */

/* Begin PBXFrameworksBuildPhase section */
		06463EF51D95956800B23DCD /* Frameworks */ = {
			isa = PBXFrameworksBuildPhase;
			buildActionMask = 2147483647;
			files = (
				06C91B701DB53972002DE645 /* GCDWebServer.framework in Frameworks */,
				06C84C841DB55A3600FC897D /* AIComponentKit.framework in Frameworks */,
				06C91B721DB53972002DE645 /* ZXingObjC.framework in Frameworks */,
				06C91B741DB53972002DE645 /* SchemeKit.framework in Frameworks */,
			);
			runOnlyForDeploymentPostprocessing = 0;
		};
		06463F091D95956800B23DCD /* Frameworks */ = {
			isa = PBXFrameworksBuildPhase;
			buildActionMask = 2147483647;
			files = (
			);
			runOnlyForDeploymentPostprocessing = 0;
		};
		06463F141D95956800B23DCD /* Frameworks */ = {
			isa = PBXFrameworksBuildPhase;
			buildActionMask = 2147483647;
			files = (
			);
			runOnlyForDeploymentPostprocessing = 0;
		};
/* End PBXFrameworksBuildPhase section */

/* Begin PBXGroup section */
		06463EEF1D95956800B23DCD = {
			isa = PBXGroup;
			children = (
				06463EFA1D95956800B23DCD /* AICompanionApp */,
				06463F0F1D95956800B23DCD /* AICompanionAppTests */,
				06463F1A1D95956800B23DCD /* AICompanionAppUITests */,
				06463EF91D95956800B23DCD /* Products */,
				06EC0A1A1D959648001CD8DC /* Frameworks */,
			);
			sourceTree = "<group>";
		};
		06463EF91D95956800B23DCD /* Products */ = {
			isa = PBXGroup;
			children = (
				06463EF81D95956800B23DCD /* AICompanionApp.app */,
				06463F0C1D95956800B23DCD /* AICompanionTests.xctest */,
				06463F171D95956800B23DCD /* AICompanionUITests.xctest */,
			);
			name = Products;
			sourceTree = "<group>";
		};
		06463EFA1D95956800B23DCD /* AICompanionApp */ = {
			isa = PBXGroup;
			children = (
				060E3B021DB5F02F00C4A9F1 /* kitty.png */,
				060E3B031DB5F02F00C4A9F1 /* meow.mp3 */,
				06463EFB1D95956800B23DCD /* AppDelegate.swift */,
				06463EFD1D95956800B23DCD /* ViewController.swift */,
				06463EFF1D95956800B23DCD /* Main.storyboard */,
				06463F021D95956800B23DCD /* Assets.xcassets */,
				06463F041D95956800B23DCD /* LaunchScreen.storyboard */,
				06463F071D95956800B23DCD /* Info.plist */,
				06E353341D95A7040099BE0F /* AICompanionApp-Bridging-Header.h */,
				06E353501D95B2F20099BE0F /* TestObj.h */,
				06E3534E1D95B2BD0099BE0F /* TestObj.m */,
			);
			path = AICompanionApp;
			sourceTree = "<group>";
		};
		06463F0F1D95956800B23DCD /* AICompanionAppTests */ = {
			isa = PBXGroup;
			children = (
				06463F101D95956800B23DCD /* AICompanionTests.swift */,
				06463F121D95956800B23DCD /* Info.plist */,
			);
			path = AICompanionAppTests;
			sourceTree = "<group>";
		};
		06463F1A1D95956800B23DCD /* AICompanionAppUITests */ = {
			isa = PBXGroup;
			children = (
				06463F1B1D95956800B23DCD /* AICompanionUITests.swift */,
				06463F1D1D95956800B23DCD /* Info.plist */,
			);
			path = AICompanionAppUITests;
			sourceTree = "<group>";
		};
		06EC0A1A1D959648001CD8DC /* Frameworks */ = {
			isa = PBXGroup;
			children = (
				06C84C821DB559A900FC897D /* AIComponentKit.framework */,
				06AC1CDC1DB5393B00A59EB3 /* GCDWebServer.framework */,
				06AC1CDA1DB5393300A59EB3 /* ZXingObjC.framework */,
				06AC1CD81DB5370900A59EB3 /* SchemeKit.framework */,
			);
			name = Frameworks;
			sourceTree = "<group>";
		};
/* End PBXGroup section */

/* Begin PBXNativeTarget section */
		06463EF71D95956800B23DCD /* AICompanionApp */ = {
			isa = PBXNativeTarget;
			buildConfigurationList = 06463F201D95956800B23DCD /* Build configuration list for PBXNativeTarget "AICompanionApp" */;
			buildPhases = (
				06463EF41D95956800B23DCD /* Sources */,
				06463EF51D95956800B23DCD /* Frameworks */,
				06463EF61D95956800B23DCD /* Resources */,
				06C91B781DB53972002DE645 /* Embed Frameworks */,
			);
			buildRules = (
			);
			dependencies = (
			);
			name = AICompanionApp;
			productName = AICompanionApp;
			productReference = 06463EF81D95956800B23DCD /* AICompanionApp.app */;
			productType = "com.apple.product-type.application";
		};
		06463F0B1D95956800B23DCD /* AICompanionAppTests */ = {
			isa = PBXNativeTarget;
			buildConfigurationList = 06463F231D95956800B23DCD /* Build configuration list for PBXNativeTarget "AICompanionAppTests" */;
			buildPhases = (
				06463F081D95956800B23DCD /* Sources */,
				06463F091D95956800B23DCD /* Frameworks */,
				06463F0A1D95956800B23DCD /* Resources */,
			);
			buildRules = (
			);
			dependencies = (
				06463F0E1D95956800B23DCD /* PBXTargetDependency */,
			);
			name = AICompanionAppTests;
			productName = AICompanionAppTests;
			productReference = 06463F0C1D95956800B23DCD /* AICompanionTests.xctest */;
			productType = "com.apple.product-type.bundle.unit-test";
		};
		06463F161D95956800B23DCD /* AICompanionAppUITests */ = {
			isa = PBXNativeTarget;
			buildConfigurationList = 06463F261D95956800B23DCD /* Build configuration list for PBXNativeTarget "AICompanionAppUITests" */;
			buildPhases = (
				06463F131D95956800B23DCD /* Sources */,
				06463F141D95956800B23DCD /* Frameworks */,
				06463F151D95956800B23DCD /* Resources */,
			);
			buildRules = (
			);
			dependencies = (
				06463F191D95956800B23DCD /* PBXTargetDependency */,
			);
			name = AICompanionAppUITests;
			productName = AICompanionAppUITests;
			productReference = 06463F171D95956800B23DCD /* AICompanionUITests.xctest */;
			productType = "com.apple.product-type.bundle.ui-testing";
		};
/* End PBXNativeTarget section */

/* Begin PBXProject section */
		06463EF01D95956800B23DCD /* Project object */ = {
			isa = PBXProject;
			attributes = {
				LastSwiftUpdateCheck = 0800;
				LastUpgradeCheck = 0800;
				ORGANIZATIONNAME = "MIT Center for Mobile Learning";
				TargetAttributes = {
					06463EF71D95956800B23DCD = {
						CreatedOnToolsVersion = 8.0;
						ProvisioningStyle = Automatic;
					};
					06463F0B1D95956800B23DCD = {
						CreatedOnToolsVersion = 8.0;
						ProvisioningStyle = Automatic;
						TestTargetID = 06463EF71D95956800B23DCD;
					};
					06463F161D95956800B23DCD = {
						CreatedOnToolsVersion = 8.0;
						ProvisioningStyle = Automatic;
						TestTargetID = 06463EF71D95956800B23DCD;
					};
				};
			};
			buildConfigurationList = 06463EF31D95956800B23DCD /* Build configuration list for PBXProject "AICompanionApp" */;
			compatibilityVersion = "Xcode 3.2";
			developmentRegion = English;
			hasScannedForEncodings = 0;
			knownRegions = (
				en,
				Base,
			);
			mainGroup = 06463EEF1D95956800B23DCD;
			productRefGroup = 06463EF91D95956800B23DCD /* Products */;
			projectDirPath = "";
			projectRoot = "";
			targets = (
				06463EF71D95956800B23DCD /* AICompanionApp */,
				06463F0B1D95956800B23DCD /* AICompanionAppTests */,
				06463F161D95956800B23DCD /* AICompanionAppUITests */,
			);
		};
/* End PBXProject section */

/* Begin PBXResourcesBuildPhase section */
		06463EF61D95956800B23DCD /* Resources */ = {
			isa = PBXResourcesBuildPhase;
			buildActionMask = 2147483647;
			files = (
				06463F061D95956800B23DCD /* LaunchScreen.storyboard in Resources */,
				060E3B051DB5F02F00C4A9F1 /* meow.mp3 in Resources */,
				060E3B041DB5F02F00C4A9F1 /* kitty.png in Resources */,
				06463F031D95956800B23DCD /* Assets.xcassets in Resources */,
				06463F011D95956800B23DCD /* Main.storyboard in Resources */,
			);
			runOnlyForDeploymentPostprocessing = 0;
		};
		06463F0A1D95956800B23DCD /* Resources */ = {
			isa = PBXResourcesBuildPhase;
			buildActionMask = 2147483647;
			files = (
			);
			runOnlyForDeploymentPostprocessing = 0;
		};
		06463F151D95956800B23DCD /* Resources */ = {
			isa = PBXResourcesBuildPhase;
			buildActionMask = 2147483647;
			files = (
			);
			runOnlyForDeploymentPostprocessing = 0;
		};
/* End PBXResourcesBuildPhase section */

/* Begin PBXSourcesBuildPhase section */
		06463EF41D95956800B23DCD /* Sources */ = {
			isa = PBXSourcesBuildPhase;
			buildActionMask = 2147483647;
			files = (
				06463EFE1D95956800B23DCD /* ViewController.swift in Sources */,
				06463EFC1D95956800B23DCD /* AppDelegate.swift in Sources */,
				06E3534F1D95B2BD0099BE0F /* TestObj.m in Sources */,
			);
			runOnlyForDeploymentPostprocessing = 0;
		};
		06463F081D95956800B23DCD /* Sources */ = {
			isa = PBXSourcesBuildPhase;
			buildActionMask = 2147483647;
			files = (
				06463F111D95956800B23DCD /* AICompanionTests.swift in Sources */,
			);
			runOnlyForDeploymentPostprocessing = 0;
		};
		06463F131D95956800B23DCD /* Sources */ = {
			isa = PBXSourcesBuildPhase;
			buildActionMask = 2147483647;
			files = (
				06463F1C1D95956800B23DCD /* AICompanionUITests.swift in Sources */,
			);
			runOnlyForDeploymentPostprocessing = 0;
		};
/* End PBXSourcesBuildPhase section */

/* Begin PBXTargetDependency section */
		06463F0E1D95956800B23DCD /* PBXTargetDependency */ = {
			isa = PBXTargetDependency;
			target = 06463EF71D95956800B23DCD /* AICompanionApp */;
			targetProxy = 06463F0D1D95956800B23DCD /* PBXContainerItemProxy */;
		};
		06463F191D95956800B23DCD /* PBXTargetDependency */ = {
			isa = PBXTargetDependency;
			target = 06463EF71D95956800B23DCD /* AICompanionApp */;
			targetProxy = 06463F181D95956800B23DCD /* PBXContainerItemProxy */;
		};
/* End PBXTargetDependency section */

/* Begin PBXVariantGroup section */
		06463EFF1D95956800B23DCD /* Main.storyboard */ = {
			isa = PBXVariantGroup;
			children = (
				06463F001D95956800B23DCD /* Base */,
			);
			name = Main.storyboard;
			sourceTree = "<group>";
		};
		06463F041D95956800B23DCD /* LaunchScreen.storyboard */ = {
			isa = PBXVariantGroup;
			children = (
				06463F051D95956800B23DCD /* Base */,
			);
			name = LaunchScreen.storyboard;
			sourceTree = "<group>";
		};
/* End PBXVariantGroup section */

/* Begin XCBuildConfiguration section */
		06463F1E1D95956800B23DCD /* Debug */ = {
			isa = XCBuildConfiguration;
			buildSettings = {
				ALWAYS_SEARCH_USER_PATHS = NO;
				CLANG_ANALYZER_NONNULL = YES;
				CLANG_CXX_LANGUAGE_STANDARD = "gnu++0x";
				CLANG_CXX_LIBRARY = "libc++";
				CLANG_ENABLE_MODULES = YES;
				CLANG_ENABLE_OBJC_ARC = YES;
				CLANG_WARN_BOOL_CONVERSION = YES;
				CLANG_WARN_CONSTANT_CONVERSION = YES;
				CLANG_WARN_DIRECT_OBJC_ISA_USAGE = YES_ERROR;
				CLANG_WARN_DOCUMENTATION_COMMENTS = YES;
				CLANG_WARN_EMPTY_BODY = YES;
				CLANG_WARN_ENUM_CONVERSION = YES;
				CLANG_WARN_INFINITE_RECURSION = YES;
				CLANG_WARN_INT_CONVERSION = YES;
				CLANG_WARN_OBJC_ROOT_CLASS = YES_ERROR;
				CLANG_WARN_SUSPICIOUS_MOVES = YES;
				CLANG_WARN_UNREACHABLE_CODE = YES;
				CLANG_WARN__DUPLICATE_METHOD_MATCH = YES;
				"CODE_SIGN_IDENTITY[sdk=iphoneos*]" = "iPhone Developer";
				COPY_PHASE_STRIP = NO;
				DEBUG_INFORMATION_FORMAT = dwarf;
				ENABLE_STRICT_OBJC_MSGSEND = YES;
				ENABLE_TESTABILITY = YES;
				FRAMEWORK_SEARCH_PATHS = "${PROJECT_DIR}/**";
				GCC_C_LANGUAGE_STANDARD = gnu99;
				GCC_DYNAMIC_NO_PIC = NO;
				GCC_NO_COMMON_BLOCKS = YES;
				GCC_OPTIMIZATION_LEVEL = 0;
				GCC_PREPROCESSOR_DEFINITIONS = (
					"DEBUG=1",
					"$(inherited)",
				);
				GCC_WARN_64_TO_32_BIT_CONVERSION = YES;
				GCC_WARN_ABOUT_RETURN_TYPE = YES_ERROR;
				GCC_WARN_UNDECLARED_SELECTOR = YES;
				GCC_WARN_UNINITIALIZED_AUTOS = YES_AGGRESSIVE;
				GCC_WARN_UNUSED_FUNCTION = YES;
				GCC_WARN_UNUSED_VARIABLE = YES;
				IPHONEOS_DEPLOYMENT_TARGET = 9.0;
				MTL_ENABLE_DEBUG_INFO = YES;
				ONLY_ACTIVE_ARCH = YES;
				SDKROOT = iphoneos;
				SWIFT_ACTIVE_COMPILATION_CONDITIONS = DEBUG;
				SWIFT_OPTIMIZATION_LEVEL = "-Onone";
			};
			name = Debug;
		};
		06463F1F1D95956800B23DCD /* Release */ = {
			isa = XCBuildConfiguration;
			buildSettings = {
				ALWAYS_SEARCH_USER_PATHS = NO;
				CLANG_ANALYZER_NONNULL = YES;
				CLANG_CXX_LANGUAGE_STANDARD = "gnu++0x";
				CLANG_CXX_LIBRARY = "libc++";
				CLANG_ENABLE_MODULES = YES;
				CLANG_ENABLE_OBJC_ARC = YES;
				CLANG_WARN_BOOL_CONVERSION = YES;
				CLANG_WARN_CONSTANT_CONVERSION = YES;
				CLANG_WARN_DIRECT_OBJC_ISA_USAGE = YES_ERROR;
				CLANG_WARN_DOCUMENTATION_COMMENTS = YES;
				CLANG_WARN_EMPTY_BODY = YES;
				CLANG_WARN_ENUM_CONVERSION = YES;
				CLANG_WARN_INFINITE_RECURSION = YES;
				CLANG_WARN_INT_CONVERSION = YES;
				CLANG_WARN_OBJC_ROOT_CLASS = YES_ERROR;
				CLANG_WARN_SUSPICIOUS_MOVES = YES;
				CLANG_WARN_UNREACHABLE_CODE = YES;
				CLANG_WARN__DUPLICATE_METHOD_MATCH = YES;
				"CODE_SIGN_IDENTITY[sdk=iphoneos*]" = "iPhone Developer";
				COPY_PHASE_STRIP = NO;
				DEBUG_INFORMATION_FORMAT = "dwarf-with-dsym";
				ENABLE_NS_ASSERTIONS = NO;
				ENABLE_STRICT_OBJC_MSGSEND = YES;
				FRAMEWORK_SEARCH_PATHS = "${PROJECT_DIR}/**";
				GCC_C_LANGUAGE_STANDARD = gnu99;
				GCC_NO_COMMON_BLOCKS = YES;
				GCC_WARN_64_TO_32_BIT_CONVERSION = YES;
				GCC_WARN_ABOUT_RETURN_TYPE = YES_ERROR;
				GCC_WARN_UNDECLARED_SELECTOR = YES;
				GCC_WARN_UNINITIALIZED_AUTOS = YES_AGGRESSIVE;
				GCC_WARN_UNUSED_FUNCTION = YES;
				GCC_WARN_UNUSED_VARIABLE = YES;
				IPHONEOS_DEPLOYMENT_TARGET = 9.0;
				MTL_ENABLE_DEBUG_INFO = NO;
				SDKROOT = iphoneos;
				SWIFT_OPTIMIZATION_LEVEL = "-Owholemodule";
				VALIDATE_PRODUCT = YES;
			};
			name = Release;
		};
		06463F211D95956800B23DCD /* Debug */ = {
			isa = XCBuildConfiguration;
			buildSettings = {
				ASSETCATALOG_COMPILER_APPICON_NAME = AppIcon;
				FRAMEWORK_SEARCH_PATHS = (
					"${PROJECT_DIR}",
					"$(PROJECT_DIR)",
					"$(SRCROOT)/../build/Debug-iphonesimulator/**",
				);
				HEADER_SEARCH_PATHS = "${PROJECT_DIR}/**";
				INFOPLIST_FILE = AICompanionApp/Info.plist;
				IPHONEOS_DEPLOYMENT_TARGET = 9.0;
				LD_RUNPATH_SEARCH_PATHS = "$(inherited) @executable_path/Frameworks";
				PRODUCT_BUNDLE_IDENTIFIER = edu.mit.appinventor.aicompanion3;
				PRODUCT_NAME = "$(TARGET_NAME)";
				SWIFT_INCLUDE_PATHS = "${TARGET_BUILD_DIR}/**";
				SWIFT_OBJC_BRIDGING_HEADER = "/Users/ewpatton/Programming/mit/app-inventor-private-ios/appinventor/components-ios/AICompanionApp/AICompanionApp/AICompanionApp-Bridging-Header.h";
				SWIFT_VERSION = 3.0;
				TARGETED_DEVICE_FAMILY = 1;
			};
			name = Debug;
		};
		06463F221D95956800B23DCD /* Release */ = {
			isa = XCBuildConfiguration;
			buildSettings = {
				ASSETCATALOG_COMPILER_APPICON_NAME = AppIcon;
				FRAMEWORK_SEARCH_PATHS = (
					"${PROJECT_DIR}",
					"$(PROJECT_DIR)",
					"$(SRCROOT)/../build/Debug-iphonesimulator/**",
				);
				HEADER_SEARCH_PATHS = "${PROJECT_DIR}/**";
				INFOPLIST_FILE = AICompanionApp/Info.plist;
				IPHONEOS_DEPLOYMENT_TARGET = 9.0;
				LD_RUNPATH_SEARCH_PATHS = "$(inherited) @executable_path/Frameworks";
				PRODUCT_BUNDLE_IDENTIFIER = edu.mit.appinventor.aicompanion3;
				PRODUCT_NAME = "$(TARGET_NAME)";
				SWIFT_INCLUDE_PATHS = "${TARGET_BUILD_DIR}/**";
				SWIFT_OBJC_BRIDGING_HEADER = "/Users/ewpatton/Programming/mit/app-inventor-private-ios/appinventor/components-ios/AICompanionApp/AICompanionApp/AICompanionApp-Bridging-Header.h";
				SWIFT_VERSION = 3.0;
				TARGETED_DEVICE_FAMILY = 1;
			};
			name = Release;
		};
		06463F241D95956800B23DCD /* Debug */ = {
			isa = XCBuildConfiguration;
			buildSettings = {
				ALWAYS_EMBED_SWIFT_STANDARD_LIBRARIES = YES;
				BUNDLE_LOADER = "$(TEST_HOST)";
				INFOPLIST_FILE = AICompanionAppTests/Info.plist;
				LD_RUNPATH_SEARCH_PATHS = "$(inherited) @executable_path/Frameworks @loader_path/Frameworks";
				PRODUCT_BUNDLE_IDENTIFIER = edu.mit.appinventor.aicompanion3Tests;
				PRODUCT_NAME = "$(TARGET_NAME)";
				SWIFT_VERSION = 3.0;
				TEST_HOST = "$(BUILT_PRODUCTS_DIR)/AICompanionApp.temp_caseinsensitive_rename3.app/AICompanionApp.temp_caseinsensitive_rename3";
			};
			name = Debug;
		};
		06463F251D95956800B23DCD /* Release */ = {
			isa = XCBuildConfiguration;
			buildSettings = {
				ALWAYS_EMBED_SWIFT_STANDARD_LIBRARIES = YES;
				BUNDLE_LOADER = "$(TEST_HOST)";
				INFOPLIST_FILE = AICompanionAppTests/Info.plist;
				LD_RUNPATH_SEARCH_PATHS = "$(inherited) @executable_path/Frameworks @loader_path/Frameworks";
				PRODUCT_BUNDLE_IDENTIFIER = edu.mit.appinventor.aicompanion3Tests;
				PRODUCT_NAME = "$(TARGET_NAME)";
				SWIFT_VERSION = 3.0;
				TEST_HOST = "$(BUILT_PRODUCTS_DIR)/AICompanionApp.temp_caseinsensitive_rename3.app/AICompanionApp.temp_caseinsensitive_rename3";
			};
			name = Release;
		};
		06463F271D95956800B23DCD /* Debug */ = {
			isa = XCBuildConfiguration;
			buildSettings = {
				ALWAYS_EMBED_SWIFT_STANDARD_LIBRARIES = YES;
				INFOPLIST_FILE = AICompanionAppUITests/Info.plist;
				LD_RUNPATH_SEARCH_PATHS = "$(inherited) @executable_path/Frameworks @loader_path/Frameworks";
				PRODUCT_BUNDLE_IDENTIFIER = edu.mit.appinventor.aicompanion3UITests;
				PRODUCT_NAME = "$(TARGET_NAME)";
				SWIFT_VERSION = 3.0;
				TEST_TARGET_NAME = AICompanionApp;
			};
			name = Debug;
		};
		06463F281D95956800B23DCD /* Release */ = {
			isa = XCBuildConfiguration;
			buildSettings = {
				ALWAYS_EMBED_SWIFT_STANDARD_LIBRARIES = YES;
				INFOPLIST_FILE = AICompanionAppUITests/Info.plist;
				LD_RUNPATH_SEARCH_PATHS = "$(inherited) @executable_path/Frameworks @loader_path/Frameworks";
				PRODUCT_BUNDLE_IDENTIFIER = edu.mit.appinventor.aicompanion3UITests;
				PRODUCT_NAME = "$(TARGET_NAME)";
				SWIFT_VERSION = 3.0;
				TEST_TARGET_NAME = AICompanionApp;
			};
			name = Release;
		};
/* End XCBuildConfiguration section */

/* Begin XCConfigurationList section */
		06463EF31D95956800B23DCD /* Build configuration list for PBXProject "AICompanionApp" */ = {
			isa = XCConfigurationList;
			buildConfigurations = (
				06463F1E1D95956800B23DCD /* Debug */,
				06463F1F1D95956800B23DCD /* Release */,
			);
			defaultConfigurationIsVisible = 0;
			defaultConfigurationName = Release;
		};
		06463F201D95956800B23DCD /* Build configuration list for PBXNativeTarget "AICompanionApp" */ = {
			isa = XCConfigurationList;
			buildConfigurations = (
				06463F211D95956800B23DCD /* Debug */,
				06463F221D95956800B23DCD /* Release */,
			);
			defaultConfigurationIsVisible = 0;
			defaultConfigurationName = Release;
		};
		06463F231D95956800B23DCD /* Build configuration list for PBXNativeTarget "AICompanionAppTests" */ = {
			isa = XCConfigurationList;
			buildConfigurations = (
				06463F241D95956800B23DCD /* Debug */,
				06463F251D95956800B23DCD /* Release */,
			);
			defaultConfigurationIsVisible = 0;
			defaultConfigurationName = Release;
		};
		06463F261D95956800B23DCD /* Build configuration list for PBXNativeTarget "AICompanionAppUITests" */ = {
			isa = XCConfigurationList;
			buildConfigurations = (
				06463F271D95956800B23DCD /* Debug */,
				06463F281D95956800B23DCD /* Release */,
			);
			defaultConfigurationIsVisible = 0;
			defaultConfigurationName = Release;
		};
/* End XCConfigurationList section */
	};
	rootObject = 06463EF01D95956800B23DCD /* Project object */;
}
